// !$*UTF8*$!
{
	archiveVersion = 1;
	classes = {
	};
	objectVersion = 77;
	objects = {

/* Begin PBXBuildFile section */
		0473325F92F5258D0EFFB709 /* AppCatalogActor.swift in Sources */ = {isa = PBXBuildFile; fileRef = 5A71E63C4F81618B4309D179 /* AppCatalogActor.swift */; };
		06AE82056D84B58F1069B121 /* GridSelectionNavigator.swift in Sources */ = {isa = PBXBuildFile; fileRef = 923104603F4482D099C1A3BD /* GridSelectionNavigator.swift */; };
		076720C79CE4975D8DBFBFFC /* FolderMergeGeometry.swift in Sources */ = {isa = PBXBuildFile; fileRef = D42F69A84F543CACEA2F40F3 /* FolderMergeGeometry.swift */; };
		09D8835A3A84C41F74DC8AFC /* ResolvedLaunchpadItem.swift in Sources */ = {isa = PBXBuildFile; fileRef = B7B62A789019436B0A0D6AFD /* ResolvedLaunchpadItem.swift */; };
		0D75DFD8B3636EBE3C49B253 /* FolderGridMetrics.swift in Sources */ = {isa = PBXBuildFile; fileRef = 0D4FE193FBED9D30F9E18F22 /* FolderGridMetrics.swift */; };
		0E7BE9F258F11E32BBBDA4BC /* LauncherDragStateMachineTests.swift in Sources */ = {isa = PBXBuildFile; fileRef = 6A0316EF912435FF4406D68B /* LauncherDragStateMachineTests.swift */; };
		12244CC4613DD5D5BC183E64 /* OpenLaunchpadAgent.app in Embed Dependencies */ = {isa = PBXBuildFile; fileRef = 1F4C6FA5030C26EE56A7EA1D /* OpenLaunchpadAgent.app */; settings = {ATTRIBUTES = (CodeSignOnCopy, RemoveHeadersOnCopy, ); }; };
		15317DE43A84082B5D8F1374 /* DisplayCore.framework in Embed Frameworks */ = {isa = PBXBuildFile; fileRef = 14B080262F0D053F847C8C56 /* DisplayCore.framework */; settings = {ATTRIBUTES = (CodeSignOnCopy, RemoveHeadersOnCopy, ); }; };
		1B0BA9C755B1111664D706C4 /* LauncherLayoutDraft.swift in Sources */ = {isa = PBXBuildFile; fileRef = 443ADE5BD70008889E14D3C2 /* LauncherLayoutDraft.swift */; };
		21F1378191CE5F7511A2D664 /* GridMetrics.swift in Sources */ = {isa = PBXBuildFile; fileRef = 58E56C5EAF5E8F1588E68A9B /* GridMetrics.swift */; };
		25A728D9AB20BA136BAA71A1 /* main.swift in Sources */ = {isa = PBXBuildFile; fileRef = 6B31A338D9D6D61031ECD4A2 /* main.swift */; };
		26A850A64CAFCB2B4856CDB1 /* UserLayoutPreferences.swift in Sources */ = {isa = PBXBuildFile; fileRef = A6E016B8F4BBBF3C3E66756D /* UserLayoutPreferences.swift */; };
		27F24BD6F3FEBB68F9B638C2 /* FolderLayoutConstraintSolverTests.swift in Sources */ = {isa = PBXBuildFile; fileRef = 1C32D26B5C679828632E513F /* FolderLayoutConstraintSolverTests.swift */; };
		2A36395A891FD203FD6D782D /* LauncherDragCommitState.swift in Sources */ = {isa = PBXBuildFile; fileRef = 05BDA3348588276429A32E8C /* LauncherDragCommitState.swift */; };
		2A5C5FD421CDFC00DD417728 /* AppDiscoverySource.swift in Sources */ = {isa = PBXBuildFile; fileRef = 222A916923502CF88621E550 /* AppDiscoverySource.swift */; };
		2BF49A8EB666CBFEB238C6AD /* LauncherDragIntentState.swift in Sources */ = {isa = PBXBuildFile; fileRef = 49FAB7FB75A8EB4913EC664D /* LauncherDragIntentState.swift */; };
		2F41671EA778A1981C5EA746 /* AppMetadataResolver.swift in Sources */ = {isa = PBXBuildFile; fileRef = 5B7888236C5D76843001275B /* AppMetadataResolver.swift */; };
		3328C97485BAF06F60CA59B6 /* DisplayCore.framework in Frameworks */ = {isa = PBXBuildFile; fileRef = 14B080262F0D053F847C8C56 /* DisplayCore.framework */; };
		38338CE141DF7A401F741EB8 /* DisplayInsets.swift in Sources */ = {isa = PBXBuildFile; fileRef = EDA93710BB6535845908D4F8 /* DisplayInsets.swift */; };
		3FCF8F204ADC6A3F01EEEB92 /* LayoutCore.framework in Frameworks */ = {isa = PBXBuildFile; fileRef = 89DEAF972EA4C00ED237B8E3 /* LayoutCore.framework */; };
		40EDD0DC6379C1C217123FE1 /* FolderMergeGeometryTests.swift in Sources */ = {isa = PBXBuildFile; fileRef = C93F39D01E91C829ED607909 /* FolderMergeGeometryTests.swift */; };
		4247153B8892FDD2C15E40D1 /* LaunchpadSearchComponents.swift in Sources */ = {isa = PBXBuildFile; fileRef = F87E6A740240D9B0D3535A82 /* LaunchpadSearchComponents.swift */; };
		45D8759CBAB893D7807245BC /* LauncherDragPreviewState.swift in Sources */ = {isa = PBXBuildFile; fileRef = 85B82049AF39D0EE1704D010 /* LauncherDragPreviewState.swift */; };
		48945C82D0C2F2EBDE9D5655 /* main.swift in Sources */ = {isa = PBXBuildFile; fileRef = AAB2DA73B71E42DFD2282ECC /* main.swift */; };
		4AB7E10CD1AD74EC3A6073B0 /* LauncherLayoutReconciler.swift in Sources */ = {isa = PBXBuildFile; fileRef = 8E8172469CCCFEC76AE9EA87 /* LauncherLayoutReconciler.swift */; };
		4BF61D2F63AAA0313946A12A /* ApplicationIdentityTests.swift in Sources */ = {isa = PBXBuildFile; fileRef = F71016D9946EA364519778E5 /* ApplicationIdentityTests.swift */; };
		4FE603E15D2EBBDA7ABCF3AD /* LayoutCore.framework in Frameworks */ = {isa = PBXBuildFile; fileRef = 89DEAF972EA4C00ED237B8E3 /* LayoutCore.framework */; };
		554B253BC555D81ED3544343 /* LauncherLayoutDraftTests.swift in Sources */ = {isa = PBXBuildFile; fileRef = 3CD5D979B1C7F17EAD127F69 /* LauncherLayoutDraftTests.swift */; };
		561CEDCF70E1ED1439952115 /* LauncherDragIntentStateTests.swift in Sources */ = {isa = PBXBuildFile; fileRef = 43B0741E5E4A57312A3B1904 /* LauncherDragIntentStateTests.swift */; };
		576B2AD694B796D08BC9E257 /* PageSwipeInputGateTests.swift in Sources */ = {isa = PBXBuildFile; fileRef = 1E1EB07541F69D0A31D137EF /* PageSwipeInputGateTests.swift */; };
		57B9A3E95F79ACB7A9AD8C52 /* AppCore.framework in Frameworks */ = {isa = PBXBuildFile; fileRef = 44F7FDAC2CCD3E1F9BC1ACCF /* AppCore.framework */; };
		5E85CCD398BE0C348CAAF09F /* AppTileButton.swift in Sources */ = {isa = PBXBuildFile; fileRef = 29BA734C9BC2743B9126C8DF /* AppTileButton.swift */; };
		617EB9BBAEF01705271FE06C /* LauncherDefaultLayoutBuilder.swift in Sources */ = {isa = PBXBuildFile; fileRef = 6E4E38533AF488DB1288B349 /* LauncherDefaultLayoutBuilder.swift */; };
		66DFE17C98AE09F860C4D9FE /* Assets.xcassets in Resources */ = {isa = PBXBuildFile; fileRef = 1C0FEBCEA50BB7DED8593A8B /* Assets.xcassets */; };
		6C0AD29151E507B5C3D7CCD1 /* AppTilePresentationFactory.swift in Sources */ = {isa = PBXBuildFile; fileRef = 8674EBF4DC9CF16929FC9208 /* AppTilePresentationFactory.swift */; };
		6ECC782FD9346E1394D30D7F /* LauncherDefaultLayoutBuilderTests.swift in Sources */ = {isa = PBXBuildFile; fileRef = C2E76D8081A6820D69A1B8E1 /* LauncherDefaultLayoutBuilderTests.swift */; };
		73EB310DEE40DE862CC48166 /* LayoutCore.framework in Embed Frameworks */ = {isa = PBXBuildFile; fileRef = 89DEAF972EA4C00ED237B8E3 /* LayoutCore.framework */; settings = {ATTRIBUTES = (CodeSignOnCopy, RemoveHeadersOnCopy, ); }; };
		742D544AFE2AD75CDF0C8F48 /* LaunchpadSearchField.swift in Sources */ = {isa = PBXBuildFile; fileRef = F123D9E01057F33CCEE8C8F8 /* LaunchpadSearchField.swift */; };
		74B353BD689754E370C35CBD /* PageSwipeInputGate.swift in Sources */ = {isa = PBXBuildFile; fileRef = D45B035DE8628F65130BE4BA /* PageSwipeInputGate.swift */; };
		78A84C42AA09EDC62F1AF3F5 /* DisplayCore.framework in Frameworks */ = {isa = PBXBuildFile; fileRef = 14B080262F0D053F847C8C56 /* DisplayCore.framework */; };
		7ADE28F647B62F1FA8A80F9F /* PageScrollGesture.swift in Sources */ = {isa = PBXBuildFile; fileRef = 5582D3009A0729AEB083C298 /* PageScrollGesture.swift */; };
		7D13D66E6AB7023E6E15D1BB /* AppCatalogActorTests.swift in Sources */ = {isa = PBXBuildFile; fileRef = 5258BDAEC230F766CEA45BB6 /* AppCatalogActorTests.swift */; };
		8064EC976AAB851F2A8B01C9 /* FolderLayoutConstraintSolver.swift in Sources */ = {isa = PBXBuildFile; fileRef = 35FDED82180A56F6A542E724 /* FolderLayoutConstraintSolver.swift */; };
		83CF9D37C4C8FFDEFA6363C8 /* PageTransitionStateTests.swift in Sources */ = {isa = PBXBuildFile; fileRef = F3E3BBAB293B4C885807CBD7 /* PageTransitionStateTests.swift */; };
		8891FCB45B7EEABCF68AAFAC /* DesktopWallpaperProvider.swift in Sources */ = {isa = PBXBuildFile; fileRef = 90B7A7140B4CDCDB9030B72F /* DesktopWallpaperProvider.swift */; };
		8AE129D56A97F106EC32B1F9 /* LauncherLayoutStore.swift in Sources */ = {isa = PBXBuildFile; fileRef = 58F1DF5F55DA2514F95D019C /* LauncherLayoutStore.swift */; };
		8C5CC43FDFEFEA018FF88530 /* AppCore.framework in Embed Frameworks */ = {isa = PBXBuildFile; fileRef = 44F7FDAC2CCD3E1F9BC1ACCF /* AppCore.framework */; settings = {ATTRIBUTES = (CodeSignOnCopy, RemoveHeadersOnCopy, ); }; };
		8E33BF2A559BD4E5CE99DFA4 /* WallpaperLayout.swift in Sources */ = {isa = PBXBuildFile; fileRef = FFC25F4369C5A202FE36D9E6 /* WallpaperLayout.swift */; };
		9227412F4505882E0E7DD33D /* LaunchpadPresentationController.swift in Sources */ = {isa = PBXBuildFile; fileRef = 30850971FE77D9F3C72CBD63 /* LaunchpadPresentationController.swift */; };
		96A96046F1CC4C663C419352 /* PageTransitionState.swift in Sources */ = {isa = PBXBuildFile; fileRef = 06F63F3C59882C8698FF60D5 /* PageTransitionState.swift */; };
		977D17606B3A33B4F5AF50DB /* LayoutCore.framework in Embed Frameworks */ = {isa = PBXBuildFile; fileRef = 89DEAF972EA4C00ED237B8E3 /* LayoutCore.framework */; settings = {ATTRIBUTES = (CodeSignOnCopy, RemoveHeadersOnCopy, ); }; };
		9822FBB9857D74F50D7F9F88 /* PageMotionProfile.swift in Sources */ = {isa = PBXBuildFile; fileRef = 0B59604F608CE8477EE1138B /* PageMotionProfile.swift */; };
		9D84044BCC7785CC301C78C2 /* GridSelectionNavigatorTests.swift in Sources */ = {isa = PBXBuildFile; fileRef = 2F415C3B84CDA46F4EC5DA53 /* GridSelectionNavigatorTests.swift */; };
		9E1117AC6FA0ACFA8D8BBCC4 /* ApplicationIdentity.swift in Sources */ = {isa = PBXBuildFile; fileRef = 7D4DD9B562099FCB3AFBACDE /* ApplicationIdentity.swift */; };
		A780A6DA3C9E839CCC62F01C /* LauncherDragCommitStateTests.swift in Sources */ = {isa = PBXBuildFile; fileRef = 5E229850957C5AD71D22DD37 /* LauncherDragCommitStateTests.swift */; };
		AB23ABABD660E86FA8280D84 /* LauncherPageLayoutTests.swift in Sources */ = {isa = PBXBuildFile; fileRef = 32D61C240000189F8897C427 /* LauncherPageLayoutTests.swift */; };
		ABF7D9DF7083E8E8F31AF65C /* OpenLaunchpadAppDelegate.swift in Sources */ = {isa = PBXBuildFile; fileRef = 7A68E669D05E860BEC22BEBE /* OpenLaunchpadAppDelegate.swift */; };
		ACF411DEBB490DE553B05FEF /* DisplayCore.framework in Embed Frameworks */ = {isa = PBXBuildFile; fileRef = 14B080262F0D053F847C8C56 /* DisplayCore.framework */; settings = {ATTRIBUTES = (CodeSignOnCopy, RemoveHeadersOnCopy, ); }; };
		AFB607DA6FAB5DAAA5F8A1ED /* LaunchpadVisualStyle.swift in Sources */ = {isa = PBXBuildFile; fileRef = 408C803592FEE9AADE0D481D /* LaunchpadVisualStyle.swift */; };
		B3B8DD678C68BDD603140072 /* LauncherLayoutDocumentTests.swift in Sources */ = {isa = PBXBuildFile; fileRef = 9518B652FD8CD8C57497B9DE /* LauncherLayoutDocumentTests.swift */; };
		B60E2E45077A95F095CAEEEC /* WallpaperLayoutTests.swift in Sources */ = {isa = PBXBuildFile; fileRef = A1CA8F789646A63824B35CE8 /* WallpaperLayoutTests.swift */; };
		BBD927F0234C09615E21EFEF /* DisplayContext.swift in Sources */ = {isa = PBXBuildFile; fileRef = B0946DC2D0BD13B636F8886A /* DisplayContext.swift */; };
		C04D59C36E7C233FFB4A7FCF /* LauncherLayoutReconcilerTests.swift in Sources */ = {isa = PBXBuildFile; fileRef = FACCE0659ABCCEA957FB42AC /* LauncherLayoutReconcilerTests.swift */; };
		C665B8BED7749C2CB584FB85 /* DisplayCore.framework in Frameworks */ = {isa = PBXBuildFile; fileRef = 14B080262F0D053F847C8C56 /* DisplayCore.framework */; };
		C79B23A4A9BC0F91230F0BA3 /* CenteredPresentationTransformTests.swift in Sources */ = {isa = PBXBuildFile; fileRef = 86DE595F08FF1A8539FBEFA9 /* CenteredPresentationTransformTests.swift */; };
		CD38ECE9DAA3FA7BFADB27A3 /* FolderLayoutTokens.swift in Sources */ = {isa = PBXBuildFile; fileRef = E9CE27EBFA652CBA3E31B67D /* FolderLayoutTokens.swift */; };
		CE585326F1AAE90FAC1E4629 /* ApplicationRecord.swift in Sources */ = {isa = PBXBuildFile; fileRef = 0010D0D559BB03A275C5E2D7 /* ApplicationRecord.swift */; };
		CED3475B2679E293531AA094 /* MenuBarBackdropWindow.swift in Sources */ = {isa = PBXBuildFile; fileRef = 5462CB0F958F486BD9D285B0 /* MenuBarBackdropWindow.swift */; };
		D7608E4264A69F175E1E9917 /* AppCore.framework in Frameworks */ = {isa = PBXBuildFile; fileRef = 44F7FDAC2CCD3E1F9BC1ACCF /* AppCore.framework */; };
		DF2568B13D8E83F6EE571409 /* LauncherLayoutDocument.swift in Sources */ = {isa = PBXBuildFile; fileRef = 2283965C7B8580E623BDF407 /* LauncherLayoutDocument.swift */; };
		E248EBE2D852A55B5EDBB646 /* LayoutConstraintSolverTests.swift in Sources */ = {isa = PBXBuildFile; fileRef = 009C277962A3AE13A61CCE8F /* LayoutConstraintSolverTests.swift */; };
		E33584186695C9C800A1AD0F /* AppIconCache.swift in Sources */ = {isa = PBXBuildFile; fileRef = D453BE91D8AC9209C1579803 /* AppIconCache.swift */; };
		E38DB2D9C05247EC6C9E346C /* LauncherLayoutStoreTests.swift in Sources */ = {isa = PBXBuildFile; fileRef = 022176DEACD2A50A3D887207 /* LauncherLayoutStoreTests.swift */; };
		E50538903ABDAA277D54BB54 /* DisplayContextTests.swift in Sources */ = {isa = PBXBuildFile; fileRef = 2A2FEDF9B1040E2BC75BBC0C /* DisplayContextTests.swift */; };
		E6933876A15CDD861A244E62 /* DisplayCore.framework in Frameworks */ = {isa = PBXBuildFile; fileRef = 14B080262F0D053F847C8C56 /* DisplayCore.framework */; };
		E6AF7A7F57C90533FE267065 /* LauncherDragStateMachine.swift in Sources */ = {isa = PBXBuildFile; fileRef = 331B4CEC80B332CBD4C548BC /* LauncherDragStateMachine.swift */; };
		E754536A2A3A83427C738E43 /* ScreenDisplayContextResolver.swift in Sources */ = {isa = PBXBuildFile; fileRef = 136C4AC0BA1222160B7396B7 /* ScreenDisplayContextResolver.swift */; };
		E7C43FA64687096CED95DC84 /* DisplayCore.framework in Embed Frameworks */ = {isa = PBXBuildFile; fileRef = 14B080262F0D053F847C8C56 /* DisplayCore.framework */; settings = {ATTRIBUTES = (CodeSignOnCopy, RemoveHeadersOnCopy, ); }; };
		E9DC648E2B6FAB77C71311CC /* LaunchpadWindow.swift in Sources */ = {isa = PBXBuildFile; fileRef = C6704EE704752E1B700379D8 /* LaunchpadWindow.swift */; };
		EA7CB40CC9BDEC554FCF325A /* LayoutTokens.swift in Sources */ = {isa = PBXBuildFile; fileRef = D6C735E23F834DA31394689A /* LayoutTokens.swift */; };
		EC6ED64604B08802F3D1B6E8 /* LayoutConstraintSolver.swift in Sources */ = {isa = PBXBuildFile; fileRef = 7063D05C62C50D27709A8D0E /* LayoutConstraintSolver.swift */; };
		ED1D7F71E65DF6981AB28963 /* LauncherDragPreviewStateTests.swift in Sources */ = {isa = PBXBuildFile; fileRef = 60AB0C1125C6F0B71C3689B1 /* LauncherDragPreviewStateTests.swift */; };
		EDBA2C92CE75250BCA60722D /* AppCore.framework in Embed Frameworks */ = {isa = PBXBuildFile; fileRef = 44F7FDAC2CCD3E1F9BC1ACCF /* AppCore.framework */; settings = {ATTRIBUTES = (CodeSignOnCopy, RemoveHeadersOnCopy, ); }; };
		EF8FB1C8A1FD228F2E89F5DD /* PageMotionProfileTests.swift in Sources */ = {isa = PBXBuildFile; fileRef = 7C2E689B95E0A1F4DCD985E9 /* PageMotionProfileTests.swift */; };
		F6FD14BD66E6377B197C68B5 /* CenteredPresentationTransform.swift in Sources */ = {isa = PBXBuildFile; fileRef = 1EAD90D03BB151AA69C03063 /* CenteredPresentationTransform.swift */; };
		FBD82A0C49F0AFC8E4E7C9C9 /* LaunchpadWindowController.swift in Sources */ = {isa = PBXBuildFile; fileRef = 9B619722288AFCCF8E443240 /* LaunchpadWindowController.swift */; };
/* End PBXBuildFile section */

/* Begin PBXContainerItemProxy section */
		28C52E07AAE9272836CEA557 /* PBXContainerItemProxy */ = {
			isa = PBXContainerItemProxy;
			containerPortal = 0EDFF5FABD4D2BFF09E84785 /* Project object */;
			proxyType = 1;
			remoteGlobalIDString = 5E043041C2F50E83AEA383F6;
			remoteInfo = LayoutCore;
		};
		591B76DF58DAE3568FC7EF19 /* PBXContainerItemProxy */ = {
			isa = PBXContainerItemProxy;
			containerPortal = 0EDFF5FABD4D2BFF09E84785 /* Project object */;
			proxyType = 1;
			remoteGlobalIDString = 5E043041C2F50E83AEA383F6;
			remoteInfo = LayoutCore;
		};
		82E69718AB24EE6FE7D55CCF /* PBXContainerItemProxy */ = {
			isa = PBXContainerItemProxy;
			containerPortal = 0EDFF5FABD4D2BFF09E84785 /* Project object */;
			proxyType = 1;
			remoteGlobalIDString = B072042C9B93747290AEA0B3;
			remoteInfo = DisplayCore;
		};
		87BAD235FBBE161349E09867 /* PBXContainerItemProxy */ = {
			isa = PBXContainerItemProxy;
			containerPortal = 0EDFF5FABD4D2BFF09E84785 /* Project object */;
			proxyType = 1;
			remoteGlobalIDString = B072042C9B93747290AEA0B3;
			remoteInfo = DisplayCore;
		};
		A674D87F47AE3A7932BF70F7 /* PBXContainerItemProxy */ = {
			isa = PBXContainerItemProxy;
			containerPortal = 0EDFF5FABD4D2BFF09E84785 /* Project object */;
			proxyType = 1;
			remoteGlobalIDString = A742D13D123D58D7443D071D;
			remoteInfo = AppCore;
		};
		B209A39F33161F473C52271C /* PBXContainerItemProxy */ = {
			isa = PBXContainerItemProxy;
			containerPortal = 0EDFF5FABD4D2BFF09E84785 /* Project object */;
			proxyType = 1;
			remoteGlobalIDString = A742D13D123D58D7443D071D;
			remoteInfo = AppCore;
		};
		BF8DA5BC347C340BC1570977 /* PBXContainerItemProxy */ = {
			isa = PBXContainerItemProxy;
			containerPortal = 0EDFF5FABD4D2BFF09E84785 /* Project object */;
			proxyType = 1;
			remoteGlobalIDString = B072042C9B93747290AEA0B3;
			remoteInfo = DisplayCore;
		};
		CE86F3D4A028913A18358730 /* PBXContainerItemProxy */ = {
			isa = PBXContainerItemProxy;
			containerPortal = 0EDFF5FABD4D2BFF09E84785 /* Project object */;
			proxyType = 1;
			remoteGlobalIDString = D4ABD2A63C24B8AD8627CD54;
			remoteInfo = OpenLaunchpadAgent;
		};
		F35B1C0486348253B7C037CA /* PBXContainerItemProxy */ = {
			isa = PBXContainerItemProxy;
			containerPortal = 0EDFF5FABD4D2BFF09E84785 /* Project object */;
			proxyType = 1;
			remoteGlobalIDString = B072042C9B93747290AEA0B3;
			remoteInfo = DisplayCore;
		};
/* End PBXContainerItemProxy section */

/* Begin PBXCopyFilesBuildPhase section */
		32E5BF87F3A58C920038F59F /* Embed Frameworks */ = {
			isa = PBXCopyFilesBuildPhase;
			buildActionMask = 2147483647;
			dstPath = "";
			dstSubfolderSpec = 10;
			files = (
				E7C43FA64687096CED95DC84 /* DisplayCore.framework in Embed Frameworks */,
			);
			name = "Embed Frameworks";
			runOnlyForDeploymentPostprocessing = 0;
		};
		680CF34A02193DFEAD207A69 /* Embed Frameworks */ = {
			isa = PBXCopyFilesBuildPhase;
			buildActionMask = 2147483647;
			dstPath = "";
			dstSubfolderSpec = 10;
			files = (
				EDBA2C92CE75250BCA60722D /* AppCore.framework in Embed Frameworks */,
				ACF411DEBB490DE553B05FEF /* DisplayCore.framework in Embed Frameworks */,
				977D17606B3A33B4F5AF50DB /* LayoutCore.framework in Embed Frameworks */,
			);
			name = "Embed Frameworks";
			runOnlyForDeploymentPostprocessing = 0;
		};
		87168B8C3FD4B1C557ACAB15 /* Embed Dependencies */ = {
			isa = PBXCopyFilesBuildPhase;
			buildActionMask = 2147483647;
			dstPath = Contents/Library/LoginItems;
			dstSubfolderSpec = 1;
			files = (
				12244CC4613DD5D5BC183E64 /* OpenLaunchpadAgent.app in Embed Dependencies */,
			);
			name = "Embed Dependencies";
			runOnlyForDeploymentPostprocessing = 0;
		};
		B79C48E29443CCD82BFEECFD /* Embed Frameworks */ = {
			isa = PBXCopyFilesBuildPhase;
			buildActionMask = 2147483647;
			dstPath = "";
			dstSubfolderSpec = 10;
			files = (
				8C5CC43FDFEFEA018FF88530 /* AppCore.framework in Embed Frameworks */,
			);
			name = "Embed Frameworks";
			runOnlyForDeploymentPostprocessing = 0;
		};
		BEA864D8152C595A0F423DBB /* Embed Frameworks */ = {
			isa = PBXCopyFilesBuildPhase;
			buildActionMask = 2147483647;
			dstPath = "";
			dstSubfolderSpec = 10;
			files = (
				15317DE43A84082B5D8F1374 /* DisplayCore.framework in Embed Frameworks */,
				73EB310DEE40DE862CC48166 /* LayoutCore.framework in Embed Frameworks */,
			);
			name = "Embed Frameworks";
			runOnlyForDeploymentPostprocessing = 0;
		};
/* End PBXCopyFilesBuildPhase section */

/* Begin PBXFileReference section */
		0010D0D559BB03A275C5E2D7 /* ApplicationRecord.swift */ = {isa = PBXFileReference; lastKnownFileType = sourcecode.swift; path = ApplicationRecord.swift; sourceTree = "<group>"; };
		009C277962A3AE13A61CCE8F /* LayoutConstraintSolverTests.swift */ = {isa = PBXFileReference; lastKnownFileType = sourcecode.swift; path = LayoutConstraintSolverTests.swift; sourceTree = "<group>"; };
		022176DEACD2A50A3D887207 /* LauncherLayoutStoreTests.swift */ = {isa = PBXFileReference; lastKnownFileType = sourcecode.swift; path = LauncherLayoutStoreTests.swift; sourceTree = "<group>"; };
		05BDA3348588276429A32E8C /* LauncherDragCommitState.swift */ = {isa = PBXFileReference; lastKnownFileType = sourcecode.swift; path = LauncherDragCommitState.swift; sourceTree = "<group>"; };
		06F63F3C59882C8698FF60D5 /* PageTransitionState.swift */ = {isa = PBXFileReference; lastKnownFileType = sourcecode.swift; path = PageTransitionState.swift; sourceTree = "<group>"; };
		0B59604F608CE8477EE1138B /* PageMotionProfile.swift */ = {isa = PBXFileReference; lastKnownFileType = sourcecode.swift; path = PageMotionProfile.swift; sourceTree = "<group>"; };
		0D4FE193FBED9D30F9E18F22 /* FolderGridMetrics.swift */ = {isa = PBXFileReference; lastKnownFileType = sourcecode.swift; path = FolderGridMetrics.swift; sourceTree = "<group>"; };
		136C4AC0BA1222160B7396B7 /* ScreenDisplayContextResolver.swift */ = {isa = PBXFileReference; lastKnownFileType = sourcecode.swift; path = ScreenDisplayContextResolver.swift; sourceTree = "<group>"; };
		14B080262F0D053F847C8C56 /* DisplayCore.framework */ = {isa = PBXFileReference; explicitFileType = wrapper.framework; includeInIndex = 0; path = DisplayCore.framework; sourceTree = BUILT_PRODUCTS_DIR; };
		1C0FEBCEA50BB7DED8593A8B /* Assets.xcassets */ = {isa = PBXFileReference; lastKnownFileType = folder.assetcatalog; path = Assets.xcassets; sourceTree = "<group>"; };
		1C32D26B5C679828632E513F /* FolderLayoutConstraintSolverTests.swift */ = {isa = PBXFileReference; lastKnownFileType = sourcecode.swift; path = FolderLayoutConstraintSolverTests.swift; sourceTree = "<group>"; };
		1E1EB07541F69D0A31D137EF /* PageSwipeInputGateTests.swift */ = {isa = PBXFileReference; lastKnownFileType = sourcecode.swift; path = PageSwipeInputGateTests.swift; sourceTree = "<group>"; };
		1EAD90D03BB151AA69C03063 /* CenteredPresentationTransform.swift */ = {isa = PBXFileReference; lastKnownFileType = sourcecode.swift; path = CenteredPresentationTransform.swift; sourceTree = "<group>"; };
		1F4C6FA5030C26EE56A7EA1D /* OpenLaunchpadAgent.app */ = {isa = PBXFileReference; explicitFileType = wrapper.application; includeInIndex = 0; path = OpenLaunchpadAgent.app; sourceTree = BUILT_PRODUCTS_DIR; };
		222A916923502CF88621E550 /* AppDiscoverySource.swift */ = {isa = PBXFileReference; lastKnownFileType = sourcecode.swift; path = AppDiscoverySource.swift; sourceTree = "<group>"; };
		2283965C7B8580E623BDF407 /* LauncherLayoutDocument.swift */ = {isa = PBXFileReference; lastKnownFileType = sourcecode.swift; path = LauncherLayoutDocument.swift; sourceTree = "<group>"; };
		29BA734C9BC2743B9126C8DF /* AppTileButton.swift */ = {isa = PBXFileReference; lastKnownFileType = sourcecode.swift; path = AppTileButton.swift; sourceTree = "<group>"; };
		2A2FEDF9B1040E2BC75BBC0C /* DisplayContextTests.swift */ = {isa = PBXFileReference; lastKnownFileType = sourcecode.swift; path = DisplayContextTests.swift; sourceTree = "<group>"; };
		2F415C3B84CDA46F4EC5DA53 /* GridSelectionNavigatorTests.swift */ = {isa = PBXFileReference; lastKnownFileType = sourcecode.swift; path = GridSelectionNavigatorTests.swift; sourceTree = "<group>"; };
		30850971FE77D9F3C72CBD63 /* LaunchpadPresentationController.swift */ = {isa = PBXFileReference; lastKnownFileType = sourcecode.swift; path = LaunchpadPresentationController.swift; sourceTree = "<group>"; };
		32D61C240000189F8897C427 /* LauncherPageLayoutTests.swift */ = {isa = PBXFileReference; lastKnownFileType = sourcecode.swift; path = LauncherPageLayoutTests.swift; sourceTree = "<group>"; };
		331B4CEC80B332CBD4C548BC /* LauncherDragStateMachine.swift */ = {isa = PBXFileReference; lastKnownFileType = sourcecode.swift; path = LauncherDragStateMachine.swift; sourceTree = "<group>"; };
		35FDED82180A56F6A542E724 /* FolderLayoutConstraintSolver.swift */ = {isa = PBXFileReference; lastKnownFileType = sourcecode.swift; path = FolderLayoutConstraintSolver.swift; sourceTree = "<group>"; };
		3CD5D979B1C7F17EAD127F69 /* LauncherLayoutDraftTests.swift */ = {isa = PBXFileReference; lastKnownFileType = sourcecode.swift; path = LauncherLayoutDraftTests.swift; sourceTree = "<group>"; };
		3FB4D471A61995223FC3DF49 /* OpenLaunchpad.app */ = {isa = PBXFileReference; explicitFileType = wrapper.application; includeInIndex = 0; path = OpenLaunchpad.app; sourceTree = BUILT_PRODUCTS_DIR; };
		408C803592FEE9AADE0D481D /* LaunchpadVisualStyle.swift */ = {isa = PBXFileReference; lastKnownFileType = sourcecode.swift; path = LaunchpadVisualStyle.swift; sourceTree = "<group>"; };
		43B0741E5E4A57312A3B1904 /* LauncherDragIntentStateTests.swift */ = {isa = PBXFileReference; lastKnownFileType = sourcecode.swift; path = LauncherDragIntentStateTests.swift; sourceTree = "<group>"; };
		443ADE5BD70008889E14D3C2 /* LauncherLayoutDraft.swift */ = {isa = PBXFileReference; lastKnownFileType = sourcecode.swift; path = LauncherLayoutDraft.swift; sourceTree = "<group>"; };
		44F7FDAC2CCD3E1F9BC1ACCF /* AppCore.framework */ = {isa = PBXFileReference; explicitFileType = wrapper.framework; includeInIndex = 0; path = AppCore.framework; sourceTree = BUILT_PRODUCTS_DIR; };
		49FAB7FB75A8EB4913EC664D /* LauncherDragIntentState.swift */ = {isa = PBXFileReference; lastKnownFileType = sourcecode.swift; path = LauncherDragIntentState.swift; sourceTree = "<group>"; };
		5258BDAEC230F766CEA45BB6 /* AppCatalogActorTests.swift */ = {isa = PBXFileReference; lastKnownFileType = sourcecode.swift; path = AppCatalogActorTests.swift; sourceTree = "<group>"; };
		5462CB0F958F486BD9D285B0 /* MenuBarBackdropWindow.swift */ = {isa = PBXFileReference; lastKnownFileType = sourcecode.swift; path = MenuBarBackdropWindow.swift; sourceTree = "<group>"; };
		5582D3009A0729AEB083C298 /* PageScrollGesture.swift */ = {isa = PBXFileReference; lastKnownFileType = sourcecode.swift; path = PageScrollGesture.swift; sourceTree = "<group>"; };
		58E56C5EAF5E8F1588E68A9B /* GridMetrics.swift */ = {isa = PBXFileReference; lastKnownFileType = sourcecode.swift; path = GridMetrics.swift; sourceTree = "<group>"; };
		58F1DF5F55DA2514F95D019C /* LauncherLayoutStore.swift */ = {isa = PBXFileReference; lastKnownFileType = sourcecode.swift; path = LauncherLayoutStore.swift; sourceTree = "<group>"; };
		5A71E63C4F81618B4309D179 /* AppCatalogActor.swift */ = {isa = PBXFileReference; lastKnownFileType = sourcecode.swift; path = AppCatalogActor.swift; sourceTree = "<group>"; };
		5B7888236C5D76843001275B /* AppMetadataResolver.swift */ = {isa = PBXFileReference; lastKnownFileType = sourcecode.swift; path = AppMetadataResolver.swift; sourceTree = "<group>"; };
		5E229850957C5AD71D22DD37 /* LauncherDragCommitStateTests.swift */ = {isa = PBXFileReference; lastKnownFileType = sourcecode.swift; path = LauncherDragCommitStateTests.swift; sourceTree = "<group>"; };
		60AB0C1125C6F0B71C3689B1 /* LauncherDragPreviewStateTests.swift */ = {isa = PBXFileReference; lastKnownFileType = sourcecode.swift; path = LauncherDragPreviewStateTests.swift; sourceTree = "<group>"; };
		6A0316EF912435FF4406D68B /* LauncherDragStateMachineTests.swift */ = {isa = PBXFileReference; lastKnownFileType = sourcecode.swift; path = LauncherDragStateMachineTests.swift; sourceTree = "<group>"; };
		6B31A338D9D6D61031ECD4A2 /* main.swift */ = {isa = PBXFileReference; lastKnownFileType = sourcecode.swift; path = main.swift; sourceTree = "<group>"; };
		6E4E38533AF488DB1288B349 /* LauncherDefaultLayoutBuilder.swift */ = {isa = PBXFileReference; lastKnownFileType = sourcecode.swift; path = LauncherDefaultLayoutBuilder.swift; sourceTree = "<group>"; };
		6F029DB8DF3AA6B270BCD7FD /* LayoutCoreTests.xctest */ = {isa = PBXFileReference; explicitFileType = wrapper.cfbundle; includeInIndex = 0; path = LayoutCoreTests.xctest; sourceTree = BUILT_PRODUCTS_DIR; };
		7063D05C62C50D27709A8D0E /* LayoutConstraintSolver.swift */ = {isa = PBXFileReference; lastKnownFileType = sourcecode.swift; path = LayoutConstraintSolver.swift; sourceTree = "<group>"; };
		7A68E669D05E860BEC22BEBE /* OpenLaunchpadAppDelegate.swift */ = {isa = PBXFileReference; lastKnownFileType = sourcecode.swift; path = OpenLaunchpadAppDelegate.swift; sourceTree = "<group>"; };
		7C2E689B95E0A1F4DCD985E9 /* PageMotionProfileTests.swift */ = {isa = PBXFileReference; lastKnownFileType = sourcecode.swift; path = PageMotionProfileTests.swift; sourceTree = "<group>"; };
		7D4DD9B562099FCB3AFBACDE /* ApplicationIdentity.swift */ = {isa = PBXFileReference; lastKnownFileType = sourcecode.swift; path = ApplicationIdentity.swift; sourceTree = "<group>"; };
		85B82049AF39D0EE1704D010 /* LauncherDragPreviewState.swift */ = {isa = PBXFileReference; lastKnownFileType = sourcecode.swift; path = LauncherDragPreviewState.swift; sourceTree = "<group>"; };
		8674EBF4DC9CF16929FC9208 /* AppTilePresentationFactory.swift */ = {isa = PBXFileReference; lastKnownFileType = sourcecode.swift; path = AppTilePresentationFactory.swift; sourceTree = "<group>"; };
		86DE595F08FF1A8539FBEFA9 /* CenteredPresentationTransformTests.swift */ = {isa = PBXFileReference; lastKnownFileType = sourcecode.swift; path = CenteredPresentationTransformTests.swift; sourceTree = "<group>"; };
		89DEAF972EA4C00ED237B8E3 /* LayoutCore.framework */ = {isa = PBXFileReference; explicitFileType = wrapper.framework; includeInIndex = 0; path = LayoutCore.framework; sourceTree = BUILT_PRODUCTS_DIR; };
		8E8172469CCCFEC76AE9EA87 /* LauncherLayoutReconciler.swift */ = {isa = PBXFileReference; lastKnownFileType = sourcecode.swift; path = LauncherLayoutReconciler.swift; sourceTree = "<group>"; };
		90B7A7140B4CDCDB9030B72F /* DesktopWallpaperProvider.swift */ = {isa = PBXFileReference; lastKnownFileType = sourcecode.swift; path = DesktopWallpaperProvider.swift; sourceTree = "<group>"; };
		923104603F4482D099C1A3BD /* GridSelectionNavigator.swift */ = {isa = PBXFileReference; lastKnownFileType = sourcecode.swift; path = GridSelectionNavigator.swift; sourceTree = "<group>"; };
		9518B652FD8CD8C57497B9DE /* LauncherLayoutDocumentTests.swift */ = {isa = PBXFileReference; lastKnownFileType = sourcecode.swift; path = LauncherLayoutDocumentTests.swift; sourceTree = "<group>"; };
		9B619722288AFCCF8E443240 /* LaunchpadWindowController.swift */ = {isa = PBXFileReference; lastKnownFileType = sourcecode.swift; path = LaunchpadWindowController.swift; sourceTree = "<group>"; };
		A1CA8F789646A63824B35CE8 /* WallpaperLayoutTests.swift */ = {isa = PBXFileReference; lastKnownFileType = sourcecode.swift; path = WallpaperLayoutTests.swift; sourceTree = "<group>"; };
		A6E016B8F4BBBF3C3E66756D /* UserLayoutPreferences.swift */ = {isa = PBXFileReference; lastKnownFileType = sourcecode.swift; path = UserLayoutPreferences.swift; sourceTree = "<group>"; };
		AAB2DA73B71E42DFD2282ECC /* main.swift */ = {isa = PBXFileReference; lastKnownFileType = sourcecode.swift; path = main.swift; sourceTree = "<group>"; };
		B0946DC2D0BD13B636F8886A /* DisplayContext.swift */ = {isa = PBXFileReference; lastKnownFileType = sourcecode.swift; path = DisplayContext.swift; sourceTree = "<group>"; };
		B7B62A789019436B0A0D6AFD /* ResolvedLaunchpadItem.swift */ = {isa = PBXFileReference; lastKnownFileType = sourcecode.swift; path = ResolvedLaunchpadItem.swift; sourceTree = "<group>"; };
		C2E76D8081A6820D69A1B8E1 /* LauncherDefaultLayoutBuilderTests.swift */ = {isa = PBXFileReference; lastKnownFileType = sourcecode.swift; path = LauncherDefaultLayoutBuilderTests.swift; sourceTree = "<group>"; };
		C6704EE704752E1B700379D8 /* LaunchpadWindow.swift */ = {isa = PBXFileReference; lastKnownFileType = sourcecode.swift; path = LaunchpadWindow.swift; sourceTree = "<group>"; };
		C93F39D01E91C829ED607909 /* FolderMergeGeometryTests.swift */ = {isa = PBXFileReference; lastKnownFileType = sourcecode.swift; path = FolderMergeGeometryTests.swift; sourceTree = "<group>"; };
		D42F69A84F543CACEA2F40F3 /* FolderMergeGeometry.swift */ = {isa = PBXFileReference; lastKnownFileType = sourcecode.swift; path = FolderMergeGeometry.swift; sourceTree = "<group>"; };
		D453BE91D8AC9209C1579803 /* AppIconCache.swift */ = {isa = PBXFileReference; lastKnownFileType = sourcecode.swift; path = AppIconCache.swift; sourceTree = "<group>"; };
		D45B035DE8628F65130BE4BA /* PageSwipeInputGate.swift */ = {isa = PBXFileReference; lastKnownFileType = sourcecode.swift; path = PageSwipeInputGate.swift; sourceTree = "<group>"; };
		D6C735E23F834DA31394689A /* LayoutTokens.swift */ = {isa = PBXFileReference; lastKnownFileType = sourcecode.swift; path = LayoutTokens.swift; sourceTree = "<group>"; };
		D8980D149844E12745569181 /* DisplayCoreTests.xctest */ = {isa = PBXFileReference; explicitFileType = wrapper.cfbundle; includeInIndex = 0; path = DisplayCoreTests.xctest; sourceTree = BUILT_PRODUCTS_DIR; };
		E9CE27EBFA652CBA3E31B67D /* FolderLayoutTokens.swift */ = {isa = PBXFileReference; lastKnownFileType = sourcecode.swift; path = FolderLayoutTokens.swift; sourceTree = "<group>"; };
		EDA93710BB6535845908D4F8 /* DisplayInsets.swift */ = {isa = PBXFileReference; lastKnownFileType = sourcecode.swift; path = DisplayInsets.swift; sourceTree = "<group>"; };
		F123D9E01057F33CCEE8C8F8 /* LaunchpadSearchField.swift */ = {isa = PBXFileReference; lastKnownFileType = sourcecode.swift; path = LaunchpadSearchField.swift; sourceTree = "<group>"; };
		F141191ED646C7E4D1443F52 /* AppCoreTests.xctest */ = {isa = PBXFileReference; explicitFileType = wrapper.cfbundle; includeInIndex = 0; path = AppCoreTests.xctest; sourceTree = BUILT_PRODUCTS_DIR; };
		F3E3BBAB293B4C885807CBD7 /* PageTransitionStateTests.swift */ = {isa = PBXFileReference; lastKnownFileType = sourcecode.swift; path = PageTransitionStateTests.swift; sourceTree = "<group>"; };
		F71016D9946EA364519778E5 /* ApplicationIdentityTests.swift */ = {isa = PBXFileReference; lastKnownFileType = sourcecode.swift; path = ApplicationIdentityTests.swift; sourceTree = "<group>"; };
		F87E6A740240D9B0D3535A82 /* LaunchpadSearchComponents.swift */ = {isa = PBXFileReference; lastKnownFileType = sourcecode.swift; path = LaunchpadSearchComponents.swift; sourceTree = "<group>"; };
		FACCE0659ABCCEA957FB42AC /* LauncherLayoutReconcilerTests.swift */ = {isa = PBXFileReference; lastKnownFileType = sourcecode.swift; path = LauncherLayoutReconcilerTests.swift; sourceTree = "<group>"; };
		FFC25F4369C5A202FE36D9E6 /* WallpaperLayout.swift */ = {isa = PBXFileReference; lastKnownFileType = sourcecode.swift; path = WallpaperLayout.swift; sourceTree = "<group>"; };
/* End PBXFileReference section */

/* Begin PBXFrameworksBuildPhase section */
		1BB5FEB02E0DDE257DDDE23A /* Frameworks */ = {
			isa = PBXFrameworksBuildPhase;
			buildActionMask = 2147483647;
			files = (
				D7608E4264A69F175E1E9917 /* AppCore.framework in Frameworks */,
				78A84C42AA09EDC62F1AF3F5 /* DisplayCore.framework in Frameworks */,
				4FE603E15D2EBBDA7ABCF3AD /* LayoutCore.framework in Frameworks */,
			);
			runOnlyForDeploymentPostprocessing = 0;
		};
		1D3E432D551FF058742F43D4 /* Frameworks */ = {
			isa = PBXFrameworksBuildPhase;
			buildActionMask = 2147483647;
			files = (
				C665B8BED7749C2CB584FB85 /* DisplayCore.framework in Frameworks */,
				3FCF8F204ADC6A3F01EEEB92 /* LayoutCore.framework in Frameworks */,
			);
			runOnlyForDeploymentPostprocessing = 0;
		};
		3DC249CC08233DABDA24B8C6 /* Frameworks */ = {
			isa = PBXFrameworksBuildPhase;
			buildActionMask = 2147483647;
			files = (
				57B9A3E95F79ACB7A9AD8C52 /* AppCore.framework in Frameworks */,
			);
			runOnlyForDeploymentPostprocessing = 0;
		};
		4047F675B5D4188FFB1F1E69 /* Frameworks */ = {
			isa = PBXFrameworksBuildPhase;
			buildActionMask = 2147483647;
			files = (
				3328C97485BAF06F60CA59B6 /* DisplayCore.framework in Frameworks */,
			);
			runOnlyForDeploymentPostprocessing = 0;
		};
		7D7B425867758093546E1EEE /* Frameworks */ = {
			isa = PBXFrameworksBuildPhase;
			buildActionMask = 2147483647;
			files = (
				E6933876A15CDD861A244E62 /* DisplayCore.framework in Frameworks */,
			);
			runOnlyForDeploymentPostprocessing = 0;
		};
/* End PBXFrameworksBuildPhase section */

/* Begin PBXGroup section */
		14A8FEA249F90D582CD4101B /* LayoutCoreTests */ = {
			isa = PBXGroup;
			children = (
				86DE595F08FF1A8539FBEFA9 /* CenteredPresentationTransformTests.swift */,
				1C32D26B5C679828632E513F /* FolderLayoutConstraintSolverTests.swift */,
				C93F39D01E91C829ED607909 /* FolderMergeGeometryTests.swift */,
				2F415C3B84CDA46F4EC5DA53 /* GridSelectionNavigatorTests.swift */,
				009C277962A3AE13A61CCE8F /* LayoutConstraintSolverTests.swift */,
				A1CA8F789646A63824B35CE8 /* WallpaperLayoutTests.swift */,
			);
			path = LayoutCoreTests;
			sourceTree = "<group>";
		};
		1CE17EFBAEA59D46FC2CB85F /* AppCoreTests */ = {
			isa = PBXGroup;
			children = (
				5258BDAEC230F766CEA45BB6 /* AppCatalogActorTests.swift */,
				F71016D9946EA364519778E5 /* ApplicationIdentityTests.swift */,
				C2E76D8081A6820D69A1B8E1 /* LauncherDefaultLayoutBuilderTests.swift */,
				5E229850957C5AD71D22DD37 /* LauncherDragCommitStateTests.swift */,
				43B0741E5E4A57312A3B1904 /* LauncherDragIntentStateTests.swift */,
				60AB0C1125C6F0B71C3689B1 /* LauncherDragPreviewStateTests.swift */,
				6A0316EF912435FF4406D68B /* LauncherDragStateMachineTests.swift */,
				9518B652FD8CD8C57497B9DE /* LauncherLayoutDocumentTests.swift */,
				3CD5D979B1C7F17EAD127F69 /* LauncherLayoutDraftTests.swift */,
				FACCE0659ABCCEA957FB42AC /* LauncherLayoutReconcilerTests.swift */,
				022176DEACD2A50A3D887207 /* LauncherLayoutStoreTests.swift */,
				32D61C240000189F8897C427 /* LauncherPageLayoutTests.swift */,
				7C2E689B95E0A1F4DCD985E9 /* PageMotionProfileTests.swift */,
				1E1EB07541F69D0A31D137EF /* PageSwipeInputGateTests.swift */,
				F3E3BBAB293B4C885807CBD7 /* PageTransitionStateTests.swift */,
			);
			path = AppCoreTests;
			sourceTree = "<group>";
		};
		221F53E1639E53D34C696801 /* Products */ = {
			isa = PBXGroup;
			children = (
				44F7FDAC2CCD3E1F9BC1ACCF /* AppCore.framework */,
				F141191ED646C7E4D1443F52 /* AppCoreTests.xctest */,
				14B080262F0D053F847C8C56 /* DisplayCore.framework */,
				D8980D149844E12745569181 /* DisplayCoreTests.xctest */,
				89DEAF972EA4C00ED237B8E3 /* LayoutCore.framework */,
				6F029DB8DF3AA6B270BCD7FD /* LayoutCoreTests.xctest */,
				3FB4D471A61995223FC3DF49 /* OpenLaunchpad.app */,
				1F4C6FA5030C26EE56A7EA1D /* OpenLaunchpadAgent.app */,
			);
			name = Products;
			sourceTree = "<group>";
		};
		25137C27C66D2E1BEC4318A7 /* OpenLaunchpad */ = {
			isa = PBXGroup;
			children = (
				D453BE91D8AC9209C1579803 /* AppIconCache.swift */,
				29BA734C9BC2743B9126C8DF /* AppTileButton.swift */,
				8674EBF4DC9CF16929FC9208 /* AppTilePresentationFactory.swift */,
				90B7A7140B4CDCDB9030B72F /* DesktopWallpaperProvider.swift */,
				30850971FE77D9F3C72CBD63 /* LaunchpadPresentationController.swift */,
				F87E6A740240D9B0D3535A82 /* LaunchpadSearchComponents.swift */,
				F123D9E01057F33CCEE8C8F8 /* LaunchpadSearchField.swift */,
				408C803592FEE9AADE0D481D /* LaunchpadVisualStyle.swift */,
				C6704EE704752E1B700379D8 /* LaunchpadWindow.swift */,
				9B619722288AFCCF8E443240 /* LaunchpadWindowController.swift */,
				6B31A338D9D6D61031ECD4A2 /* main.swift */,
				5462CB0F958F486BD9D285B0 /* MenuBarBackdropWindow.swift */,
				7A68E669D05E860BEC22BEBE /* OpenLaunchpadAppDelegate.swift */,
				5582D3009A0729AEB083C298 /* PageScrollGesture.swift */,
				B7B62A789019436B0A0D6AFD /* ResolvedLaunchpadItem.swift */,
				9FEB6AA18D73798F6BE43641 /* Resources */,
			);
			path = OpenLaunchpad;
			sourceTree = "<group>";
		};
		2D1E4ACAB1567E0136ADE41F /* AppCore */ = {
			isa = PBXGroup;
			children = (
				5A71E63C4F81618B4309D179 /* AppCatalogActor.swift */,
				222A916923502CF88621E550 /* AppDiscoverySource.swift */,
				7D4DD9B562099FCB3AFBACDE /* ApplicationIdentity.swift */,
				0010D0D559BB03A275C5E2D7 /* ApplicationRecord.swift */,
				5B7888236C5D76843001275B /* AppMetadataResolver.swift */,
				6E4E38533AF488DB1288B349 /* LauncherDefaultLayoutBuilder.swift */,
				05BDA3348588276429A32E8C /* LauncherDragCommitState.swift */,
				49FAB7FB75A8EB4913EC664D /* LauncherDragIntentState.swift */,
				85B82049AF39D0EE1704D010 /* LauncherDragPreviewState.swift */,
				331B4CEC80B332CBD4C548BC /* LauncherDragStateMachine.swift */,
				2283965C7B8580E623BDF407 /* LauncherLayoutDocument.swift */,
				443ADE5BD70008889E14D3C2 /* LauncherLayoutDraft.swift */,
				8E8172469CCCFEC76AE9EA87 /* LauncherLayoutReconciler.swift */,
				58F1DF5F55DA2514F95D019C /* LauncherLayoutStore.swift */,
				0B59604F608CE8477EE1138B /* PageMotionProfile.swift */,
				D45B035DE8628F65130BE4BA /* PageSwipeInputGate.swift */,
				06F63F3C59882C8698FF60D5 /* PageTransitionState.swift */,
			);
			path = AppCore;
			sourceTree = "<group>";
		};
		653B517893F31BDC96DB62F6 /* DisplayCore */ = {
			isa = PBXGroup;
			children = (
				B0946DC2D0BD13B636F8886A /* DisplayContext.swift */,
				EDA93710BB6535845908D4F8 /* DisplayInsets.swift */,
				136C4AC0BA1222160B7396B7 /* ScreenDisplayContextResolver.swift */,
			);
			path = DisplayCore;
			sourceTree = "<group>";
		};
		7907B142E5B447BF5AB8C31A /* OpenLaunchpadAgent */ = {
			isa = PBXGroup;
			children = (
				AAB2DA73B71E42DFD2282ECC /* main.swift */,
			);
			path = OpenLaunchpadAgent;
			sourceTree = "<group>";
		};
		7D722812A4BE974615F8AC03 /* DisplayCoreTests */ = {
			isa = PBXGroup;
			children = (
				2A2FEDF9B1040E2BC75BBC0C /* DisplayContextTests.swift */,
			);
			path = DisplayCoreTests;
			sourceTree = "<group>";
		};
		9F1FF3F849D56E025C55E5FA /* LayoutCore */ = {
			isa = PBXGroup;
			children = (
				1EAD90D03BB151AA69C03063 /* CenteredPresentationTransform.swift */,
				0D4FE193FBED9D30F9E18F22 /* FolderGridMetrics.swift */,
				35FDED82180A56F6A542E724 /* FolderLayoutConstraintSolver.swift */,
				E9CE27EBFA652CBA3E31B67D /* FolderLayoutTokens.swift */,
				D42F69A84F543CACEA2F40F3 /* FolderMergeGeometry.swift */,
				58E56C5EAF5E8F1588E68A9B /* GridMetrics.swift */,
				923104603F4482D099C1A3BD /* GridSelectionNavigator.swift */,
				7063D05C62C50D27709A8D0E /* LayoutConstraintSolver.swift */,
				D6C735E23F834DA31394689A /* LayoutTokens.swift */,
				A6E016B8F4BBBF3C3E66756D /* UserLayoutPreferences.swift */,
				FFC25F4369C5A202FE36D9E6 /* WallpaperLayout.swift */,
			);
			path = LayoutCore;
			sourceTree = "<group>";
		};
		9FEB6AA18D73798F6BE43641 /* Resources */ = {
			isa = PBXGroup;
			children = (
				1C0FEBCEA50BB7DED8593A8B /* Assets.xcassets */,
			);
			path = Resources;
			sourceTree = "<group>";
		};
		AEE51A3EEA90F765E3C62150 = {
			isa = PBXGroup;
			children = (
				C3456369DF0C73396D138298 /* Sources */,
				B493D102BE66C2F24175D9BA /* Tests */,
				221F53E1639E53D34C696801 /* Products */,
			);
			sourceTree = "<group>";
		};
		B493D102BE66C2F24175D9BA /* Tests */ = {
			isa = PBXGroup;
			children = (
				1CE17EFBAEA59D46FC2CB85F /* AppCoreTests */,
				7D722812A4BE974615F8AC03 /* DisplayCoreTests */,
				14A8FEA249F90D582CD4101B /* LayoutCoreTests */,
			);
			path = Tests;
			sourceTree = "<group>";
		};
		C3456369DF0C73396D138298 /* Sources */ = {
			isa = PBXGroup;
			children = (
				2D1E4ACAB1567E0136ADE41F /* AppCore */,
				653B517893F31BDC96DB62F6 /* DisplayCore */,
				9F1FF3F849D56E025C55E5FA /* LayoutCore */,
				25137C27C66D2E1BEC4318A7 /* OpenLaunchpad */,
				7907B142E5B447BF5AB8C31A /* OpenLaunchpadAgent */,
			);
			path = Sources;
			sourceTree = "<group>";
		};
/* End PBXGroup section */

/* Begin PBXNativeTarget section */
		12CFDAEAC98137A52DD8682D /* DisplayCoreTests */ = {
			isa = PBXNativeTarget;
			buildConfigurationList = 5F0520A4845B46B80F412A6E /* Build configuration list for PBXNativeTarget "DisplayCoreTests" */;
			buildPhases = (
				FC1CF81514A584FA8EDA53D5 /* Sources */,
				7D7B425867758093546E1EEE /* Frameworks */,
				32E5BF87F3A58C920038F59F /* Embed Frameworks */,
			);
			buildRules = (
			);
			dependencies = (
				144E0212F1DF28C98E436BF9 /* PBXTargetDependency */,
			);
			name = DisplayCoreTests;
			packageProductDependencies = (
			);
			productName = DisplayCoreTests;
			productReference = D8980D149844E12745569181 /* DisplayCoreTests.xctest */;
			productType = "com.apple.product-type.bundle.unit-test";
		};
		4A138C787ADC5E41BBE02027 /* LayoutCoreTests */ = {
			isa = PBXNativeTarget;
			buildConfigurationList = A2FB608D3E3B528A30E25209 /* Build configuration list for PBXNativeTarget "LayoutCoreTests" */;
			buildPhases = (
				B84C5EF8D013FC4A54328CFD /* Sources */,
				1D3E432D551FF058742F43D4 /* Frameworks */,
				BEA864D8152C595A0F423DBB /* Embed Frameworks */,
			);
			buildRules = (
			);
			dependencies = (
				285270FE04DE0DF339EF6B7D /* PBXTargetDependency */,
				2E7E4DE4BC18A03DF1121F35 /* PBXTargetDependency */,
			);
			name = LayoutCoreTests;
			packageProductDependencies = (
			);
			productName = LayoutCoreTests;
			productReference = 6F029DB8DF3AA6B270BCD7FD /* LayoutCoreTests.xctest */;
			productType = "com.apple.product-type.bundle.unit-test";
		};
		5E043041C2F50E83AEA383F6 /* LayoutCore */ = {
			isa = PBXNativeTarget;
			buildConfigurationList = DE5AD24E8BB33900A50EC974 /* Build configuration list for PBXNativeTarget "LayoutCore" */;
			buildPhases = (
				8665439CB246AF3FD99F8AA3 /* Sources */,
				4047F675B5D4188FFB1F1E69 /* Frameworks */,
			);
			buildRules = (
			);
			dependencies = (
				2B317B640A5D28369085956B /* PBXTargetDependency */,
			);
			name = LayoutCore;
			packageProductDependencies = (
			);
			productName = LayoutCore;
			productReference = 89DEAF972EA4C00ED237B8E3 /* LayoutCore.framework */;
			productType = "com.apple.product-type.framework";
		};
		A601FBF8B0FF84481231803F /* OpenLaunchpad */ = {
			isa = PBXNativeTarget;
			buildConfigurationList = 6E2015047DD4DA92402460DC /* Build configuration list for PBXNativeTarget "OpenLaunchpad" */;
			buildPhases = (
				D62C611A2F914D9A76A3D0CB /* Sources */,
				AB6FC30484D5021C3F26D4C5 /* Resources */,
				87168B8C3FD4B1C557ACAB15 /* Embed Dependencies */,
			);
			buildRules = (
			);
			dependencies = (
				A332CD3DF8F13682C66387A7 /* PBXTargetDependency */,
			);
			name = OpenLaunchpad;
			packageProductDependencies = (
			);
			productName = OpenLaunchpad;
			productReference = 3FB4D471A61995223FC3DF49 /* OpenLaunchpad.app */;
			productType = "com.apple.product-type.application";
		};
		A742D13D123D58D7443D071D /* AppCore */ = {
			isa = PBXNativeTarget;
			buildConfigurationList = 3E8555DD2945A09291C3105F /* Build configuration list for PBXNativeTarget "AppCore" */;
			buildPhases = (
				9718C414E50C062B7BA86A9F /* Sources */,
			);
			buildRules = (
			);
			dependencies = (
			);
			name = AppCore;
			packageProductDependencies = (
			);
			productName = AppCore;
			productReference = 44F7FDAC2CCD3E1F9BC1ACCF /* AppCore.framework */;
			productType = "com.apple.product-type.framework";
		};
		B072042C9B93747290AEA0B3 /* DisplayCore */ = {
			isa = PBXNativeTarget;
			buildConfigurationList = 3AE47CD7032C60FFAED411B5 /* Build configuration list for PBXNativeTarget "DisplayCore" */;
			buildPhases = (
				064BCC4FAD36C80732BA6BA8 /* Sources */,
			);
			buildRules = (
			);
			dependencies = (
			);
			name = DisplayCore;
			packageProductDependencies = (
			);
			productName = DisplayCore;
			productReference = 14B080262F0D053F847C8C56 /* DisplayCore.framework */;
			productType = "com.apple.product-type.framework";
		};
		D4ABD2A63C24B8AD8627CD54 /* OpenLaunchpadAgent */ = {
			isa = PBXNativeTarget;
			buildConfigurationList = 02030E936AFD23EDBE710426 /* Build configuration list for PBXNativeTarget "OpenLaunchpadAgent" */;
			buildPhases = (
				BC9CB06B1095B5D147FF7B0E /* Sources */,
				1BB5FEB02E0DDE257DDDE23A /* Frameworks */,
				680CF34A02193DFEAD207A69 /* Embed Frameworks */,
			);
			buildRules = (
			);
			dependencies = (
				303B72CD3445F9B803EE3022 /* PBXTargetDependency */,
				ACDDC9F6A4E7D473E95C9314 /* PBXTargetDependency */,
				A4A541E3B8BA2022D98C2F0E /* PBXTargetDependency */,
			);
			name = OpenLaunchpadAgent;
			packageProductDependencies = (
			);
			productName = OpenLaunchpadAgent;
			productReference = 1F4C6FA5030C26EE56A7EA1D /* OpenLaunchpadAgent.app */;
			productType = "com.apple.product-type.application";
		};
		FAE6BA9E8C49944AC05AECE5 /* AppCoreTests */ = {
			isa = PBXNativeTarget;
			buildConfigurationList = 71ADE9C52B9940BEB6DC9209 /* Build configuration list for PBXNativeTarget "AppCoreTests" */;
			buildPhases = (
				72201DEBE321520153630645 /* Sources */,
				3DC249CC08233DABDA24B8C6 /* Frameworks */,
				B79C48E29443CCD82BFEECFD /* Embed Frameworks */,
			);
			buildRules = (
			);
			dependencies = (
				2FE9CE75AAE3F25DB37508DC /* PBXTargetDependency */,
			);
			name = AppCoreTests;
			packageProductDependencies = (
			);
			productName = AppCoreTests;
			productReference = F141191ED646C7E4D1443F52 /* AppCoreTests.xctest */;
			productType = "com.apple.product-type.bundle.unit-test";
		};
/* End PBXNativeTarget section */

/* Begin PBXProject section */
		0EDFF5FABD4D2BFF09E84785 /* Project object */ = {
			isa = PBXProject;
			attributes = {
				BuildIndependentTargetsInParallel = YES;
				LastUpgradeCheck = 1430;
				TargetAttributes = {
					A601FBF8B0FF84481231803F = {
						ProvisioningStyle = Automatic;
					};
					D4ABD2A63C24B8AD8627CD54 = {
						ProvisioningStyle = Automatic;
					};
				};
			};
			buildConfigurationList = DFE695066891B9FE3D2D7E5C /* Build configuration list for PBXProject "OpenLaunchpad" */;
			developmentRegion = en;
			hasScannedForEncodings = 0;
			knownRegions = (
				Base,
				en,
			);
			mainGroup = AEE51A3EEA90F765E3C62150;
			minimizedProjectReferenceProxies = 1;
			preferredProjectObjectVersion = 77;
			productRefGroup = 221F53E1639E53D34C696801 /* Products */;
			projectDirPath = "";
			projectRoot = "";
			targets = (
				A742D13D123D58D7443D071D /* AppCore */,
				B072042C9B93747290AEA0B3 /* DisplayCore */,
				5E043041C2F50E83AEA383F6 /* LayoutCore */,
				D4ABD2A63C24B8AD8627CD54 /* OpenLaunchpadAgent */,
				A601FBF8B0FF84481231803F /* OpenLaunchpad */,
				12CFDAEAC98137A52DD8682D /* DisplayCoreTests */,
				FAE6BA9E8C49944AC05AECE5 /* AppCoreTests */,
				4A138C787ADC5E41BBE02027 /* LayoutCoreTests */,
			);
		};
/* End PBXProject section */

/* Begin PBXResourcesBuildPhase section */
		AB6FC30484D5021C3F26D4C5 /* Resources */ = {
			isa = PBXResourcesBuildPhase;
			buildActionMask = 2147483647;
			files = (
				66DFE17C98AE09F860C4D9FE /* Assets.xcassets in Resources */,
			);
			runOnlyForDeploymentPostprocessing = 0;
		};
/* End PBXResourcesBuildPhase section */

/* Begin PBXSourcesBuildPhase section */
		064BCC4FAD36C80732BA6BA8 /* Sources */ = {
			isa = PBXSourcesBuildPhase;
			buildActionMask = 2147483647;
			files = (
				BBD927F0234C09615E21EFEF /* DisplayContext.swift in Sources */,
				38338CE141DF7A401F741EB8 /* DisplayInsets.swift in Sources */,
				E754536A2A3A83427C738E43 /* ScreenDisplayContextResolver.swift in Sources */,
			);
			runOnlyForDeploymentPostprocessing = 0;
		};
		72201DEBE321520153630645 /* Sources */ = {
			isa = PBXSourcesBuildPhase;
			buildActionMask = 2147483647;
			files = (
				7D13D66E6AB7023E6E15D1BB /* AppCatalogActorTests.swift in Sources */,
				4BF61D2F63AAA0313946A12A /* ApplicationIdentityTests.swift in Sources */,
				6ECC782FD9346E1394D30D7F /* LauncherDefaultLayoutBuilderTests.swift in Sources */,
				A780A6DA3C9E839CCC62F01C /* LauncherDragCommitStateTests.swift in Sources */,
				561CEDCF70E1ED1439952115 /* LauncherDragIntentStateTests.swift in Sources */,
				ED1D7F71E65DF6981AB28963 /* LauncherDragPreviewStateTests.swift in Sources */,
				0E7BE9F258F11E32BBBDA4BC /* LauncherDragStateMachineTests.swift in Sources */,
				B3B8DD678C68BDD603140072 /* LauncherLayoutDocumentTests.swift in Sources */,
				554B253BC555D81ED3544343 /* LauncherLayoutDraftTests.swift in Sources */,
				C04D59C36E7C233FFB4A7FCF /* LauncherLayoutReconcilerTests.swift in Sources */,
				E38DB2D9C05247EC6C9E346C /* LauncherLayoutStoreTests.swift in Sources */,
				AB23ABABD660E86FA8280D84 /* LauncherPageLayoutTests.swift in Sources */,
				EF8FB1C8A1FD228F2E89F5DD /* PageMotionProfileTests.swift in Sources */,
				576B2AD694B796D08BC9E257 /* PageSwipeInputGateTests.swift in Sources */,
				83CF9D37C4C8FFDEFA6363C8 /* PageTransitionStateTests.swift in Sources */,
			);
			runOnlyForDeploymentPostprocessing = 0;
		};
		8665439CB246AF3FD99F8AA3 /* Sources */ = {
			isa = PBXSourcesBuildPhase;
			buildActionMask = 2147483647;
			files = (
				F6FD14BD66E6377B197C68B5 /* CenteredPresentationTransform.swift in Sources */,
				0D75DFD8B3636EBE3C49B253 /* FolderGridMetrics.swift in Sources */,
				8064EC976AAB851F2A8B01C9 /* FolderLayoutConstraintSolver.swift in Sources */,
				CD38ECE9DAA3FA7BFADB27A3 /* FolderLayoutTokens.swift in Sources */,
				076720C79CE4975D8DBFBFFC /* FolderMergeGeometry.swift in Sources */,
				21F1378191CE5F7511A2D664 /* GridMetrics.swift in Sources */,
				06AE82056D84B58F1069B121 /* GridSelectionNavigator.swift in Sources */,
				EC6ED64604B08802F3D1B6E8 /* LayoutConstraintSolver.swift in Sources */,
				EA7CB40CC9BDEC554FCF325A /* LayoutTokens.swift in Sources */,
				26A850A64CAFCB2B4856CDB1 /* UserLayoutPreferences.swift in Sources */,
				8E33BF2A559BD4E5CE99DFA4 /* WallpaperLayout.swift in Sources */,
			);
			runOnlyForDeploymentPostprocessing = 0;
		};
		9718C414E50C062B7BA86A9F /* Sources */ = {
			isa = PBXSourcesBuildPhase;
			buildActionMask = 2147483647;
			files = (
				0473325F92F5258D0EFFB709 /* AppCatalogActor.swift in Sources */,
				2A5C5FD421CDFC00DD417728 /* AppDiscoverySource.swift in Sources */,
				2F41671EA778A1981C5EA746 /* AppMetadataResolver.swift in Sources */,
				9E1117AC6FA0ACFA8D8BBCC4 /* ApplicationIdentity.swift in Sources */,
				CE585326F1AAE90FAC1E4629 /* ApplicationRecord.swift in Sources */,
				617EB9BBAEF01705271FE06C /* LauncherDefaultLayoutBuilder.swift in Sources */,
				2A36395A891FD203FD6D782D /* LauncherDragCommitState.swift in Sources */,
				2BF49A8EB666CBFEB238C6AD /* LauncherDragIntentState.swift in Sources */,
				45D8759CBAB893D7807245BC /* LauncherDragPreviewState.swift in Sources */,
				E6AF7A7F57C90533FE267065 /* LauncherDragStateMachine.swift in Sources */,
				DF2568B13D8E83F6EE571409 /* LauncherLayoutDocument.swift in Sources */,
				1B0BA9C755B1111664D706C4 /* LauncherLayoutDraft.swift in Sources */,
				4AB7E10CD1AD74EC3A6073B0 /* LauncherLayoutReconciler.swift in Sources */,
				8AE129D56A97F106EC32B1F9 /* LauncherLayoutStore.swift in Sources */,
				9822FBB9857D74F50D7F9F88 /* PageMotionProfile.swift in Sources */,
				74B353BD689754E370C35CBD /* PageSwipeInputGate.swift in Sources */,
				96A96046F1CC4C663C419352 /* PageTransitionState.swift in Sources */,
			);
			runOnlyForDeploymentPostprocessing = 0;
		};
		B84C5EF8D013FC4A54328CFD /* Sources */ = {
			isa = PBXSourcesBuildPhase;
			buildActionMask = 2147483647;
			files = (
				C79B23A4A9BC0F91230F0BA3 /* CenteredPresentationTransformTests.swift in Sources */,
				27F24BD6F3FEBB68F9B638C2 /* FolderLayoutConstraintSolverTests.swift in Sources */,
				40EDD0DC6379C1C217123FE1 /* FolderMergeGeometryTests.swift in Sources */,
				9D84044BCC7785CC301C78C2 /* GridSelectionNavigatorTests.swift in Sources */,
				E248EBE2D852A55B5EDBB646 /* LayoutConstraintSolverTests.swift in Sources */,
				B60E2E45077A95F095CAEEEC /* WallpaperLayoutTests.swift in Sources */,
			);
			runOnlyForDeploymentPostprocessing = 0;
		};
		BC9CB06B1095B5D147FF7B0E /* Sources */ = {
			isa = PBXSourcesBuildPhase;
			buildActionMask = 2147483647;
			files = (
				E33584186695C9C800A1AD0F /* AppIconCache.swift in Sources */,
				5E85CCD398BE0C348CAAF09F /* AppTileButton.swift in Sources */,
				6C0AD29151E507B5C3D7CCD1 /* AppTilePresentationFactory.swift in Sources */,
				8891FCB45B7EEABCF68AAFAC /* DesktopWallpaperProvider.swift in Sources */,
				9227412F4505882E0E7DD33D /* LaunchpadPresentationController.swift in Sources */,
				4247153B8892FDD2C15E40D1 /* LaunchpadSearchComponents.swift in Sources */,
				742D544AFE2AD75CDF0C8F48 /* LaunchpadSearchField.swift in Sources */,
				AFB607DA6FAB5DAAA5F8A1ED /* LaunchpadVisualStyle.swift in Sources */,
				E9DC648E2B6FAB77C71311CC /* LaunchpadWindow.swift in Sources */,
				FBD82A0C49F0AFC8E4E7C9C9 /* LaunchpadWindowController.swift in Sources */,
				CED3475B2679E293531AA094 /* MenuBarBackdropWindow.swift in Sources */,
				ABF7D9DF7083E8E8F31AF65C /* OpenLaunchpadAppDelegate.swift in Sources */,
				7ADE28F647B62F1FA8A80F9F /* PageScrollGesture.swift in Sources */,
				09D8835A3A84C41F74DC8AFC /* ResolvedLaunchpadItem.swift in Sources */,
				48945C82D0C2F2EBDE9D5655 /* main.swift in Sources */,
			);
			runOnlyForDeploymentPostprocessing = 0;
		};
		D62C611A2F914D9A76A3D0CB /* Sources */ = {
			isa = PBXSourcesBuildPhase;
			buildActionMask = 2147483647;
			files = (
				25A728D9AB20BA136BAA71A1 /* main.swift in Sources */,
			);
			runOnlyForDeploymentPostprocessing = 0;
		};
		FC1CF81514A584FA8EDA53D5 /* Sources */ = {
			isa = PBXSourcesBuildPhase;
			buildActionMask = 2147483647;
			files = (
				E50538903ABDAA277D54BB54 /* DisplayContextTests.swift in Sources */,
			);
			runOnlyForDeploymentPostprocessing = 0;
		};
/* End PBXSourcesBuildPhase section */

/* Begin PBXTargetDependency section */
		144E0212F1DF28C98E436BF9 /* PBXTargetDependency */ = {
			isa = PBXTargetDependency;
			target = B072042C9B93747290AEA0B3 /* DisplayCore */;
			targetProxy = F35B1C0486348253B7C037CA /* PBXContainerItemProxy */;
		};
		285270FE04DE0DF339EF6B7D /* PBXTargetDependency */ = {
			isa = PBXTargetDependency;
			target = B072042C9B93747290AEA0B3 /* DisplayCore */;
			targetProxy = 82E69718AB24EE6FE7D55CCF /* PBXContainerItemProxy */;
		};
		2B317B640A5D28369085956B /* PBXTargetDependency */ = {
			isa = PBXTargetDependency;
			target = B072042C9B93747290AEA0B3 /* DisplayCore */;
			targetProxy = BF8DA5BC347C340BC1570977 /* PBXContainerItemProxy */;
		};
		2E7E4DE4BC18A03DF1121F35 /* PBXTargetDependency */ = {
			isa = PBXTargetDependency;
			target = 5E043041C2F50E83AEA383F6 /* LayoutCore */;
			targetProxy = 28C52E07AAE9272836CEA557 /* PBXContainerItemProxy */;
		};
		2FE9CE75AAE3F25DB37508DC /* PBXTargetDependency */ = {
			isa = PBXTargetDependency;
			target = A742D13D123D58D7443D071D /* AppCore */;
			targetProxy = B209A39F33161F473C52271C /* PBXContainerItemProxy */;
		};
		303B72CD3445F9B803EE3022 /* PBXTargetDependency */ = {
			isa = PBXTargetDependency;
			target = A742D13D123D58D7443D071D /* AppCore */;
			targetProxy = A674D87F47AE3A7932BF70F7 /* PBXContainerItemProxy */;
		};
		A332CD3DF8F13682C66387A7 /* PBXTargetDependency */ = {
			isa = PBXTargetDependency;
			target = D4ABD2A63C24B8AD8627CD54 /* OpenLaunchpadAgent */;
			targetProxy = CE86F3D4A028913A18358730 /* PBXContainerItemProxy */;
		};
		A4A541E3B8BA2022D98C2F0E /* PBXTargetDependency */ = {
			isa = PBXTargetDependency;
			target = 5E043041C2F50E83AEA383F6 /* LayoutCore */;
			targetProxy = 591B76DF58DAE3568FC7EF19 /* PBXContainerItemProxy */;
		};
		ACDDC9F6A4E7D473E95C9314 /* PBXTargetDependency */ = {
			isa = PBXTargetDependency;
			target = B072042C9B93747290AEA0B3 /* DisplayCore */;
			targetProxy = 87BAD235FBBE161349E09867 /* PBXContainerItemProxy */;
		};
/* End PBXTargetDependency section */

/* Begin XCBuildConfiguration section */
		24BB729CE8572F3B8C54F58A /* Debug */ = {
			isa = XCBuildConfiguration;
			buildSettings = {
				CODE_SIGN_IDENTITY = "";
				COMBINE_HIDPI_IMAGES = YES;
				CURRENT_PROJECT_VERSION = 1;
				DEFINES_MODULE = YES;
				DYLIB_COMPATIBILITY_VERSION = 1;
				DYLIB_CURRENT_VERSION = 1;
				DYLIB_INSTALL_NAME_BASE = "@rpath";
				GENERATE_INFOPLIST_FILE = YES;
				INSTALL_PATH = "$(LOCAL_LIBRARY_DIR)/Frameworks";
				LD_RUNPATH_SEARCH_PATHS = (
					"$(inherited)",
					"@executable_path/../Frameworks",
				);
				PRODUCT_BUNDLE_IDENTIFIER = org.openlaunchpad.DisplayCore;
				SDKROOT = macosx;
				SKIP_INSTALL = YES;
				VERSIONING_SYSTEM = "apple-generic";
			};
			name = Debug;
		};
		3A350905C26BE7AA09D414BB /* Debug */ = {
			isa = XCBuildConfiguration;
			buildSettings = {
				BUNDLE_LOADER = "$(TEST_HOST)";
				COMBINE_HIDPI_IMAGES = YES;
				GENERATE_INFOPLIST_FILE = YES;
				LD_RUNPATH_SEARCH_PATHS = (
					"$(inherited)",
					"@executable_path/../Frameworks",
					"@loader_path/../Frameworks",
				);
				PRODUCT_BUNDLE_IDENTIFIER = org.openlaunchpad.AppCoreTests;
				SDKROOT = macosx;
			};
			name = Debug;
		};
		4C34C710A8CC1DD068BB120D /* Release */ = {
			isa = XCBuildConfiguration;
			buildSettings = {
				CODE_SIGN_IDENTITY = "";
				COMBINE_HIDPI_IMAGES = YES;
				CURRENT_PROJECT_VERSION = 1;
				DEFINES_MODULE = YES;
				DYLIB_COMPATIBILITY_VERSION = 1;
				DYLIB_CURRENT_VERSION = 1;
				DYLIB_INSTALL_NAME_BASE = "@rpath";
				GENERATE_INFOPLIST_FILE = YES;
				INSTALL_PATH = "$(LOCAL_LIBRARY_DIR)/Frameworks";
				LD_RUNPATH_SEARCH_PATHS = (
					"$(inherited)",
					"@executable_path/../Frameworks",
				);
				PRODUCT_BUNDLE_IDENTIFIER = org.openlaunchpad.LayoutCore;
				SDKROOT = macosx;
				SKIP_INSTALL = YES;
				VERSIONING_SYSTEM = "apple-generic";
			};
			name = Release;
		};
		622F8F83507ADCAA79DC6279 /* Debug */ = {
			isa = XCBuildConfiguration;
			buildSettings = {
				ASSETCATALOG_COMPILER_APPICON_NAME = AppIcon;
				CODE_SIGN_STYLE = Automatic;
				COMBINE_HIDPI_IMAGES = YES;
				CURRENT_PROJECT_VERSION = 1;
				GENERATE_INFOPLIST_FILE = YES;
				INFOPLIST_KEY_CFBundleDisplayName = OpenLaunchpadAgent;
				INFOPLIST_KEY_LSApplicationCategoryType = "public.app-category.utilities";
				INFOPLIST_KEY_LSUIElement = YES;
				INFOPLIST_KEY_NSHumanReadableCopyright = "Copyright © 2026 OpenLaunchpad contributors";
				LD_RUNPATH_SEARCH_PATHS = (
					"$(inherited)",
					"@executable_path/../Frameworks",
				);
				MARKETING_VERSION = 1.0;
				PRODUCT_BUNDLE_IDENTIFIER = org.openlaunchpad.OpenLaunchpadAgent;
				PRODUCT_NAME = OpenLaunchpadAgent;
				SDKROOT = macosx;
				SKIP_INSTALL = YES;
			};
			name = Debug;
		};
		71E6CDFC5F57BAD1CB162DF9 /* Debug */ = {
			isa = XCBuildConfiguration;
			buildSettings = {
				BUNDLE_LOADER = "$(TEST_HOST)";
				COMBINE_HIDPI_IMAGES = YES;
				GENERATE_INFOPLIST_FILE = YES;
				LD_RUNPATH_SEARCH_PATHS = (
					"$(inherited)",
					"@executable_path/../Frameworks",
					"@loader_path/../Frameworks",
				);
				PRODUCT_BUNDLE_IDENTIFIER = org.openlaunchpad.LayoutCoreTests;
				SDKROOT = macosx;
			};
			name = Debug;
		};
		773C407A5CA0A9CD38DC3886 /* Release */ = {
			isa = XCBuildConfiguration;
			buildSettings = {
				ASSETCATALOG_COMPILER_APPICON_NAME = AppIcon;
				CODE_SIGN_STYLE = Automatic;
				COMBINE_HIDPI_IMAGES = YES;
				CURRENT_PROJECT_VERSION = 1;
				GENERATE_INFOPLIST_FILE = YES;
				INFOPLIST_KEY_CFBundleDisplayName = OpenLaunchpadAgent;
				INFOPLIST_KEY_LSApplicationCategoryType = "public.app-category.utilities";
				INFOPLIST_KEY_LSUIElement = YES;
				INFOPLIST_KEY_NSHumanReadableCopyright = "Copyright © 2026 OpenLaunchpad contributors";
				LD_RUNPATH_SEARCH_PATHS = (
					"$(inherited)",
					"@executable_path/../Frameworks",
				);
				MARKETING_VERSION = 1.0;
				PRODUCT_BUNDLE_IDENTIFIER = org.openlaunchpad.OpenLaunchpadAgent;
				PRODUCT_NAME = OpenLaunchpadAgent;
				SDKROOT = macosx;
				SKIP_INSTALL = YES;
			};
			name = Release;
		};
		8F2A6DDAE221CF5485A37C75 /* Release */ = {
			isa = XCBuildConfiguration;
			buildSettings = {
				CODE_SIGN_IDENTITY = "";
				COMBINE_HIDPI_IMAGES = YES;
				CURRENT_PROJECT_VERSION = 1;
				DEFINES_MODULE = YES;
				DYLIB_COMPATIBILITY_VERSION = 1;
				DYLIB_CURRENT_VERSION = 1;
				DYLIB_INSTALL_NAME_BASE = "@rpath";
				GENERATE_INFOPLIST_FILE = YES;
				INSTALL_PATH = "$(LOCAL_LIBRARY_DIR)/Frameworks";
				LD_RUNPATH_SEARCH_PATHS = (
					"$(inherited)",
					"@executable_path/../Frameworks",
				);
				PRODUCT_BUNDLE_IDENTIFIER = org.openlaunchpad.AppCore;
				SDKROOT = macosx;
				SKIP_INSTALL = YES;
				VERSIONING_SYSTEM = "apple-generic";
			};
			name = Release;
		};
		978883D9C36E672A6F955C7D /* Debug */ = {
			isa = XCBuildConfiguration;
			buildSettings = {
				CODE_SIGN_IDENTITY = "";
				COMBINE_HIDPI_IMAGES = YES;
				CURRENT_PROJECT_VERSION = 1;
				DEFINES_MODULE = YES;
				DYLIB_COMPATIBILITY_VERSION = 1;
				DYLIB_CURRENT_VERSION = 1;
				DYLIB_INSTALL_NAME_BASE = "@rpath";
				GENERATE_INFOPLIST_FILE = YES;
				INSTALL_PATH = "$(LOCAL_LIBRARY_DIR)/Frameworks";
				LD_RUNPATH_SEARCH_PATHS = (
					"$(inherited)",
					"@executable_path/../Frameworks",
				);
				PRODUCT_BUNDLE_IDENTIFIER = org.openlaunchpad.LayoutCore;
				SDKROOT = macosx;
				SKIP_INSTALL = YES;
				VERSIONING_SYSTEM = "apple-generic";
			};
			name = Debug;
		};
		9C5E7E0D13D37EBB4F85F134 /* Release */ = {
			isa = XCBuildConfiguration;
			buildSettings = {
				BUNDLE_LOADER = "$(TEST_HOST)";
				COMBINE_HIDPI_IMAGES = YES;
				GENERATE_INFOPLIST_FILE = YES;
				LD_RUNPATH_SEARCH_PATHS = (
					"$(inherited)",
					"@executable_path/../Frameworks",
					"@loader_path/../Frameworks",
				);
				PRODUCT_BUNDLE_IDENTIFIER = org.openlaunchpad.AppCoreTests;
				SDKROOT = macosx;
			};
			name = Release;
		};
		CB7DFE79CC44FAD455E37CB3 /* Release */ = {
			isa = XCBuildConfiguration;
			buildSettings = {
				BUNDLE_LOADER = "$(TEST_HOST)";
				COMBINE_HIDPI_IMAGES = YES;
				GENERATE_INFOPLIST_FILE = YES;
				LD_RUNPATH_SEARCH_PATHS = (
					"$(inherited)",
					"@executable_path/../Frameworks",
					"@loader_path/../Frameworks",
				);
				PRODUCT_BUNDLE_IDENTIFIER = org.openlaunchpad.DisplayCoreTests;
				SDKROOT = macosx;
			};
			name = Release;
		};
		CD646B9EE09ED1E1D56C4648 /* Release */ = {
			isa = XCBuildConfiguration;
			buildSettings = {
				BUNDLE_LOADER = "$(TEST_HOST)";
				COMBINE_HIDPI_IMAGES = YES;
				GENERATE_INFOPLIST_FILE = YES;
				LD_RUNPATH_SEARCH_PATHS = (
					"$(inherited)",
					"@executable_path/../Frameworks",
					"@loader_path/../Frameworks",
				);
				PRODUCT_BUNDLE_IDENTIFIER = org.openlaunchpad.LayoutCoreTests;
				SDKROOT = macosx;
			};
			name = Release;
		};
		D7806FC72BA85A3D7F357253 /* Debug */ = {
			isa = XCBuildConfiguration;
			buildSettings = {
				BUNDLE_LOADER = "$(TEST_HOST)";
				COMBINE_HIDPI_IMAGES = YES;
				GENERATE_INFOPLIST_FILE = YES;
				LD_RUNPATH_SEARCH_PATHS = (
					"$(inherited)",
					"@executable_path/../Frameworks",
					"@loader_path/../Frameworks",
				);
				PRODUCT_BUNDLE_IDENTIFIER = org.openlaunchpad.DisplayCoreTests;
				SDKROOT = macosx;
			};
			name = Debug;
		};
		E0E8298376322C7DE5FBA909 /* Debug */ = {
			isa = XCBuildConfiguration;
			buildSettings = {
				ASSETCATALOG_COMPILER_APPICON_NAME = AppIcon;
				CODE_SIGN_STYLE = Automatic;
				COMBINE_HIDPI_IMAGES = YES;
				CURRENT_PROJECT_VERSION = 1;
				GENERATE_INFOPLIST_FILE = YES;
				INFOPLIST_KEY_CFBundleDisplayName = OpenLaunchpad;
				INFOPLIST_KEY_LSApplicationCategoryType = "public.app-category.utilities";
				INFOPLIST_KEY_LSUIElement = YES;
				INFOPLIST_KEY_NSHumanReadableCopyright = "Copyright © 2026 OpenLaunchpad contributors";
				LD_RUNPATH_SEARCH_PATHS = (
					"$(inherited)",
					"@executable_path/../Frameworks",
				);
				MARKETING_VERSION = 1.0;
				PRODUCT_BUNDLE_IDENTIFIER = org.openlaunchpad.OpenLaunchpad;
				PRODUCT_NAME = OpenLaunchpad;
				SDKROOT = macosx;
			};
			name = Debug;
		};
		E9C2AF8386DD32B6DAADA698 /* Release */ = {
			isa = XCBuildConfiguration;
			buildSettings = {
				ALWAYS_SEARCH_USER_PATHS = NO;
				CLANG_ANALYZER_NONNULL = YES;
				CLANG_ANALYZER_NUMBER_OBJECT_CONVERSION = YES_AGGRESSIVE;
				CLANG_CXX_LANGUAGE_STANDARD = "gnu++14";
				CLANG_CXX_LIBRARY = "libc++";
				CLANG_ENABLE_MODULES = YES;
				CLANG_ENABLE_OBJC_ARC = YES;
				CLANG_ENABLE_OBJC_WEAK = YES;
				CLANG_WARN_BLOCK_CAPTURE_AUTORELEASING = YES;
				CLANG_WARN_BOOL_CONVERSION = YES;
				CLANG_WARN_COMMA = YES;
				CLANG_WARN_CONSTANT_CONVERSION = YES;
				CLANG_WARN_DEPRECATED_OBJC_IMPLEMENTATIONS = YES;
				CLANG_WARN_DIRECT_OBJC_ISA_USAGE = YES_ERROR;
				CLANG_WARN_DOCUMENTATION_COMMENTS = YES;
				CLANG_WARN_EMPTY_BODY = YES;
				CLANG_WARN_ENUM_CONVERSION = YES;
				CLANG_WARN_INFINITE_RECURSION = YES;
				CLANG_WARN_INT_CONVERSION = YES;
				CLANG_WARN_NON_LITERAL_NULL_CONVERSION = YES;
				CLANG_WARN_OBJC_IMPLICIT_RETAIN_SELF = YES;
				CLANG_WARN_OBJC_LITERAL_CONVERSION = YES;
				CLANG_WARN_OBJC_ROOT_CLASS = YES_ERROR;
				CLANG_WARN_QUOTED_INCLUDE_IN_FRAMEWORK_HEADER = YES;
				CLANG_WARN_RANGE_LOOP_ANALYSIS = YES;
				CLANG_WARN_STRICT_PROTOTYPES = YES;
				CLANG_WARN_SUSPICIOUS_MOVE = YES;
				CLANG_WARN_UNGUARDED_AVAILABILITY = YES_AGGRESSIVE;
				CLANG_WARN_UNREACHABLE_CODE = YES;
				CLANG_WARN__DUPLICATE_METHOD_MATCH = YES;
				COPY_PHASE_STRIP = NO;
				DEBUG_INFORMATION_FORMAT = "dwarf-with-dsym";
				ENABLE_NS_ASSERTIONS = NO;
				ENABLE_STRICT_OBJC_MSGSEND = YES;
				GCC_C_LANGUAGE_STANDARD = gnu11;
				GCC_NO_COMMON_BLOCKS = YES;
				GCC_WARN_64_TO_32_BIT_CONVERSION = YES;
				GCC_WARN_ABOUT_RETURN_TYPE = YES_ERROR;
				GCC_WARN_UNDECLARED_SELECTOR = YES;
				GCC_WARN_UNINITIALIZED_AUTOS = YES_AGGRESSIVE;
				GCC_WARN_UNUSED_FUNCTION = YES;
				GCC_WARN_UNUSED_VARIABLE = YES;
				MACOSX_DEPLOYMENT_TARGET = 15.0;
				MTL_ENABLE_DEBUG_INFO = NO;
				MTL_FAST_MATH = YES;
				PRODUCT_NAME = "$(TARGET_NAME)";
				SDKROOT = macosx;
				SWIFT_COMPILATION_MODE = wholemodule;
				SWIFT_OPTIMIZATION_LEVEL = "-O";
				SWIFT_STRICT_CONCURRENCY = complete;
				SWIFT_VERSION = 6.0;
			};
			name = Release;
		};
		E9DBA3E47FD305281AE12F8F /* Debug */ = {
			isa = XCBuildConfiguration;
			buildSettings = {
				ALWAYS_SEARCH_USER_PATHS = NO;
				CLANG_ANALYZER_NONNULL = YES;
				CLANG_ANALYZER_NUMBER_OBJECT_CONVERSION = YES_AGGRESSIVE;
				CLANG_CXX_LANGUAGE_STANDARD = "gnu++14";
				CLANG_CXX_LIBRARY = "libc++";
				CLANG_ENABLE_MODULES = YES;
				CLANG_ENABLE_OBJC_ARC = YES;
				CLANG_ENABLE_OBJC_WEAK = YES;
				CLANG_WARN_BLOCK_CAPTURE_AUTORELEASING = YES;
				CLANG_WARN_BOOL_CONVERSION = YES;
				CLANG_WARN_COMMA = YES;
				CLANG_WARN_CONSTANT_CONVERSION = YES;
				CLANG_WARN_DEPRECATED_OBJC_IMPLEMENTATIONS = YES;
				CLANG_WARN_DIRECT_OBJC_ISA_USAGE = YES_ERROR;
				CLANG_WARN_DOCUMENTATION_COMMENTS = YES;
				CLANG_WARN_EMPTY_BODY = YES;
				CLANG_WARN_ENUM_CONVERSION = YES;
				CLANG_WARN_INFINITE_RECURSION = YES;
				CLANG_WARN_INT_CONVERSION = YES;
				CLANG_WARN_NON_LITERAL_NULL_CONVERSION = YES;
				CLANG_WARN_OBJC_IMPLICIT_RETAIN_SELF = YES;
				CLANG_WARN_OBJC_LITERAL_CONVERSION = YES;
				CLANG_WARN_OBJC_ROOT_CLASS = YES_ERROR;
				CLANG_WARN_QUOTED_INCLUDE_IN_FRAMEWORK_HEADER = YES;
				CLANG_WARN_RANGE_LOOP_ANALYSIS = YES;
				CLANG_WARN_STRICT_PROTOTYPES = YES;
				CLANG_WARN_SUSPICIOUS_MOVE = YES;
				CLANG_WARN_UNGUARDED_AVAILABILITY = YES_AGGRESSIVE;
				CLANG_WARN_UNREACHABLE_CODE = YES;
				CLANG_WARN__DUPLICATE_METHOD_MATCH = YES;
				COPY_PHASE_STRIP = NO;
				DEBUG_INFORMATION_FORMAT = dwarf;
				ENABLE_STRICT_OBJC_MSGSEND = YES;
				ENABLE_TESTABILITY = YES;
				GCC_C_LANGUAGE_STANDARD = gnu11;
				GCC_DYNAMIC_NO_PIC = NO;
				GCC_NO_COMMON_BLOCKS = YES;
				GCC_OPTIMIZATION_LEVEL = 0;
				GCC_PREPROCESSOR_DEFINITIONS = (
					"$(inherited)",
					"DEBUG=1",
				);
				GCC_WARN_64_TO_32_BIT_CONVERSION = YES;
				GCC_WARN_ABOUT_RETURN_TYPE = YES_ERROR;
				GCC_WARN_UNDECLARED_SELECTOR = YES;
				GCC_WARN_UNINITIALIZED_AUTOS = YES_AGGRESSIVE;
				GCC_WARN_UNUSED_FUNCTION = YES;
				GCC_WARN_UNUSED_VARIABLE = YES;
				MACOSX_DEPLOYMENT_TARGET = 15.0;
				MTL_ENABLE_DEBUG_INFO = INCLUDE_SOURCE;
				MTL_FAST_MATH = YES;
				ONLY_ACTIVE_ARCH = YES;
				PRODUCT_NAME = "$(TARGET_NAME)";
				SDKROOT = macosx;
				SWIFT_ACTIVE_COMPILATION_CONDITIONS = DEBUG;
				SWIFT_OPTIMIZATION_LEVEL = "-Onone";
				SWIFT_STRICT_CONCURRENCY = complete;
				SWIFT_VERSION = 6.0;
			};
			name = Debug;
		};
		F49AF2C7515FF3DFF7A5AA57 /* Release */ = {
			isa = XCBuildConfiguration;
			buildSettings = {
				CODE_SIGN_IDENTITY = "";
				COMBINE_HIDPI_IMAGES = YES;
				CURRENT_PROJECT_VERSION = 1;
				DEFINES_MODULE = YES;
				DYLIB_COMPATIBILITY_VERSION = 1;
				DYLIB_CURRENT_VERSION = 1;
				DYLIB_INSTALL_NAME_BASE = "@rpath";
				GENERATE_INFOPLIST_FILE = YES;
				INSTALL_PATH = "$(LOCAL_LIBRARY_DIR)/Frameworks";
				LD_RUNPATH_SEARCH_PATHS = (
					"$(inherited)",
					"@executable_path/../Frameworks",
				);
				PRODUCT_BUNDLE_IDENTIFIER = org.openlaunchpad.DisplayCore;
				SDKROOT = macosx;
				SKIP_INSTALL = YES;
				VERSIONING_SYSTEM = "apple-generic";
			};
			name = Release;
		};
		F624E729D9C4692C85DEEA37 /* Debug */ = {
			isa = XCBuildConfiguration;
			buildSettings = {
				CODE_SIGN_IDENTITY = "";
				COMBINE_HIDPI_IMAGES = YES;
				CURRENT_PROJECT_VERSION = 1;
				DEFINES_MODULE = YES;
				DYLIB_COMPATIBILITY_VERSION = 1;
				DYLIB_CURRENT_VERSION = 1;
				DYLIB_INSTALL_NAME_BASE = "@rpath";
				GENERATE_INFOPLIST_FILE = YES;
				INSTALL_PATH = "$(LOCAL_LIBRARY_DIR)/Frameworks";
				LD_RUNPATH_SEARCH_PATHS = (
					"$(inherited)",
					"@executable_path/../Frameworks",
				);
				PRODUCT_BUNDLE_IDENTIFIER = org.openlaunchpad.AppCore;
				SDKROOT = macosx;
				SKIP_INSTALL = YES;
				VERSIONING_SYSTEM = "apple-generic";
			};
			name = Debug;
		};
		F671C6F687445CA22B78B1D8 /* Release */ = {
			isa = XCBuildConfiguration;
			buildSettings = {
				ASSETCATALOG_COMPILER_APPICON_NAME = AppIcon;
				CODE_SIGN_STYLE = Automatic;
				COMBINE_HIDPI_IMAGES = YES;
				CURRENT_PROJECT_VERSION = 1;
				GENERATE_INFOPLIST_FILE = YES;
				INFOPLIST_KEY_CFBundleDisplayName = OpenLaunchpad;
				INFOPLIST_KEY_LSApplicationCategoryType = "public.app-category.utilities";
				INFOPLIST_KEY_LSUIElement = YES;
				INFOPLIST_KEY_NSHumanReadableCopyright = "Copyright © 2026 OpenLaunchpad contributors";
				LD_RUNPATH_SEARCH_PATHS = (
					"$(inherited)",
					"@executable_path/../Frameworks",
				);
				MARKETING_VERSION = 1.0;
				PRODUCT_BUNDLE_IDENTIFIER = org.openlaunchpad.OpenLaunchpad;
				PRODUCT_NAME = OpenLaunchpad;
				SDKROOT = macosx;
			};
			name = Release;
		};
/* End XCBuildConfiguration section */

/* Begin XCConfigurationList section */
		02030E936AFD23EDBE710426 /* Build configuration list for PBXNativeTarget "OpenLaunchpadAgent" */ = {
			isa = XCConfigurationList;
			buildConfigurations = (
				622F8F83507ADCAA79DC6279 /* Debug */,
				773C407A5CA0A9CD38DC3886 /* Release */,
			);
			defaultConfigurationIsVisible = 0;
			defaultConfigurationName = Debug;
		};
		3AE47CD7032C60FFAED411B5 /* Build configuration list for PBXNativeTarget "DisplayCore" */ = {
			isa = XCConfigurationList;
			buildConfigurations = (
				24BB729CE8572F3B8C54F58A /* Debug */,
				F49AF2C7515FF3DFF7A5AA57 /* Release */,
			);
			defaultConfigurationIsVisible = 0;
			defaultConfigurationName = Debug;
		};
		3E8555DD2945A09291C3105F /* Build configuration list for PBXNativeTarget "AppCore" */ = {
			isa = XCConfigurationList;
			buildConfigurations = (
				F624E729D9C4692C85DEEA37 /* Debug */,
				8F2A6DDAE221CF5485A37C75 /* Release */,
			);
			defaultConfigurationIsVisible = 0;
			defaultConfigurationName = Debug;
		};
		5F0520A4845B46B80F412A6E /* Build configuration list for PBXNativeTarget "DisplayCoreTests" */ = {
			isa = XCConfigurationList;
			buildConfigurations = (
				D7806FC72BA85A3D7F357253 /* Debug */,
				CB7DFE79CC44FAD455E37CB3 /* Release */,
			);
			defaultConfigurationIsVisible = 0;
			defaultConfigurationName = Debug;
		};
		6E2015047DD4DA92402460DC /* Build configuration list for PBXNativeTarget "OpenLaunchpad" */ = {
			isa = XCConfigurationList;
			buildConfigurations = (
				E0E8298376322C7DE5FBA909 /* Debug */,
				F671C6F687445CA22B78B1D8 /* Release */,
			);
			defaultConfigurationIsVisible = 0;
			defaultConfigurationName = Debug;
		};
		71ADE9C52B9940BEB6DC9209 /* Build configuration list for PBXNativeTarget "AppCoreTests" */ = {
			isa = XCConfigurationList;
			buildConfigurations = (
				3A350905C26BE7AA09D414BB /* Debug */,
				9C5E7E0D13D37EBB4F85F134 /* Release */,
			);
			defaultConfigurationIsVisible = 0;
			defaultConfigurationName = Debug;
		};
		A2FB608D3E3B528A30E25209 /* Build configuration list for PBXNativeTarget "LayoutCoreTests" */ = {
			isa = XCConfigurationList;
			buildConfigurations = (
				71E6CDFC5F57BAD1CB162DF9 /* Debug */,
				CD646B9EE09ED1E1D56C4648 /* Release */,
			);
			defaultConfigurationIsVisible = 0;
			defaultConfigurationName = Debug;
		};
		DE5AD24E8BB33900A50EC974 /* Build configuration list for PBXNativeTarget "LayoutCore" */ = {
			isa = XCConfigurationList;
			buildConfigurations = (
				978883D9C36E672A6F955C7D /* Debug */,
				4C34C710A8CC1DD068BB120D /* Release */,
			);
			defaultConfigurationIsVisible = 0;
			defaultConfigurationName = Debug;
		};
		DFE695066891B9FE3D2D7E5C /* Build configuration list for PBXProject "OpenLaunchpad" */ = {
			isa = XCConfigurationList;
			buildConfigurations = (
				E9DBA3E47FD305281AE12F8F /* Debug */,
				E9C2AF8386DD32B6DAADA698 /* Release */,
			);
			defaultConfigurationIsVisible = 0;
			defaultConfigurationName = Debug;
		};
/* End XCConfigurationList section */
	};
	rootObject = 0EDFF5FABD4D2BFF09E84785 /* Project object */;
}
