// !$*UTF8*$!
{
	archiveVersion = 1;
	classes = {
	};
	objectVersion = 77;
	objects = {

/* Begin PBXBuildFile section */
		01382720A283FBF99755B809 /* LauncherLayoutReconcilerTests.swift in Sources */ = {isa = PBXBuildFile; fileRef = FEE0DC4F8690655DDA73BE0D /* LauncherLayoutReconcilerTests.swift */; };
		0225E021435132E8079121F6 /* FolderGridMetrics.swift in Sources */ = {isa = PBXBuildFile; fileRef = A8D0B66CA1A4B30199F3E1D3 /* FolderGridMetrics.swift */; };
		052DD9094E2F4DCC39B8F72E /* LauncherDragPreviewState.swift in Sources */ = {isa = PBXBuildFile; fileRef = 1E3F7A3DB3B2CD50353978F8 /* LauncherDragPreviewState.swift */; };
		085D0AC34B574C197F44B538 /* GridReorderInsertionTests.swift in Sources */ = {isa = PBXBuildFile; fileRef = 5D36D9759B96FD6C41841548 /* GridReorderInsertionTests.swift */; };
		08F99B201FE3C398BEAE8CEA /* FolderMergeGeometryTests.swift in Sources */ = {isa = PBXBuildFile; fileRef = 5E3D7D8ED36560DC825FC0DD /* FolderMergeGeometryTests.swift */; };
		094A2787D464E97882839D53 /* LayoutConstraintSolver.swift in Sources */ = {isa = PBXBuildFile; fileRef = 623D836F4E1AC82D0601E627 /* LayoutConstraintSolver.swift */; };
		0B914600F25C1AFDDBCC5B20 /* LauncherDragCommitState.swift in Sources */ = {isa = PBXBuildFile; fileRef = 1FBDEF645C587C37DCFE71E3 /* LauncherDragCommitState.swift */; };
		101F3FD30ABC5471DA95BA0A /* FolderLayoutTokens.swift in Sources */ = {isa = PBXBuildFile; fileRef = F2285F3CA0109F16761E7FB9 /* FolderLayoutTokens.swift */; };
		10D09C5A6756EF09B3D81E20 /* CenteredPresentationTransform.swift in Sources */ = {isa = PBXBuildFile; fileRef = 8F38DB40A1EB1FF2E9C18C96 /* CenteredPresentationTransform.swift */; };
		137EB927173CC3021030D814 /* WallpaperLayoutTests.swift in Sources */ = {isa = PBXBuildFile; fileRef = EB1FA5291240A53CA5475222 /* WallpaperLayoutTests.swift */; };
		2185E876E1A099ED1BE98A56 /* LayoutCore.framework in Frameworks */ = {isa = PBXBuildFile; fileRef = 791B31D1600F2EED06F09B81 /* LayoutCore.framework */; };
		24125CBD1853171E7532736A /* LauncherDragCommitStateTests.swift in Sources */ = {isa = PBXBuildFile; fileRef = 90626F2B3854A6F1B3685069 /* LauncherDragCommitStateTests.swift */; };
		2A6E305E7695B8BA18878A38 /* UserLayoutPreferences.swift in Sources */ = {isa = PBXBuildFile; fileRef = 0719329AAA68490D0EDC4714 /* UserLayoutPreferences.swift */; };
		2CDE310B9A89A29FD90DC77C /* PageTransitionStateTests.swift in Sources */ = {isa = PBXBuildFile; fileRef = 6DE828ABC7FAEAB53292571D /* PageTransitionStateTests.swift */; };
		2D86C5A9EA7D53B1EA46B5E6 /* WallpaperLayout.swift in Sources */ = {isa = PBXBuildFile; fileRef = 4D896D3E99D3FE1479458FD6 /* WallpaperLayout.swift */; };
		2F4449A1904F8E69EA2CB73C /* LauncherDragIntentState.swift in Sources */ = {isa = PBXBuildFile; fileRef = C2DA1F6DF33477D52148D76F /* LauncherDragIntentState.swift */; };
		37BC9AE359754CDF2DCE6582 /* LayoutCore.framework in Embed Frameworks */ = {isa = PBXBuildFile; fileRef = 791B31D1600F2EED06F09B81 /* LayoutCore.framework */; settings = {ATTRIBUTES = (CodeSignOnCopy, RemoveHeadersOnCopy, ); }; };
		37FF745AB0B7C082609FE225 /* PageMotionProfile.swift in Sources */ = {isa = PBXBuildFile; fileRef = D994EFC9F4CE41F8D1D24541 /* PageMotionProfile.swift */; };
		381B3EE7F4305976F5F94080 /* LauncherLayoutDocumentTests.swift in Sources */ = {isa = PBXBuildFile; fileRef = 1A6733EB23B92AA8DEB5B47E /* LauncherLayoutDocumentTests.swift */; };
		3CDED0E7AD2DA3F58572E8FE /* LaunchpadWindowController.swift in Sources */ = {isa = PBXBuildFile; fileRef = 0688770B37BEAF9B2A779B51 /* LaunchpadWindowController.swift */; };
		4503D9511739B01AB1D657AF /* ScreenDisplayContextResolver.swift in Sources */ = {isa = PBXBuildFile; fileRef = 99F8D15E567D01A949E97CEB /* ScreenDisplayContextResolver.swift */; };
		4AD85C17B3EBF37CF08624B1 /* AppDiscoverySource.swift in Sources */ = {isa = PBXBuildFile; fileRef = A2595FF47923DB2D6E9A2342 /* AppDiscoverySource.swift */; };
		503D7FBB6036D45F02A101C7 /* DisplayCore.framework in Frameworks */ = {isa = PBXBuildFile; fileRef = EA0D439F7B62854C7D342B32 /* DisplayCore.framework */; };
		51820550E35C5ACF02D9F0D4 /* GridSelectionNavigatorTests.swift in Sources */ = {isa = PBXBuildFile; fileRef = 5F12E80E364BE0803CC6297A /* GridSelectionNavigatorTests.swift */; };
		54773FE51987B88DD51B0777 /* PageSwipeInputGate.swift in Sources */ = {isa = PBXBuildFile; fileRef = 2835C973159540054EF4F1D7 /* PageSwipeInputGate.swift */; };
		5AB87E4CDAB23E2398CC389E /* LauncherLayoutReconciler.swift in Sources */ = {isa = PBXBuildFile; fileRef = 5F38184B8E4B8D44F4272ED0 /* LauncherLayoutReconciler.swift */; };
		5C3B0CCC0FCD2FF9EB99AE77 /* LauncherDefaultLayoutBuilderTests.swift in Sources */ = {isa = PBXBuildFile; fileRef = E3929FD2B206971DD71E4310 /* LauncherDefaultLayoutBuilderTests.swift */; };
		5C5C5BC6061908DCB92DD7B3 /* FolderMergeGeometry.swift in Sources */ = {isa = PBXBuildFile; fileRef = 5EF493E855AA4054D4CCA0D0 /* FolderMergeGeometry.swift */; };
		62A10753F3E1370FFCF332BA /* main.swift in Sources */ = {isa = PBXBuildFile; fileRef = AD7EADCBD77B2AC076503D53 /* main.swift */; };
		64396421BA9C29453C075EC3 /* main.swift in Sources */ = {isa = PBXBuildFile; fileRef = 8016F54BC41D4787F9DCA783 /* main.swift */; };
		657081A9980E8736A8D472AE /* PageTransitionState.swift in Sources */ = {isa = PBXBuildFile; fileRef = 65EB32DF84B565FFCE6FCEF0 /* PageTransitionState.swift */; };
		65F5AC8DA9D34641AAAC5776 /* LauncherDragStateMachine.swift in Sources */ = {isa = PBXBuildFile; fileRef = 9B179E9194E476F19010E98F /* LauncherDragStateMachine.swift */; };
		68BE4451D3DC560999CB1770 /* CenteredPresentationTransformTests.swift in Sources */ = {isa = PBXBuildFile; fileRef = F4766BF307A2E7E1B966EF73 /* CenteredPresentationTransformTests.swift */; };
		69D958BD760C97420F5E49D5 /* PageScrollGesture.swift in Sources */ = {isa = PBXBuildFile; fileRef = 54A54D5FC220B2CA9C1EC08D /* PageScrollGesture.swift */; };
		722374EC4290397D2BEA8D48 /* LaunchPaneAppDelegate.swift in Sources */ = {isa = PBXBuildFile; fileRef = 8606D44E1827E32142A11B3B /* LaunchPaneAppDelegate.swift */; };
		73BE349718BE329550D753F1 /* LaunchpadPresentationController.swift in Sources */ = {isa = PBXBuildFile; fileRef = E176C7187EDE6B31D6F16E7B /* LaunchpadPresentationController.swift */; };
		776FE47E34350182A4AFE6A6 /* FolderLayoutConstraintSolverTests.swift in Sources */ = {isa = PBXBuildFile; fileRef = 53E1FE2B54626F08CA04B923 /* FolderLayoutConstraintSolverTests.swift */; };
		781AFA6A4D3962A494ECD2A1 /* DisplayInsets.swift in Sources */ = {isa = PBXBuildFile; fileRef = 58A9E6409FF760E146CACEEB /* DisplayInsets.swift */; };
		7D8EC04FD7C9F697E2ECDD6E /* DisplayCore.framework in Embed Frameworks */ = {isa = PBXBuildFile; fileRef = EA0D439F7B62854C7D342B32 /* DisplayCore.framework */; settings = {ATTRIBUTES = (CodeSignOnCopy, RemoveHeadersOnCopy, ); }; };
		7ED42CFEEF3FCC18008721A3 /* LauncherLayoutDocument.swift in Sources */ = {isa = PBXBuildFile; fileRef = 11AF15DE8011EFC87D27E513 /* LauncherLayoutDocument.swift */; };
		7F63302AB1A80FAC735552FC /* ApplicationIdentityTests.swift in Sources */ = {isa = PBXBuildFile; fileRef = A160B9FEC4D3C3DD70C75E56 /* ApplicationIdentityTests.swift */; };
		80009D9A6ACD4A6CCFAB32D8 /* GridSelectionNavigator.swift in Sources */ = {isa = PBXBuildFile; fileRef = E2ECB9F9355E5A32EA746519 /* GridSelectionNavigator.swift */; };
		836664E2BF021F2B18302B89 /* LauncherLayoutDraftTests.swift in Sources */ = {isa = PBXBuildFile; fileRef = 0E8FA54C76D0A97198417582 /* LauncherLayoutDraftTests.swift */; };
		84F8DF29B06A4115C9BED289 /* AppCatalogActorTests.swift in Sources */ = {isa = PBXBuildFile; fileRef = 5B0849226AAF027C15E95A0F /* AppCatalogActorTests.swift */; };
		859278E7E6CF5E75C02B25E2 /* LauncherDragIntentStateTests.swift in Sources */ = {isa = PBXBuildFile; fileRef = 80B1DACED1276C6BE1DF4E16 /* LauncherDragIntentStateTests.swift */; };
		8A18659A2EEFB3338C61798C /* DisplayCore.framework in Frameworks */ = {isa = PBXBuildFile; fileRef = EA0D439F7B62854C7D342B32 /* DisplayCore.framework */; };
		8CA5266C37410EBC7C7B13BB /* AppMetadataResolver.swift in Sources */ = {isa = PBXBuildFile; fileRef = 56D19C432CC9204AF85DA69A /* AppMetadataResolver.swift */; };
		914F072E2BB7A848F58EB957 /* DisplayCore.framework in Embed Frameworks */ = {isa = PBXBuildFile; fileRef = EA0D439F7B62854C7D342B32 /* DisplayCore.framework */; settings = {ATTRIBUTES = (CodeSignOnCopy, RemoveHeadersOnCopy, ); }; };
		95B51A1C3020A8889E0C5799 /* DisplayCore.framework in Frameworks */ = {isa = PBXBuildFile; fileRef = EA0D439F7B62854C7D342B32 /* DisplayCore.framework */; };
		9847A3422725DCA2FC78B51E /* ResolvedLaunchpadItem.swift in Sources */ = {isa = PBXBuildFile; fileRef = A92AEB8E21E56ECB6E5A73F0 /* ResolvedLaunchpadItem.swift */; };
		9CC0F127FF22614287346351 /* DisplayCore.framework in Embed Frameworks */ = {isa = PBXBuildFile; fileRef = EA0D439F7B62854C7D342B32 /* DisplayCore.framework */; settings = {ATTRIBUTES = (CodeSignOnCopy, RemoveHeadersOnCopy, ); }; };
		A2BCA3660A15827A0400D191 /* AppCore.framework in Embed Frameworks */ = {isa = PBXBuildFile; fileRef = 49251A345677743F8C6D713F /* AppCore.framework */; settings = {ATTRIBUTES = (CodeSignOnCopy, RemoveHeadersOnCopy, ); }; };
		A4628FB9CBF145201D044CA6 /* LaunchPaneAgent.app in Embed Dependencies */ = {isa = PBXBuildFile; fileRef = 52590E309EDD8A4A0415DB6E /* LaunchPaneAgent.app */; settings = {ATTRIBUTES = (CodeSignOnCopy, RemoveHeadersOnCopy, ); }; };
		A47EBFC9BAD2BB3925D0A264 /* AppCore.framework in Frameworks */ = {isa = PBXBuildFile; fileRef = 49251A345677743F8C6D713F /* AppCore.framework */; };
		A68368774F96EF1903AF8D74 /* LayoutTokens.swift in Sources */ = {isa = PBXBuildFile; fileRef = 037D340586E8B5E76F30DBE1 /* LayoutTokens.swift */; };
		AA42CA38E1B3D40055091414 /* FolderLayoutConstraintSolver.swift in Sources */ = {isa = PBXBuildFile; fileRef = F22DBCF90549CC392A11E2F8 /* FolderLayoutConstraintSolver.swift */; };
		AAA6B3673ADC41F21684F084 /* AppCatalogActor.swift in Sources */ = {isa = PBXBuildFile; fileRef = 046D06F051A05CA84190DADB /* AppCatalogActor.swift */; };
		AC9D5E90E4EAA7207EEA5310 /* LauncherDragStateMachineTests.swift in Sources */ = {isa = PBXBuildFile; fileRef = B5C41AAA2190A809AE47BBD4 /* LauncherDragStateMachineTests.swift */; };
		B2EA468F8E94CA19E459EF49 /* AppTileButton.swift in Sources */ = {isa = PBXBuildFile; fileRef = 884C8C6889392565D7262B9F /* AppTileButton.swift */; };
		B36A2F98366FC74E458C21A7 /* DisplayContextTests.swift in Sources */ = {isa = PBXBuildFile; fileRef = 8EF41DAD28FC77DD91AF87CE /* DisplayContextTests.swift */; };
		B4343ED3F8364F066482797E /* AppCore.framework in Embed Frameworks */ = {isa = PBXBuildFile; fileRef = 49251A345677743F8C6D713F /* AppCore.framework */; settings = {ATTRIBUTES = (CodeSignOnCopy, RemoveHeadersOnCopy, ); }; };
		BA045CB25F3C3F8CFD607DFD /* ApplicationIdentity.swift in Sources */ = {isa = PBXBuildFile; fileRef = ABE6D92867733DAB4470E269 /* ApplicationIdentity.swift */; };
		BA1E450A54324641D86D694F /* LayoutCore.framework in Frameworks */ = {isa = PBXBuildFile; fileRef = 791B31D1600F2EED06F09B81 /* LayoutCore.framework */; };
		BBC9F4C1E8471866813DB3F6 /* LaunchpadVisualStyle.swift in Sources */ = {isa = PBXBuildFile; fileRef = 42C7D251312ACC2ED1037591 /* LaunchpadVisualStyle.swift */; };
		BC6F69DF6B4E694DE94274FF /* AppTilePresentationFactory.swift in Sources */ = {isa = PBXBuildFile; fileRef = 12378F1F17A5458FAAF8CDE4 /* AppTilePresentationFactory.swift */; };
		BE2BE3AECEB725707DC923BB /* LaunchpadSearchComponents.swift in Sources */ = {isa = PBXBuildFile; fileRef = 2EEAA0161EEBC5ACF3370F9E /* LaunchpadSearchComponents.swift */; };
		C43255BC66F342B42EA4EB8D /* DisplayContext.swift in Sources */ = {isa = PBXBuildFile; fileRef = C0627172C90DED4320CE1098 /* DisplayContext.swift */; };
		C6CBA990E5AE797085FEAA54 /* Assets.xcassets in Resources */ = {isa = PBXBuildFile; fileRef = 7A9116C265067401D11F48FF /* Assets.xcassets */; };
		C8396ED7957BF13992502195 /* LaunchpadWindow.swift in Sources */ = {isa = PBXBuildFile; fileRef = 01588142BF3EBAF9EFA865FD /* LaunchpadWindow.swift */; };
		C9BE718C94121AA43EE2A87E /* GridMetrics.swift in Sources */ = {isa = PBXBuildFile; fileRef = 6FA5ED079D1BF6C8A59C79D2 /* GridMetrics.swift */; };
		CA2880BAC5E58BA5932A3DAC /* DisplayCore.framework in Frameworks */ = {isa = PBXBuildFile; fileRef = EA0D439F7B62854C7D342B32 /* DisplayCore.framework */; };
		CF9DCF73993F496944CC7414 /* LauncherLayoutDraft.swift in Sources */ = {isa = PBXBuildFile; fileRef = 862FF80DA71170138B8F0A2E /* LauncherLayoutDraft.swift */; };
		D0EDAC265D6379F4D387C5D0 /* LauncherDragPreviewStateTests.swift in Sources */ = {isa = PBXBuildFile; fileRef = D4DBF4C4810BE373379F0FDA /* LauncherDragPreviewStateTests.swift */; };
		D4D3F983809EC0162121B64D /* LaunchpadSearchField.swift in Sources */ = {isa = PBXBuildFile; fileRef = E72938F18ABBB924B3195354 /* LaunchpadSearchField.swift */; };
		D63888F539A01E271FC580AB /* ApplicationRecord.swift in Sources */ = {isa = PBXBuildFile; fileRef = EBFDBBB42DC6739144434812 /* ApplicationRecord.swift */; };
		D9C449D78A92B1DC0C1933E6 /* LauncherLayoutStore.swift in Sources */ = {isa = PBXBuildFile; fileRef = 70DA7F4EC5AE21BFCC3E73CC /* LauncherLayoutStore.swift */; };
		DA10C63D6A31F0158A17797A /* AppIconCache.swift in Sources */ = {isa = PBXBuildFile; fileRef = 8EEDE5F07DC5B2B4820BF8E3 /* AppIconCache.swift */; };
		DBBC9853FA8D703A8C3D01A6 /* PageMotionProfileTests.swift in Sources */ = {isa = PBXBuildFile; fileRef = 95B89C8721A0705390D0919A /* PageMotionProfileTests.swift */; };
		E2F3A01AD28B774BE7A21DD2 /* LauncherLayoutStoreTests.swift in Sources */ = {isa = PBXBuildFile; fileRef = 5B3A6AC9D7E8CEF008F9E1A0 /* LauncherLayoutStoreTests.swift */; };
		E51FE14EDAC3FD4AD65E024F /* LauncherPageLayoutTests.swift in Sources */ = {isa = PBXBuildFile; fileRef = 1388D69DCA4B34D1263B56A4 /* LauncherPageLayoutTests.swift */; };
		E80DAAA0B220AF99BB55E2E1 /* DesktopWallpaperProvider.swift in Sources */ = {isa = PBXBuildFile; fileRef = 5464797DDF48D0E98EC02E3F /* DesktopWallpaperProvider.swift */; };
		E87938D3DE6B7F6461A819C7 /* LauncherDefaultLayoutBuilder.swift in Sources */ = {isa = PBXBuildFile; fileRef = 7A23E53072A1B15A4686730C /* LauncherDefaultLayoutBuilder.swift */; };
		E9F31B7963AA4B7733B83F8C /* LayoutCore.framework in Embed Frameworks */ = {isa = PBXBuildFile; fileRef = 791B31D1600F2EED06F09B81 /* LayoutCore.framework */; settings = {ATTRIBUTES = (CodeSignOnCopy, RemoveHeadersOnCopy, ); }; };
		EF65233DC0BF526B07A7F415 /* MenuBarBackdropWindow.swift in Sources */ = {isa = PBXBuildFile; fileRef = 3CFFC68EDE3F1908C2888B26 /* MenuBarBackdropWindow.swift */; };
		FA3843C81E512C587943D900 /* AppCore.framework in Frameworks */ = {isa = PBXBuildFile; fileRef = 49251A345677743F8C6D713F /* AppCore.framework */; };
		FB2A22D39766DE475620EE8D /* LayoutConstraintSolverTests.swift in Sources */ = {isa = PBXBuildFile; fileRef = 489F0580391E33B1AEC99C32 /* LayoutConstraintSolverTests.swift */; };
		FCBB16EDB0876F1B996A70CE /* PageSwipeInputGateTests.swift in Sources */ = {isa = PBXBuildFile; fileRef = F12C121885BDDE23D81BCFE5 /* PageSwipeInputGateTests.swift */; };
/* End PBXBuildFile section */

/* Begin PBXContainerItemProxy section */
		990002A33D24B9ADBA324A7F /* PBXContainerItemProxy */ = {
			isa = PBXContainerItemProxy;
			containerPortal = 2ABD302EA6B60C771A2E30A3 /* Project object */;
			proxyType = 1;
			remoteGlobalIDString = 80CC408E32FC6B757939D733;
			remoteInfo = LayoutCore;
		};
		9CAEAEF691868E4610A97707 /* PBXContainerItemProxy */ = {
			isa = PBXContainerItemProxy;
			containerPortal = 2ABD302EA6B60C771A2E30A3 /* Project object */;
			proxyType = 1;
			remoteGlobalIDString = 35344065CC4A9DB074CF0D50;
			remoteInfo = DisplayCore;
		};
		B18080A98936D2379F70AF60 /* PBXContainerItemProxy */ = {
			isa = PBXContainerItemProxy;
			containerPortal = 2ABD302EA6B60C771A2E30A3 /* Project object */;
			proxyType = 1;
			remoteGlobalIDString = 223AA9CFD28EB392FD7E9A79;
			remoteInfo = AppCore;
		};
		B665ED52113CC9A2BF0FB5E7 /* PBXContainerItemProxy */ = {
			isa = PBXContainerItemProxy;
			containerPortal = 2ABD302EA6B60C771A2E30A3 /* Project object */;
			proxyType = 1;
			remoteGlobalIDString = 35344065CC4A9DB074CF0D50;
			remoteInfo = DisplayCore;
		};
		CB870AC42C9AD4C62676492D /* PBXContainerItemProxy */ = {
			isa = PBXContainerItemProxy;
			containerPortal = 2ABD302EA6B60C771A2E30A3 /* Project object */;
			proxyType = 1;
			remoteGlobalIDString = 223AA9CFD28EB392FD7E9A79;
			remoteInfo = AppCore;
		};
		D136AFDBD2625976C614C4E2 /* PBXContainerItemProxy */ = {
			isa = PBXContainerItemProxy;
			containerPortal = 2ABD302EA6B60C771A2E30A3 /* Project object */;
			proxyType = 1;
			remoteGlobalIDString = 35344065CC4A9DB074CF0D50;
			remoteInfo = DisplayCore;
		};
		D860E10D98A3CE24DA69326F /* PBXContainerItemProxy */ = {
			isa = PBXContainerItemProxy;
			containerPortal = 2ABD302EA6B60C771A2E30A3 /* Project object */;
			proxyType = 1;
			remoteGlobalIDString = 80CC408E32FC6B757939D733;
			remoteInfo = LayoutCore;
		};
		F4F8AB7554C59D7D8BBC37EB /* PBXContainerItemProxy */ = {
			isa = PBXContainerItemProxy;
			containerPortal = 2ABD302EA6B60C771A2E30A3 /* Project object */;
			proxyType = 1;
			remoteGlobalIDString = 35344065CC4A9DB074CF0D50;
			remoteInfo = DisplayCore;
		};
		FBDA10B0FD948C3817C2A440 /* PBXContainerItemProxy */ = {
			isa = PBXContainerItemProxy;
			containerPortal = 2ABD302EA6B60C771A2E30A3 /* Project object */;
			proxyType = 1;
			remoteGlobalIDString = A09362308393FB65FEA6E244;
			remoteInfo = LaunchPaneAgent;
		};
/* End PBXContainerItemProxy section */

/* Begin PBXCopyFilesBuildPhase section */
		0C38B70F494C92487E6D20EF /* Embed Frameworks */ = {
			isa = PBXCopyFilesBuildPhase;
			buildActionMask = 2147483647;
			dstPath = "";
			dstSubfolderSpec = 10;
			files = (
				914F072E2BB7A848F58EB957 /* DisplayCore.framework in Embed Frameworks */,
				E9F31B7963AA4B7733B83F8C /* LayoutCore.framework in Embed Frameworks */,
			);
			name = "Embed Frameworks";
			runOnlyForDeploymentPostprocessing = 0;
		};
		66A4754CEB84CB6F95364000 /* Embed Frameworks */ = {
			isa = PBXCopyFilesBuildPhase;
			buildActionMask = 2147483647;
			dstPath = "";
			dstSubfolderSpec = 10;
			files = (
				B4343ED3F8364F066482797E /* AppCore.framework in Embed Frameworks */,
				7D8EC04FD7C9F697E2ECDD6E /* DisplayCore.framework in Embed Frameworks */,
				37BC9AE359754CDF2DCE6582 /* LayoutCore.framework in Embed Frameworks */,
			);
			name = "Embed Frameworks";
			runOnlyForDeploymentPostprocessing = 0;
		};
		70B872CB12E0097FA3BF7BF9 /* Embed Dependencies */ = {
			isa = PBXCopyFilesBuildPhase;
			buildActionMask = 2147483647;
			dstPath = Contents/Library/LoginItems;
			dstSubfolderSpec = 1;
			files = (
				A4628FB9CBF145201D044CA6 /* LaunchPaneAgent.app in Embed Dependencies */,
			);
			name = "Embed Dependencies";
			runOnlyForDeploymentPostprocessing = 0;
		};
		A9D85B00A8BBF9EDD6C752F3 /* Embed Frameworks */ = {
			isa = PBXCopyFilesBuildPhase;
			buildActionMask = 2147483647;
			dstPath = "";
			dstSubfolderSpec = 10;
			files = (
				9CC0F127FF22614287346351 /* DisplayCore.framework in Embed Frameworks */,
			);
			name = "Embed Frameworks";
			runOnlyForDeploymentPostprocessing = 0;
		};
		BA808F9B832F6CC2F010F67C /* Embed Frameworks */ = {
			isa = PBXCopyFilesBuildPhase;
			buildActionMask = 2147483647;
			dstPath = "";
			dstSubfolderSpec = 10;
			files = (
				A2BCA3660A15827A0400D191 /* AppCore.framework in Embed Frameworks */,
			);
			name = "Embed Frameworks";
			runOnlyForDeploymentPostprocessing = 0;
		};
/* End PBXCopyFilesBuildPhase section */

/* Begin PBXFileReference section */
		01588142BF3EBAF9EFA865FD /* LaunchpadWindow.swift */ = {isa = PBXFileReference; lastKnownFileType = sourcecode.swift; path = LaunchpadWindow.swift; sourceTree = "<group>"; };
		037D340586E8B5E76F30DBE1 /* LayoutTokens.swift */ = {isa = PBXFileReference; lastKnownFileType = sourcecode.swift; path = LayoutTokens.swift; sourceTree = "<group>"; };
		046D06F051A05CA84190DADB /* AppCatalogActor.swift */ = {isa = PBXFileReference; lastKnownFileType = sourcecode.swift; path = AppCatalogActor.swift; sourceTree = "<group>"; };
		0688770B37BEAF9B2A779B51 /* LaunchpadWindowController.swift */ = {isa = PBXFileReference; lastKnownFileType = sourcecode.swift; path = LaunchpadWindowController.swift; sourceTree = "<group>"; };
		0719329AAA68490D0EDC4714 /* UserLayoutPreferences.swift */ = {isa = PBXFileReference; lastKnownFileType = sourcecode.swift; path = UserLayoutPreferences.swift; sourceTree = "<group>"; };
		07BB1B233BBDED128A50BECC /* LayoutCoreTests.xctest */ = {isa = PBXFileReference; explicitFileType = wrapper.cfbundle; includeInIndex = 0; path = LayoutCoreTests.xctest; sourceTree = BUILT_PRODUCTS_DIR; };
		0E8FA54C76D0A97198417582 /* LauncherLayoutDraftTests.swift */ = {isa = PBXFileReference; lastKnownFileType = sourcecode.swift; path = LauncherLayoutDraftTests.swift; sourceTree = "<group>"; };
		11AF15DE8011EFC87D27E513 /* LauncherLayoutDocument.swift */ = {isa = PBXFileReference; lastKnownFileType = sourcecode.swift; path = LauncherLayoutDocument.swift; sourceTree = "<group>"; };
		12378F1F17A5458FAAF8CDE4 /* AppTilePresentationFactory.swift */ = {isa = PBXFileReference; lastKnownFileType = sourcecode.swift; path = AppTilePresentationFactory.swift; sourceTree = "<group>"; };
		1388D69DCA4B34D1263B56A4 /* LauncherPageLayoutTests.swift */ = {isa = PBXFileReference; lastKnownFileType = sourcecode.swift; path = LauncherPageLayoutTests.swift; sourceTree = "<group>"; };
		1A6733EB23B92AA8DEB5B47E /* LauncherLayoutDocumentTests.swift */ = {isa = PBXFileReference; lastKnownFileType = sourcecode.swift; path = LauncherLayoutDocumentTests.swift; sourceTree = "<group>"; };
		1E3F7A3DB3B2CD50353978F8 /* LauncherDragPreviewState.swift */ = {isa = PBXFileReference; lastKnownFileType = sourcecode.swift; path = LauncherDragPreviewState.swift; sourceTree = "<group>"; };
		1FBDEF645C587C37DCFE71E3 /* LauncherDragCommitState.swift */ = {isa = PBXFileReference; lastKnownFileType = sourcecode.swift; path = LauncherDragCommitState.swift; sourceTree = "<group>"; };
		2835C973159540054EF4F1D7 /* PageSwipeInputGate.swift */ = {isa = PBXFileReference; lastKnownFileType = sourcecode.swift; path = PageSwipeInputGate.swift; sourceTree = "<group>"; };
		2D89720B4DD2D8FD5A33885B /* LaunchPane.app */ = {isa = PBXFileReference; explicitFileType = wrapper.application; includeInIndex = 0; path = LaunchPane.app; sourceTree = BUILT_PRODUCTS_DIR; };
		2EEAA0161EEBC5ACF3370F9E /* LaunchpadSearchComponents.swift */ = {isa = PBXFileReference; lastKnownFileType = sourcecode.swift; path = LaunchpadSearchComponents.swift; sourceTree = "<group>"; };
		3CFFC68EDE3F1908C2888B26 /* MenuBarBackdropWindow.swift */ = {isa = PBXFileReference; lastKnownFileType = sourcecode.swift; path = MenuBarBackdropWindow.swift; sourceTree = "<group>"; };
		42C7D251312ACC2ED1037591 /* LaunchpadVisualStyle.swift */ = {isa = PBXFileReference; lastKnownFileType = sourcecode.swift; path = LaunchpadVisualStyle.swift; sourceTree = "<group>"; };
		489F0580391E33B1AEC99C32 /* LayoutConstraintSolverTests.swift */ = {isa = PBXFileReference; lastKnownFileType = sourcecode.swift; path = LayoutConstraintSolverTests.swift; sourceTree = "<group>"; };
		49251A345677743F8C6D713F /* AppCore.framework */ = {isa = PBXFileReference; explicitFileType = wrapper.framework; includeInIndex = 0; path = AppCore.framework; sourceTree = BUILT_PRODUCTS_DIR; };
		4D896D3E99D3FE1479458FD6 /* WallpaperLayout.swift */ = {isa = PBXFileReference; lastKnownFileType = sourcecode.swift; path = WallpaperLayout.swift; sourceTree = "<group>"; };
		52590E309EDD8A4A0415DB6E /* LaunchPaneAgent.app */ = {isa = PBXFileReference; explicitFileType = wrapper.application; includeInIndex = 0; path = LaunchPaneAgent.app; sourceTree = BUILT_PRODUCTS_DIR; };
		53E1FE2B54626F08CA04B923 /* FolderLayoutConstraintSolverTests.swift */ = {isa = PBXFileReference; lastKnownFileType = sourcecode.swift; path = FolderLayoutConstraintSolverTests.swift; sourceTree = "<group>"; };
		5464797DDF48D0E98EC02E3F /* DesktopWallpaperProvider.swift */ = {isa = PBXFileReference; lastKnownFileType = sourcecode.swift; path = DesktopWallpaperProvider.swift; sourceTree = "<group>"; };
		54A54D5FC220B2CA9C1EC08D /* PageScrollGesture.swift */ = {isa = PBXFileReference; lastKnownFileType = sourcecode.swift; path = PageScrollGesture.swift; sourceTree = "<group>"; };
		56D19C432CC9204AF85DA69A /* AppMetadataResolver.swift */ = {isa = PBXFileReference; lastKnownFileType = sourcecode.swift; path = AppMetadataResolver.swift; sourceTree = "<group>"; };
		58A9E6409FF760E146CACEEB /* DisplayInsets.swift */ = {isa = PBXFileReference; lastKnownFileType = sourcecode.swift; path = DisplayInsets.swift; sourceTree = "<group>"; };
		5B0849226AAF027C15E95A0F /* AppCatalogActorTests.swift */ = {isa = PBXFileReference; lastKnownFileType = sourcecode.swift; path = AppCatalogActorTests.swift; sourceTree = "<group>"; };
		5B3A6AC9D7E8CEF008F9E1A0 /* LauncherLayoutStoreTests.swift */ = {isa = PBXFileReference; lastKnownFileType = sourcecode.swift; path = LauncherLayoutStoreTests.swift; sourceTree = "<group>"; };
		5D36D9759B96FD6C41841548 /* GridReorderInsertionTests.swift */ = {isa = PBXFileReference; lastKnownFileType = sourcecode.swift; path = GridReorderInsertionTests.swift; sourceTree = "<group>"; };
		5E3D7D8ED36560DC825FC0DD /* FolderMergeGeometryTests.swift */ = {isa = PBXFileReference; lastKnownFileType = sourcecode.swift; path = FolderMergeGeometryTests.swift; sourceTree = "<group>"; };
		5EF493E855AA4054D4CCA0D0 /* FolderMergeGeometry.swift */ = {isa = PBXFileReference; lastKnownFileType = sourcecode.swift; path = FolderMergeGeometry.swift; sourceTree = "<group>"; };
		5F12E80E364BE0803CC6297A /* GridSelectionNavigatorTests.swift */ = {isa = PBXFileReference; lastKnownFileType = sourcecode.swift; path = GridSelectionNavigatorTests.swift; sourceTree = "<group>"; };
		5F38184B8E4B8D44F4272ED0 /* LauncherLayoutReconciler.swift */ = {isa = PBXFileReference; lastKnownFileType = sourcecode.swift; path = LauncherLayoutReconciler.swift; sourceTree = "<group>"; };
		623D836F4E1AC82D0601E627 /* LayoutConstraintSolver.swift */ = {isa = PBXFileReference; lastKnownFileType = sourcecode.swift; path = LayoutConstraintSolver.swift; sourceTree = "<group>"; };
		65EB32DF84B565FFCE6FCEF0 /* PageTransitionState.swift */ = {isa = PBXFileReference; lastKnownFileType = sourcecode.swift; path = PageTransitionState.swift; sourceTree = "<group>"; };
		6DE828ABC7FAEAB53292571D /* PageTransitionStateTests.swift */ = {isa = PBXFileReference; lastKnownFileType = sourcecode.swift; path = PageTransitionStateTests.swift; sourceTree = "<group>"; };
		6FA5ED079D1BF6C8A59C79D2 /* GridMetrics.swift */ = {isa = PBXFileReference; lastKnownFileType = sourcecode.swift; path = GridMetrics.swift; sourceTree = "<group>"; };
		70DA7F4EC5AE21BFCC3E73CC /* LauncherLayoutStore.swift */ = {isa = PBXFileReference; lastKnownFileType = sourcecode.swift; path = LauncherLayoutStore.swift; sourceTree = "<group>"; };
		791B31D1600F2EED06F09B81 /* LayoutCore.framework */ = {isa = PBXFileReference; explicitFileType = wrapper.framework; includeInIndex = 0; path = LayoutCore.framework; sourceTree = BUILT_PRODUCTS_DIR; };
		7A23E53072A1B15A4686730C /* LauncherDefaultLayoutBuilder.swift */ = {isa = PBXFileReference; lastKnownFileType = sourcecode.swift; path = LauncherDefaultLayoutBuilder.swift; sourceTree = "<group>"; };
		7A9116C265067401D11F48FF /* Assets.xcassets */ = {isa = PBXFileReference; lastKnownFileType = folder.assetcatalog; path = Assets.xcassets; sourceTree = "<group>"; };
		8016F54BC41D4787F9DCA783 /* main.swift */ = {isa = PBXFileReference; lastKnownFileType = sourcecode.swift; path = main.swift; sourceTree = "<group>"; };
		80B1DACED1276C6BE1DF4E16 /* LauncherDragIntentStateTests.swift */ = {isa = PBXFileReference; lastKnownFileType = sourcecode.swift; path = LauncherDragIntentStateTests.swift; sourceTree = "<group>"; };
		8606D44E1827E32142A11B3B /* LaunchPaneAppDelegate.swift */ = {isa = PBXFileReference; lastKnownFileType = sourcecode.swift; path = LaunchPaneAppDelegate.swift; sourceTree = "<group>"; };
		862FF80DA71170138B8F0A2E /* LauncherLayoutDraft.swift */ = {isa = PBXFileReference; lastKnownFileType = sourcecode.swift; path = LauncherLayoutDraft.swift; sourceTree = "<group>"; };
		884C8C6889392565D7262B9F /* AppTileButton.swift */ = {isa = PBXFileReference; lastKnownFileType = sourcecode.swift; path = AppTileButton.swift; sourceTree = "<group>"; };
		8EEDE5F07DC5B2B4820BF8E3 /* AppIconCache.swift */ = {isa = PBXFileReference; lastKnownFileType = sourcecode.swift; path = AppIconCache.swift; sourceTree = "<group>"; };
		8EF41DAD28FC77DD91AF87CE /* DisplayContextTests.swift */ = {isa = PBXFileReference; lastKnownFileType = sourcecode.swift; path = DisplayContextTests.swift; sourceTree = "<group>"; };
		8F38DB40A1EB1FF2E9C18C96 /* CenteredPresentationTransform.swift */ = {isa = PBXFileReference; lastKnownFileType = sourcecode.swift; path = CenteredPresentationTransform.swift; sourceTree = "<group>"; };
		90626F2B3854A6F1B3685069 /* LauncherDragCommitStateTests.swift */ = {isa = PBXFileReference; lastKnownFileType = sourcecode.swift; path = LauncherDragCommitStateTests.swift; sourceTree = "<group>"; };
		95B89C8721A0705390D0919A /* PageMotionProfileTests.swift */ = {isa = PBXFileReference; lastKnownFileType = sourcecode.swift; path = PageMotionProfileTests.swift; sourceTree = "<group>"; };
		99F8D15E567D01A949E97CEB /* ScreenDisplayContextResolver.swift */ = {isa = PBXFileReference; lastKnownFileType = sourcecode.swift; path = ScreenDisplayContextResolver.swift; sourceTree = "<group>"; };
		9B179E9194E476F19010E98F /* LauncherDragStateMachine.swift */ = {isa = PBXFileReference; lastKnownFileType = sourcecode.swift; path = LauncherDragStateMachine.swift; sourceTree = "<group>"; };
		A160B9FEC4D3C3DD70C75E56 /* ApplicationIdentityTests.swift */ = {isa = PBXFileReference; lastKnownFileType = sourcecode.swift; path = ApplicationIdentityTests.swift; sourceTree = "<group>"; };
		A2595FF47923DB2D6E9A2342 /* AppDiscoverySource.swift */ = {isa = PBXFileReference; lastKnownFileType = sourcecode.swift; path = AppDiscoverySource.swift; sourceTree = "<group>"; };
		A8D0B66CA1A4B30199F3E1D3 /* FolderGridMetrics.swift */ = {isa = PBXFileReference; lastKnownFileType = sourcecode.swift; path = FolderGridMetrics.swift; sourceTree = "<group>"; };
		A92AEB8E21E56ECB6E5A73F0 /* ResolvedLaunchpadItem.swift */ = {isa = PBXFileReference; lastKnownFileType = sourcecode.swift; path = ResolvedLaunchpadItem.swift; sourceTree = "<group>"; };
		ABE6D92867733DAB4470E269 /* ApplicationIdentity.swift */ = {isa = PBXFileReference; lastKnownFileType = sourcecode.swift; path = ApplicationIdentity.swift; sourceTree = "<group>"; };
		AD7EADCBD77B2AC076503D53 /* main.swift */ = {isa = PBXFileReference; lastKnownFileType = sourcecode.swift; path = main.swift; sourceTree = "<group>"; };
		B5C41AAA2190A809AE47BBD4 /* LauncherDragStateMachineTests.swift */ = {isa = PBXFileReference; lastKnownFileType = sourcecode.swift; path = LauncherDragStateMachineTests.swift; sourceTree = "<group>"; };
		B7E76AADB9F9B3221D0C90F5 /* AppCoreTests.xctest */ = {isa = PBXFileReference; explicitFileType = wrapper.cfbundle; includeInIndex = 0; path = AppCoreTests.xctest; sourceTree = BUILT_PRODUCTS_DIR; };
		C0627172C90DED4320CE1098 /* DisplayContext.swift */ = {isa = PBXFileReference; lastKnownFileType = sourcecode.swift; path = DisplayContext.swift; sourceTree = "<group>"; };
		C2DA1F6DF33477D52148D76F /* LauncherDragIntentState.swift */ = {isa = PBXFileReference; lastKnownFileType = sourcecode.swift; path = LauncherDragIntentState.swift; sourceTree = "<group>"; };
		D22B653BEB2379168AE7EF52 /* DisplayCoreTests.xctest */ = {isa = PBXFileReference; explicitFileType = wrapper.cfbundle; includeInIndex = 0; path = DisplayCoreTests.xctest; sourceTree = BUILT_PRODUCTS_DIR; };
		D4DBF4C4810BE373379F0FDA /* LauncherDragPreviewStateTests.swift */ = {isa = PBXFileReference; lastKnownFileType = sourcecode.swift; path = LauncherDragPreviewStateTests.swift; sourceTree = "<group>"; };
		D994EFC9F4CE41F8D1D24541 /* PageMotionProfile.swift */ = {isa = PBXFileReference; lastKnownFileType = sourcecode.swift; path = PageMotionProfile.swift; sourceTree = "<group>"; };
		E176C7187EDE6B31D6F16E7B /* LaunchpadPresentationController.swift */ = {isa = PBXFileReference; lastKnownFileType = sourcecode.swift; path = LaunchpadPresentationController.swift; sourceTree = "<group>"; };
		E2ECB9F9355E5A32EA746519 /* GridSelectionNavigator.swift */ = {isa = PBXFileReference; lastKnownFileType = sourcecode.swift; path = GridSelectionNavigator.swift; sourceTree = "<group>"; };
		E3929FD2B206971DD71E4310 /* LauncherDefaultLayoutBuilderTests.swift */ = {isa = PBXFileReference; lastKnownFileType = sourcecode.swift; path = LauncherDefaultLayoutBuilderTests.swift; sourceTree = "<group>"; };
		E72938F18ABBB924B3195354 /* LaunchpadSearchField.swift */ = {isa = PBXFileReference; lastKnownFileType = sourcecode.swift; path = LaunchpadSearchField.swift; sourceTree = "<group>"; };
		EA0D439F7B62854C7D342B32 /* DisplayCore.framework */ = {isa = PBXFileReference; explicitFileType = wrapper.framework; includeInIndex = 0; path = DisplayCore.framework; sourceTree = BUILT_PRODUCTS_DIR; };
		EB1FA5291240A53CA5475222 /* WallpaperLayoutTests.swift */ = {isa = PBXFileReference; lastKnownFileType = sourcecode.swift; path = WallpaperLayoutTests.swift; sourceTree = "<group>"; };
		EBFDBBB42DC6739144434812 /* ApplicationRecord.swift */ = {isa = PBXFileReference; lastKnownFileType = sourcecode.swift; path = ApplicationRecord.swift; sourceTree = "<group>"; };
		F12C121885BDDE23D81BCFE5 /* PageSwipeInputGateTests.swift */ = {isa = PBXFileReference; lastKnownFileType = sourcecode.swift; path = PageSwipeInputGateTests.swift; sourceTree = "<group>"; };
		F2285F3CA0109F16761E7FB9 /* FolderLayoutTokens.swift */ = {isa = PBXFileReference; lastKnownFileType = sourcecode.swift; path = FolderLayoutTokens.swift; sourceTree = "<group>"; };
		F22DBCF90549CC392A11E2F8 /* FolderLayoutConstraintSolver.swift */ = {isa = PBXFileReference; lastKnownFileType = sourcecode.swift; path = FolderLayoutConstraintSolver.swift; sourceTree = "<group>"; };
		F4766BF307A2E7E1B966EF73 /* CenteredPresentationTransformTests.swift */ = {isa = PBXFileReference; lastKnownFileType = sourcecode.swift; path = CenteredPresentationTransformTests.swift; sourceTree = "<group>"; };
		FEE0DC4F8690655DDA73BE0D /* LauncherLayoutReconcilerTests.swift */ = {isa = PBXFileReference; lastKnownFileType = sourcecode.swift; path = LauncherLayoutReconcilerTests.swift; sourceTree = "<group>"; };
/* End PBXFileReference section */

/* Begin PBXFrameworksBuildPhase section */
		516CF2B2FA0D03441269E736 /* Frameworks */ = {
			isa = PBXFrameworksBuildPhase;
			buildActionMask = 2147483647;
			files = (
				FA3843C81E512C587943D900 /* AppCore.framework in Frameworks */,
			);
			runOnlyForDeploymentPostprocessing = 0;
		};
		69B709D1C794926715ED5205 /* Frameworks */ = {
			isa = PBXFrameworksBuildPhase;
			buildActionMask = 2147483647;
			files = (
				A47EBFC9BAD2BB3925D0A264 /* AppCore.framework in Frameworks */,
				8A18659A2EEFB3338C61798C /* DisplayCore.framework in Frameworks */,
				2185E876E1A099ED1BE98A56 /* LayoutCore.framework in Frameworks */,
			);
			runOnlyForDeploymentPostprocessing = 0;
		};
		79BA30A540F025627EE70331 /* Frameworks */ = {
			isa = PBXFrameworksBuildPhase;
			buildActionMask = 2147483647;
			files = (
				503D7FBB6036D45F02A101C7 /* DisplayCore.framework in Frameworks */,
			);
			runOnlyForDeploymentPostprocessing = 0;
		};
		8AFCB7CFA7A7199830AD4728 /* Frameworks */ = {
			isa = PBXFrameworksBuildPhase;
			buildActionMask = 2147483647;
			files = (
				95B51A1C3020A8889E0C5799 /* DisplayCore.framework in Frameworks */,
			);
			runOnlyForDeploymentPostprocessing = 0;
		};
		EAC8362ADD7D21C89FCCB22A /* Frameworks */ = {
			isa = PBXFrameworksBuildPhase;
			buildActionMask = 2147483647;
			files = (
				CA2880BAC5E58BA5932A3DAC /* DisplayCore.framework in Frameworks */,
				BA1E450A54324641D86D694F /* LayoutCore.framework in Frameworks */,
			);
			runOnlyForDeploymentPostprocessing = 0;
		};
/* End PBXFrameworksBuildPhase section */

/* Begin PBXGroup section */
		26DDE715ACCD93FA01CB9187 /* DisplayCore */ = {
			isa = PBXGroup;
			children = (
				C0627172C90DED4320CE1098 /* DisplayContext.swift */,
				58A9E6409FF760E146CACEEB /* DisplayInsets.swift */,
				99F8D15E567D01A949E97CEB /* ScreenDisplayContextResolver.swift */,
			);
			path = DisplayCore;
			sourceTree = "<group>";
		};
		2D521E369D399903A7F4DD2E /* LaunchPane */ = {
			isa = PBXGroup;
			children = (
				8EEDE5F07DC5B2B4820BF8E3 /* AppIconCache.swift */,
				884C8C6889392565D7262B9F /* AppTileButton.swift */,
				12378F1F17A5458FAAF8CDE4 /* AppTilePresentationFactory.swift */,
				5464797DDF48D0E98EC02E3F /* DesktopWallpaperProvider.swift */,
				E176C7187EDE6B31D6F16E7B /* LaunchpadPresentationController.swift */,
				2EEAA0161EEBC5ACF3370F9E /* LaunchpadSearchComponents.swift */,
				E72938F18ABBB924B3195354 /* LaunchpadSearchField.swift */,
				42C7D251312ACC2ED1037591 /* LaunchpadVisualStyle.swift */,
				01588142BF3EBAF9EFA865FD /* LaunchpadWindow.swift */,
				0688770B37BEAF9B2A779B51 /* LaunchpadWindowController.swift */,
				8606D44E1827E32142A11B3B /* LaunchPaneAppDelegate.swift */,
				8016F54BC41D4787F9DCA783 /* main.swift */,
				3CFFC68EDE3F1908C2888B26 /* MenuBarBackdropWindow.swift */,
				54A54D5FC220B2CA9C1EC08D /* PageScrollGesture.swift */,
				A92AEB8E21E56ECB6E5A73F0 /* ResolvedLaunchpadItem.swift */,
				A551E34F08A3A7CD650E92DA /* Resources */,
			);
			path = LaunchPane;
			sourceTree = "<group>";
		};
		4109C08615EF72163FA74F18 /* DisplayCoreTests */ = {
			isa = PBXGroup;
			children = (
				8EF41DAD28FC77DD91AF87CE /* DisplayContextTests.swift */,
			);
			path = DisplayCoreTests;
			sourceTree = "<group>";
		};
		472D0AD684A404E7CC2A991A /* LaunchPaneAgent */ = {
			isa = PBXGroup;
			children = (
				AD7EADCBD77B2AC076503D53 /* main.swift */,
			);
			path = LaunchPaneAgent;
			sourceTree = "<group>";
		};
		61C57F409B773E59166DD9DA /* LayoutCore */ = {
			isa = PBXGroup;
			children = (
				8F38DB40A1EB1FF2E9C18C96 /* CenteredPresentationTransform.swift */,
				A8D0B66CA1A4B30199F3E1D3 /* FolderGridMetrics.swift */,
				F22DBCF90549CC392A11E2F8 /* FolderLayoutConstraintSolver.swift */,
				F2285F3CA0109F16761E7FB9 /* FolderLayoutTokens.swift */,
				5EF493E855AA4054D4CCA0D0 /* FolderMergeGeometry.swift */,
				6FA5ED079D1BF6C8A59C79D2 /* GridMetrics.swift */,
				E2ECB9F9355E5A32EA746519 /* GridSelectionNavigator.swift */,
				623D836F4E1AC82D0601E627 /* LayoutConstraintSolver.swift */,
				037D340586E8B5E76F30DBE1 /* LayoutTokens.swift */,
				0719329AAA68490D0EDC4714 /* UserLayoutPreferences.swift */,
				4D896D3E99D3FE1479458FD6 /* WallpaperLayout.swift */,
			);
			path = LayoutCore;
			sourceTree = "<group>";
		};
		6F77BFCC3A7689950971F07E /* Tests */ = {
			isa = PBXGroup;
			children = (
				D2BDD78F7959ACCAE8C52134 /* AppCoreTests */,
				4109C08615EF72163FA74F18 /* DisplayCoreTests */,
				8015ED2CC6A889A66A5A166C /* LayoutCoreTests */,
			);
			path = Tests;
			sourceTree = "<group>";
		};
		757B9B64E035813ED2F0C8D5 /* AppCore */ = {
			isa = PBXGroup;
			children = (
				046D06F051A05CA84190DADB /* AppCatalogActor.swift */,
				A2595FF47923DB2D6E9A2342 /* AppDiscoverySource.swift */,
				ABE6D92867733DAB4470E269 /* ApplicationIdentity.swift */,
				EBFDBBB42DC6739144434812 /* ApplicationRecord.swift */,
				56D19C432CC9204AF85DA69A /* AppMetadataResolver.swift */,
				7A23E53072A1B15A4686730C /* LauncherDefaultLayoutBuilder.swift */,
				1FBDEF645C587C37DCFE71E3 /* LauncherDragCommitState.swift */,
				C2DA1F6DF33477D52148D76F /* LauncherDragIntentState.swift */,
				1E3F7A3DB3B2CD50353978F8 /* LauncherDragPreviewState.swift */,
				9B179E9194E476F19010E98F /* LauncherDragStateMachine.swift */,
				11AF15DE8011EFC87D27E513 /* LauncherLayoutDocument.swift */,
				862FF80DA71170138B8F0A2E /* LauncherLayoutDraft.swift */,
				5F38184B8E4B8D44F4272ED0 /* LauncherLayoutReconciler.swift */,
				70DA7F4EC5AE21BFCC3E73CC /* LauncherLayoutStore.swift */,
				D994EFC9F4CE41F8D1D24541 /* PageMotionProfile.swift */,
				2835C973159540054EF4F1D7 /* PageSwipeInputGate.swift */,
				65EB32DF84B565FFCE6FCEF0 /* PageTransitionState.swift */,
			);
			path = AppCore;
			sourceTree = "<group>";
		};
		8015ED2CC6A889A66A5A166C /* LayoutCoreTests */ = {
			isa = PBXGroup;
			children = (
				F4766BF307A2E7E1B966EF73 /* CenteredPresentationTransformTests.swift */,
				53E1FE2B54626F08CA04B923 /* FolderLayoutConstraintSolverTests.swift */,
				5E3D7D8ED36560DC825FC0DD /* FolderMergeGeometryTests.swift */,
				5D36D9759B96FD6C41841548 /* GridReorderInsertionTests.swift */,
				5F12E80E364BE0803CC6297A /* GridSelectionNavigatorTests.swift */,
				489F0580391E33B1AEC99C32 /* LayoutConstraintSolverTests.swift */,
				EB1FA5291240A53CA5475222 /* WallpaperLayoutTests.swift */,
			);
			path = LayoutCoreTests;
			sourceTree = "<group>";
		};
		A105542F94D7A1B048361BE9 /* Sources */ = {
			isa = PBXGroup;
			children = (
				757B9B64E035813ED2F0C8D5 /* AppCore */,
				26DDE715ACCD93FA01CB9187 /* DisplayCore */,
				2D521E369D399903A7F4DD2E /* LaunchPane */,
				472D0AD684A404E7CC2A991A /* LaunchPaneAgent */,
				61C57F409B773E59166DD9DA /* LayoutCore */,
			);
			path = Sources;
			sourceTree = "<group>";
		};
		A551E34F08A3A7CD650E92DA /* Resources */ = {
			isa = PBXGroup;
			children = (
				7A9116C265067401D11F48FF /* Assets.xcassets */,
			);
			path = Resources;
			sourceTree = "<group>";
		};
		D2BDD78F7959ACCAE8C52134 /* AppCoreTests */ = {
			isa = PBXGroup;
			children = (
				5B0849226AAF027C15E95A0F /* AppCatalogActorTests.swift */,
				A160B9FEC4D3C3DD70C75E56 /* ApplicationIdentityTests.swift */,
				E3929FD2B206971DD71E4310 /* LauncherDefaultLayoutBuilderTests.swift */,
				90626F2B3854A6F1B3685069 /* LauncherDragCommitStateTests.swift */,
				80B1DACED1276C6BE1DF4E16 /* LauncherDragIntentStateTests.swift */,
				D4DBF4C4810BE373379F0FDA /* LauncherDragPreviewStateTests.swift */,
				B5C41AAA2190A809AE47BBD4 /* LauncherDragStateMachineTests.swift */,
				1A6733EB23B92AA8DEB5B47E /* LauncherLayoutDocumentTests.swift */,
				0E8FA54C76D0A97198417582 /* LauncherLayoutDraftTests.swift */,
				FEE0DC4F8690655DDA73BE0D /* LauncherLayoutReconcilerTests.swift */,
				5B3A6AC9D7E8CEF008F9E1A0 /* LauncherLayoutStoreTests.swift */,
				1388D69DCA4B34D1263B56A4 /* LauncherPageLayoutTests.swift */,
				95B89C8721A0705390D0919A /* PageMotionProfileTests.swift */,
				F12C121885BDDE23D81BCFE5 /* PageSwipeInputGateTests.swift */,
				6DE828ABC7FAEAB53292571D /* PageTransitionStateTests.swift */,
			);
			path = AppCoreTests;
			sourceTree = "<group>";
		};
		DB6AB19D09E1060E9C0A92A9 /* Products */ = {
			isa = PBXGroup;
			children = (
				49251A345677743F8C6D713F /* AppCore.framework */,
				B7E76AADB9F9B3221D0C90F5 /* AppCoreTests.xctest */,
				EA0D439F7B62854C7D342B32 /* DisplayCore.framework */,
				D22B653BEB2379168AE7EF52 /* DisplayCoreTests.xctest */,
				2D89720B4DD2D8FD5A33885B /* LaunchPane.app */,
				52590E309EDD8A4A0415DB6E /* LaunchPaneAgent.app */,
				791B31D1600F2EED06F09B81 /* LayoutCore.framework */,
				07BB1B233BBDED128A50BECC /* LayoutCoreTests.xctest */,
			);
			name = Products;
			sourceTree = "<group>";
		};
		E9A94AD5AC83F3A9FD499F9E = {
			isa = PBXGroup;
			children = (
				A105542F94D7A1B048361BE9 /* Sources */,
				6F77BFCC3A7689950971F07E /* Tests */,
				DB6AB19D09E1060E9C0A92A9 /* Products */,
			);
			sourceTree = "<group>";
		};
/* End PBXGroup section */

/* Begin PBXNativeTarget section */
		223AA9CFD28EB392FD7E9A79 /* AppCore */ = {
			isa = PBXNativeTarget;
			buildConfigurationList = A9C0348D20A4874C9B46308C /* Build configuration list for PBXNativeTarget "AppCore" */;
			buildPhases = (
				23EEAC3FBA1F9F68A081603A /* Sources */,
			);
			buildRules = (
			);
			dependencies = (
			);
			name = AppCore;
			packageProductDependencies = (
			);
			productName = AppCore;
			productReference = 49251A345677743F8C6D713F /* AppCore.framework */;
			productType = "com.apple.product-type.framework";
		};
		35344065CC4A9DB074CF0D50 /* DisplayCore */ = {
			isa = PBXNativeTarget;
			buildConfigurationList = 54C024191194091C6C4B4176 /* Build configuration list for PBXNativeTarget "DisplayCore" */;
			buildPhases = (
				BDEA9BFBF9371E7716193B38 /* Sources */,
			);
			buildRules = (
			);
			dependencies = (
			);
			name = DisplayCore;
			packageProductDependencies = (
			);
			productName = DisplayCore;
			productReference = EA0D439F7B62854C7D342B32 /* DisplayCore.framework */;
			productType = "com.apple.product-type.framework";
		};
		75E0F4EA5A1BCD26A540D900 /* DisplayCoreTests */ = {
			isa = PBXNativeTarget;
			buildConfigurationList = 1D1A207C8513D8D191F4CF7F /* Build configuration list for PBXNativeTarget "DisplayCoreTests" */;
			buildPhases = (
				C26DAED43231FC54C89B20F3 /* Sources */,
				79BA30A540F025627EE70331 /* Frameworks */,
				A9D85B00A8BBF9EDD6C752F3 /* Embed Frameworks */,
			);
			buildRules = (
			);
			dependencies = (
				745E3801FCE0FF45BBFA7EE3 /* PBXTargetDependency */,
			);
			name = DisplayCoreTests;
			packageProductDependencies = (
			);
			productName = DisplayCoreTests;
			productReference = D22B653BEB2379168AE7EF52 /* DisplayCoreTests.xctest */;
			productType = "com.apple.product-type.bundle.unit-test";
		};
		7D5F930AEC6D8D385519A112 /* AppCoreTests */ = {
			isa = PBXNativeTarget;
			buildConfigurationList = 3854C5987B8C08AF5334DAE8 /* Build configuration list for PBXNativeTarget "AppCoreTests" */;
			buildPhases = (
				578C3E1A6F0415EFF991250E /* Sources */,
				516CF2B2FA0D03441269E736 /* Frameworks */,
				BA808F9B832F6CC2F010F67C /* Embed Frameworks */,
			);
			buildRules = (
			);
			dependencies = (
				246501C7689025DF0DA91CD8 /* PBXTargetDependency */,
			);
			name = AppCoreTests;
			packageProductDependencies = (
			);
			productName = AppCoreTests;
			productReference = B7E76AADB9F9B3221D0C90F5 /* AppCoreTests.xctest */;
			productType = "com.apple.product-type.bundle.unit-test";
		};
		8062643F9D99A2FB13D8925E /* LayoutCoreTests */ = {
			isa = PBXNativeTarget;
			buildConfigurationList = A75FCFD59B95F67FCA5B79AC /* Build configuration list for PBXNativeTarget "LayoutCoreTests" */;
			buildPhases = (
				FF6A659093EF8DAD75A93231 /* Sources */,
				EAC8362ADD7D21C89FCCB22A /* Frameworks */,
				0C38B70F494C92487E6D20EF /* Embed Frameworks */,
			);
			buildRules = (
			);
			dependencies = (
				71426A2989EEF50C93C97058 /* PBXTargetDependency */,
				B01F2608E4CFA8F1D89DB9D9 /* PBXTargetDependency */,
			);
			name = LayoutCoreTests;
			packageProductDependencies = (
			);
			productName = LayoutCoreTests;
			productReference = 07BB1B233BBDED128A50BECC /* LayoutCoreTests.xctest */;
			productType = "com.apple.product-type.bundle.unit-test";
		};
		80CC408E32FC6B757939D733 /* LayoutCore */ = {
			isa = PBXNativeTarget;
			buildConfigurationList = 557DCF37129EF6A7E9F91E8D /* Build configuration list for PBXNativeTarget "LayoutCore" */;
			buildPhases = (
				7AB02F0CA9E6D4259FEF3527 /* Sources */,
				8AFCB7CFA7A7199830AD4728 /* Frameworks */,
			);
			buildRules = (
			);
			dependencies = (
				C34D41EA66FC5B44679390B7 /* PBXTargetDependency */,
			);
			name = LayoutCore;
			packageProductDependencies = (
			);
			productName = LayoutCore;
			productReference = 791B31D1600F2EED06F09B81 /* LayoutCore.framework */;
			productType = "com.apple.product-type.framework";
		};
		A09362308393FB65FEA6E244 /* LaunchPaneAgent */ = {
			isa = PBXNativeTarget;
			buildConfigurationList = F13F22478401ABE049BD2E52 /* Build configuration list for PBXNativeTarget "LaunchPaneAgent" */;
			buildPhases = (
				70FDEF91BD531EE951769D16 /* Sources */,
				69B709D1C794926715ED5205 /* Frameworks */,
				66A4754CEB84CB6F95364000 /* Embed Frameworks */,
			);
			buildRules = (
			);
			dependencies = (
				A128365017CDA44A3A2B5913 /* PBXTargetDependency */,
				15F907933E333D4A8CCE357D /* PBXTargetDependency */,
				28FB5FFF8D2AD3FF69FE0158 /* PBXTargetDependency */,
			);
			name = LaunchPaneAgent;
			packageProductDependencies = (
			);
			productName = LaunchPaneAgent;
			productReference = 52590E309EDD8A4A0415DB6E /* LaunchPaneAgent.app */;
			productType = "com.apple.product-type.application";
		};
		BA2F3CA4691158CBF32643E1 /* LaunchPane */ = {
			isa = PBXNativeTarget;
			buildConfigurationList = 6401C867D69EF0252E593EEF /* Build configuration list for PBXNativeTarget "LaunchPane" */;
			buildPhases = (
				7DF0CF093597BD95F78500FA /* Sources */,
				6C6E387F988385ED99D777C0 /* Resources */,
				70B872CB12E0097FA3BF7BF9 /* Embed Dependencies */,
			);
			buildRules = (
			);
			dependencies = (
				45B56B1D187CEC1E29CFBC98 /* PBXTargetDependency */,
			);
			name = LaunchPane;
			packageProductDependencies = (
			);
			productName = LaunchPane;
			productReference = 2D89720B4DD2D8FD5A33885B /* LaunchPane.app */;
			productType = "com.apple.product-type.application";
		};
/* End PBXNativeTarget section */

/* Begin PBXProject section */
		2ABD302EA6B60C771A2E30A3 /* Project object */ = {
			isa = PBXProject;
			attributes = {
				BuildIndependentTargetsInParallel = YES;
				LastUpgradeCheck = 1430;
				TargetAttributes = {
					A09362308393FB65FEA6E244 = {
						ProvisioningStyle = Automatic;
					};
					BA2F3CA4691158CBF32643E1 = {
						ProvisioningStyle = Automatic;
					};
				};
			};
			buildConfigurationList = E41409DEFD13B5EF84BD70B3 /* Build configuration list for PBXProject "LaunchPane" */;
			developmentRegion = en;
			hasScannedForEncodings = 0;
			knownRegions = (
				Base,
				en,
			);
			mainGroup = E9A94AD5AC83F3A9FD499F9E;
			minimizedProjectReferenceProxies = 1;
			preferredProjectObjectVersion = 77;
			productRefGroup = DB6AB19D09E1060E9C0A92A9 /* Products */;
			projectDirPath = "";
			projectRoot = "";
			targets = (
				223AA9CFD28EB392FD7E9A79 /* AppCore */,
				35344065CC4A9DB074CF0D50 /* DisplayCore */,
				80CC408E32FC6B757939D733 /* LayoutCore */,
				A09362308393FB65FEA6E244 /* LaunchPaneAgent */,
				BA2F3CA4691158CBF32643E1 /* LaunchPane */,
				75E0F4EA5A1BCD26A540D900 /* DisplayCoreTests */,
				7D5F930AEC6D8D385519A112 /* AppCoreTests */,
				8062643F9D99A2FB13D8925E /* LayoutCoreTests */,
			);
		};
/* End PBXProject section */

/* Begin PBXResourcesBuildPhase section */
		6C6E387F988385ED99D777C0 /* Resources */ = {
			isa = PBXResourcesBuildPhase;
			buildActionMask = 2147483647;
			files = (
				C6CBA990E5AE797085FEAA54 /* Assets.xcassets in Resources */,
			);
			runOnlyForDeploymentPostprocessing = 0;
		};
/* End PBXResourcesBuildPhase section */

/* Begin PBXSourcesBuildPhase section */
		23EEAC3FBA1F9F68A081603A /* Sources */ = {
			isa = PBXSourcesBuildPhase;
			buildActionMask = 2147483647;
			files = (
				AAA6B3673ADC41F21684F084 /* AppCatalogActor.swift in Sources */,
				4AD85C17B3EBF37CF08624B1 /* AppDiscoverySource.swift in Sources */,
				8CA5266C37410EBC7C7B13BB /* AppMetadataResolver.swift in Sources */,
				BA045CB25F3C3F8CFD607DFD /* ApplicationIdentity.swift in Sources */,
				D63888F539A01E271FC580AB /* ApplicationRecord.swift in Sources */,
				E87938D3DE6B7F6461A819C7 /* LauncherDefaultLayoutBuilder.swift in Sources */,
				0B914600F25C1AFDDBCC5B20 /* LauncherDragCommitState.swift in Sources */,
				2F4449A1904F8E69EA2CB73C /* LauncherDragIntentState.swift in Sources */,
				052DD9094E2F4DCC39B8F72E /* LauncherDragPreviewState.swift in Sources */,
				65F5AC8DA9D34641AAAC5776 /* LauncherDragStateMachine.swift in Sources */,
				7ED42CFEEF3FCC18008721A3 /* LauncherLayoutDocument.swift in Sources */,
				CF9DCF73993F496944CC7414 /* LauncherLayoutDraft.swift in Sources */,
				5AB87E4CDAB23E2398CC389E /* LauncherLayoutReconciler.swift in Sources */,
				D9C449D78A92B1DC0C1933E6 /* LauncherLayoutStore.swift in Sources */,
				37FF745AB0B7C082609FE225 /* PageMotionProfile.swift in Sources */,
				54773FE51987B88DD51B0777 /* PageSwipeInputGate.swift in Sources */,
				657081A9980E8736A8D472AE /* PageTransitionState.swift in Sources */,
			);
			runOnlyForDeploymentPostprocessing = 0;
		};
		578C3E1A6F0415EFF991250E /* Sources */ = {
			isa = PBXSourcesBuildPhase;
			buildActionMask = 2147483647;
			files = (
				84F8DF29B06A4115C9BED289 /* AppCatalogActorTests.swift in Sources */,
				7F63302AB1A80FAC735552FC /* ApplicationIdentityTests.swift in Sources */,
				5C3B0CCC0FCD2FF9EB99AE77 /* LauncherDefaultLayoutBuilderTests.swift in Sources */,
				24125CBD1853171E7532736A /* LauncherDragCommitStateTests.swift in Sources */,
				859278E7E6CF5E75C02B25E2 /* LauncherDragIntentStateTests.swift in Sources */,
				D0EDAC265D6379F4D387C5D0 /* LauncherDragPreviewStateTests.swift in Sources */,
				AC9D5E90E4EAA7207EEA5310 /* LauncherDragStateMachineTests.swift in Sources */,
				381B3EE7F4305976F5F94080 /* LauncherLayoutDocumentTests.swift in Sources */,
				836664E2BF021F2B18302B89 /* LauncherLayoutDraftTests.swift in Sources */,
				01382720A283FBF99755B809 /* LauncherLayoutReconcilerTests.swift in Sources */,
				E2F3A01AD28B774BE7A21DD2 /* LauncherLayoutStoreTests.swift in Sources */,
				E51FE14EDAC3FD4AD65E024F /* LauncherPageLayoutTests.swift in Sources */,
				DBBC9853FA8D703A8C3D01A6 /* PageMotionProfileTests.swift in Sources */,
				FCBB16EDB0876F1B996A70CE /* PageSwipeInputGateTests.swift in Sources */,
				2CDE310B9A89A29FD90DC77C /* PageTransitionStateTests.swift in Sources */,
			);
			runOnlyForDeploymentPostprocessing = 0;
		};
		70FDEF91BD531EE951769D16 /* Sources */ = {
			isa = PBXSourcesBuildPhase;
			buildActionMask = 2147483647;
			files = (
				DA10C63D6A31F0158A17797A /* AppIconCache.swift in Sources */,
				B2EA468F8E94CA19E459EF49 /* AppTileButton.swift in Sources */,
				BC6F69DF6B4E694DE94274FF /* AppTilePresentationFactory.swift in Sources */,
				E80DAAA0B220AF99BB55E2E1 /* DesktopWallpaperProvider.swift in Sources */,
				722374EC4290397D2BEA8D48 /* LaunchPaneAppDelegate.swift in Sources */,
				73BE349718BE329550D753F1 /* LaunchpadPresentationController.swift in Sources */,
				BE2BE3AECEB725707DC923BB /* LaunchpadSearchComponents.swift in Sources */,
				D4D3F983809EC0162121B64D /* LaunchpadSearchField.swift in Sources */,
				BBC9F4C1E8471866813DB3F6 /* LaunchpadVisualStyle.swift in Sources */,
				C8396ED7957BF13992502195 /* LaunchpadWindow.swift in Sources */,
				3CDED0E7AD2DA3F58572E8FE /* LaunchpadWindowController.swift in Sources */,
				EF65233DC0BF526B07A7F415 /* MenuBarBackdropWindow.swift in Sources */,
				69D958BD760C97420F5E49D5 /* PageScrollGesture.swift in Sources */,
				9847A3422725DCA2FC78B51E /* ResolvedLaunchpadItem.swift in Sources */,
				62A10753F3E1370FFCF332BA /* main.swift in Sources */,
			);
			runOnlyForDeploymentPostprocessing = 0;
		};
		7AB02F0CA9E6D4259FEF3527 /* Sources */ = {
			isa = PBXSourcesBuildPhase;
			buildActionMask = 2147483647;
			files = (
				10D09C5A6756EF09B3D81E20 /* CenteredPresentationTransform.swift in Sources */,
				0225E021435132E8079121F6 /* FolderGridMetrics.swift in Sources */,
				AA42CA38E1B3D40055091414 /* FolderLayoutConstraintSolver.swift in Sources */,
				101F3FD30ABC5471DA95BA0A /* FolderLayoutTokens.swift in Sources */,
				5C5C5BC6061908DCB92DD7B3 /* FolderMergeGeometry.swift in Sources */,
				C9BE718C94121AA43EE2A87E /* GridMetrics.swift in Sources */,
				80009D9A6ACD4A6CCFAB32D8 /* GridSelectionNavigator.swift in Sources */,
				094A2787D464E97882839D53 /* LayoutConstraintSolver.swift in Sources */,
				A68368774F96EF1903AF8D74 /* LayoutTokens.swift in Sources */,
				2A6E305E7695B8BA18878A38 /* UserLayoutPreferences.swift in Sources */,
				2D86C5A9EA7D53B1EA46B5E6 /* WallpaperLayout.swift in Sources */,
			);
			runOnlyForDeploymentPostprocessing = 0;
		};
		7DF0CF093597BD95F78500FA /* Sources */ = {
			isa = PBXSourcesBuildPhase;
			buildActionMask = 2147483647;
			files = (
				64396421BA9C29453C075EC3 /* main.swift in Sources */,
			);
			runOnlyForDeploymentPostprocessing = 0;
		};
		BDEA9BFBF9371E7716193B38 /* Sources */ = {
			isa = PBXSourcesBuildPhase;
			buildActionMask = 2147483647;
			files = (
				C43255BC66F342B42EA4EB8D /* DisplayContext.swift in Sources */,
				781AFA6A4D3962A494ECD2A1 /* DisplayInsets.swift in Sources */,
				4503D9511739B01AB1D657AF /* ScreenDisplayContextResolver.swift in Sources */,
			);
			runOnlyForDeploymentPostprocessing = 0;
		};
		C26DAED43231FC54C89B20F3 /* Sources */ = {
			isa = PBXSourcesBuildPhase;
			buildActionMask = 2147483647;
			files = (
				B36A2F98366FC74E458C21A7 /* DisplayContextTests.swift in Sources */,
			);
			runOnlyForDeploymentPostprocessing = 0;
		};
		FF6A659093EF8DAD75A93231 /* Sources */ = {
			isa = PBXSourcesBuildPhase;
			buildActionMask = 2147483647;
			files = (
				68BE4451D3DC560999CB1770 /* CenteredPresentationTransformTests.swift in Sources */,
				776FE47E34350182A4AFE6A6 /* FolderLayoutConstraintSolverTests.swift in Sources */,
				08F99B201FE3C398BEAE8CEA /* FolderMergeGeometryTests.swift in Sources */,
				085D0AC34B574C197F44B538 /* GridReorderInsertionTests.swift in Sources */,
				51820550E35C5ACF02D9F0D4 /* GridSelectionNavigatorTests.swift in Sources */,
				FB2A22D39766DE475620EE8D /* LayoutConstraintSolverTests.swift in Sources */,
				137EB927173CC3021030D814 /* WallpaperLayoutTests.swift in Sources */,
			);
			runOnlyForDeploymentPostprocessing = 0;
		};
/* End PBXSourcesBuildPhase section */

/* Begin PBXTargetDependency section */
		15F907933E333D4A8CCE357D /* PBXTargetDependency */ = {
			isa = PBXTargetDependency;
			target = 35344065CC4A9DB074CF0D50 /* DisplayCore */;
			targetProxy = 9CAEAEF691868E4610A97707 /* PBXContainerItemProxy */;
		};
		246501C7689025DF0DA91CD8 /* PBXTargetDependency */ = {
			isa = PBXTargetDependency;
			target = 223AA9CFD28EB392FD7E9A79 /* AppCore */;
			targetProxy = B18080A98936D2379F70AF60 /* PBXContainerItemProxy */;
		};
		28FB5FFF8D2AD3FF69FE0158 /* PBXTargetDependency */ = {
			isa = PBXTargetDependency;
			target = 80CC408E32FC6B757939D733 /* LayoutCore */;
			targetProxy = D860E10D98A3CE24DA69326F /* PBXContainerItemProxy */;
		};
		45B56B1D187CEC1E29CFBC98 /* PBXTargetDependency */ = {
			isa = PBXTargetDependency;
			target = A09362308393FB65FEA6E244 /* LaunchPaneAgent */;
			targetProxy = FBDA10B0FD948C3817C2A440 /* PBXContainerItemProxy */;
		};
		71426A2989EEF50C93C97058 /* PBXTargetDependency */ = {
			isa = PBXTargetDependency;
			target = 35344065CC4A9DB074CF0D50 /* DisplayCore */;
			targetProxy = B665ED52113CC9A2BF0FB5E7 /* PBXContainerItemProxy */;
		};
		745E3801FCE0FF45BBFA7EE3 /* PBXTargetDependency */ = {
			isa = PBXTargetDependency;
			target = 35344065CC4A9DB074CF0D50 /* DisplayCore */;
			targetProxy = F4F8AB7554C59D7D8BBC37EB /* PBXContainerItemProxy */;
		};
		A128365017CDA44A3A2B5913 /* PBXTargetDependency */ = {
			isa = PBXTargetDependency;
			target = 223AA9CFD28EB392FD7E9A79 /* AppCore */;
			targetProxy = CB870AC42C9AD4C62676492D /* PBXContainerItemProxy */;
		};
		B01F2608E4CFA8F1D89DB9D9 /* PBXTargetDependency */ = {
			isa = PBXTargetDependency;
			target = 80CC408E32FC6B757939D733 /* LayoutCore */;
			targetProxy = 990002A33D24B9ADBA324A7F /* PBXContainerItemProxy */;
		};
		C34D41EA66FC5B44679390B7 /* PBXTargetDependency */ = {
			isa = PBXTargetDependency;
			target = 35344065CC4A9DB074CF0D50 /* DisplayCore */;
			targetProxy = D136AFDBD2625976C614C4E2 /* PBXContainerItemProxy */;
		};
/* End PBXTargetDependency section */

/* Begin XCBuildConfiguration section */
		1A514BCFF5CB9C1207734DA6 /* Release */ = {
			isa = XCBuildConfiguration;
			buildSettings = {
				ASSETCATALOG_COMPILER_APPICON_NAME = AppIcon;
				CODE_SIGN_STYLE = Automatic;
				COMBINE_HIDPI_IMAGES = YES;
				CURRENT_PROJECT_VERSION = 3;
				GENERATE_INFOPLIST_FILE = YES;
				INFOPLIST_KEY_CFBundleDisplayName = LaunchPaneAgent;
				INFOPLIST_KEY_LSApplicationCategoryType = "public.app-category.utilities";
				INFOPLIST_KEY_LSUIElement = YES;
				INFOPLIST_KEY_NSHumanReadableCopyright = "Copyright © 2026 LaunchPane contributors";
				LD_RUNPATH_SEARCH_PATHS = (
					"$(inherited)",
					"@executable_path/../Frameworks",
				);
				MARKETING_VERSION = 1.2;
				PRODUCT_BUNDLE_IDENTIFIER = org.launchpane.LaunchPaneAgent;
				PRODUCT_NAME = LaunchPaneAgent;
				SDKROOT = macosx;
				SKIP_INSTALL = YES;
			};
			name = Release;
		};
		24AE3EA02BA834951B879925 /* Release */ = {
			isa = XCBuildConfiguration;
			buildSettings = {
				CODE_SIGN_IDENTITY = "";
				COMBINE_HIDPI_IMAGES = YES;
				CURRENT_PROJECT_VERSION = 1;
				DEFINES_MODULE = YES;
				DYLIB_COMPATIBILITY_VERSION = 1;
				DYLIB_CURRENT_VERSION = 1;
				DYLIB_INSTALL_NAME_BASE = "@rpath";
				GENERATE_INFOPLIST_FILE = YES;
				INSTALL_PATH = "$(LOCAL_LIBRARY_DIR)/Frameworks";
				LD_RUNPATH_SEARCH_PATHS = (
					"$(inherited)",
					"@executable_path/../Frameworks",
				);
				PRODUCT_BUNDLE_IDENTIFIER = org.launchpane.AppCore;
				SDKROOT = macosx;
				SKIP_INSTALL = YES;
				VERSIONING_SYSTEM = "apple-generic";
			};
			name = Release;
		};
		2C3DAA0F26379AED83CB8FEE /* Release */ = {
			isa = XCBuildConfiguration;
			buildSettings = {
				CODE_SIGN_IDENTITY = "";
				COMBINE_HIDPI_IMAGES = YES;
				CURRENT_PROJECT_VERSION = 1;
				DEFINES_MODULE = YES;
				DYLIB_COMPATIBILITY_VERSION = 1;
				DYLIB_CURRENT_VERSION = 1;
				DYLIB_INSTALL_NAME_BASE = "@rpath";
				GENERATE_INFOPLIST_FILE = YES;
				INSTALL_PATH = "$(LOCAL_LIBRARY_DIR)/Frameworks";
				LD_RUNPATH_SEARCH_PATHS = (
					"$(inherited)",
					"@executable_path/../Frameworks",
				);
				PRODUCT_BUNDLE_IDENTIFIER = org.launchpane.DisplayCore;
				SDKROOT = macosx;
				SKIP_INSTALL = YES;
				VERSIONING_SYSTEM = "apple-generic";
			};
			name = Release;
		};
		3CA4EE2E780A9FCD4A28F955 /* Debug */ = {
			isa = XCBuildConfiguration;
			buildSettings = {
				ASSETCATALOG_COMPILER_APPICON_NAME = AppIcon;
				CODE_SIGN_STYLE = Automatic;
				COMBINE_HIDPI_IMAGES = YES;
				CURRENT_PROJECT_VERSION = 3;
				GENERATE_INFOPLIST_FILE = YES;
				INFOPLIST_KEY_CFBundleDisplayName = LaunchPane;
				INFOPLIST_KEY_LSApplicationCategoryType = "public.app-category.utilities";
				INFOPLIST_KEY_LSUIElement = YES;
				INFOPLIST_KEY_NSHumanReadableCopyright = "Copyright © 2026 LaunchPane contributors";
				LD_RUNPATH_SEARCH_PATHS = (
					"$(inherited)",
					"@executable_path/../Frameworks",
				);
				MARKETING_VERSION = 1.2;
				PRODUCT_BUNDLE_IDENTIFIER = org.launchpane.LaunchPane;
				PRODUCT_NAME = LaunchPane;
				SDKROOT = macosx;
			};
			name = Debug;
		};
		4440AF7B9FDB7E298D01527E /* Debug */ = {
			isa = XCBuildConfiguration;
			buildSettings = {
				ALWAYS_SEARCH_USER_PATHS = NO;
				CLANG_ANALYZER_NONNULL = YES;
				CLANG_ANALYZER_NUMBER_OBJECT_CONVERSION = YES_AGGRESSIVE;
				CLANG_CXX_LANGUAGE_STANDARD = "gnu++14";
				CLANG_CXX_LIBRARY = "libc++";
				CLANG_ENABLE_MODULES = YES;
				CLANG_ENABLE_OBJC_ARC = YES;
				CLANG_ENABLE_OBJC_WEAK = YES;
				CLANG_WARN_BLOCK_CAPTURE_AUTORELEASING = YES;
				CLANG_WARN_BOOL_CONVERSION = YES;
				CLANG_WARN_COMMA = YES;
				CLANG_WARN_CONSTANT_CONVERSION = YES;
				CLANG_WARN_DEPRECATED_OBJC_IMPLEMENTATIONS = YES;
				CLANG_WARN_DIRECT_OBJC_ISA_USAGE = YES_ERROR;
				CLANG_WARN_DOCUMENTATION_COMMENTS = YES;
				CLANG_WARN_EMPTY_BODY = YES;
				CLANG_WARN_ENUM_CONVERSION = YES;
				CLANG_WARN_INFINITE_RECURSION = YES;
				CLANG_WARN_INT_CONVERSION = YES;
				CLANG_WARN_NON_LITERAL_NULL_CONVERSION = YES;
				CLANG_WARN_OBJC_IMPLICIT_RETAIN_SELF = YES;
				CLANG_WARN_OBJC_LITERAL_CONVERSION = YES;
				CLANG_WARN_OBJC_ROOT_CLASS = YES_ERROR;
				CLANG_WARN_QUOTED_INCLUDE_IN_FRAMEWORK_HEADER = YES;
				CLANG_WARN_RANGE_LOOP_ANALYSIS = YES;
				CLANG_WARN_STRICT_PROTOTYPES = YES;
				CLANG_WARN_SUSPICIOUS_MOVE = YES;
				CLANG_WARN_UNGUARDED_AVAILABILITY = YES_AGGRESSIVE;
				CLANG_WARN_UNREACHABLE_CODE = YES;
				CLANG_WARN__DUPLICATE_METHOD_MATCH = YES;
				COPY_PHASE_STRIP = NO;
				DEBUG_INFORMATION_FORMAT = dwarf;
				ENABLE_STRICT_OBJC_MSGSEND = YES;
				ENABLE_TESTABILITY = YES;
				GCC_C_LANGUAGE_STANDARD = gnu11;
				GCC_DYNAMIC_NO_PIC = NO;
				GCC_NO_COMMON_BLOCKS = YES;
				GCC_OPTIMIZATION_LEVEL = 0;
				GCC_PREPROCESSOR_DEFINITIONS = (
					"$(inherited)",
					"DEBUG=1",
				);
				GCC_WARN_64_TO_32_BIT_CONVERSION = YES;
				GCC_WARN_ABOUT_RETURN_TYPE = YES_ERROR;
				GCC_WARN_UNDECLARED_SELECTOR = YES;
				GCC_WARN_UNINITIALIZED_AUTOS = YES_AGGRESSIVE;
				GCC_WARN_UNUSED_FUNCTION = YES;
				GCC_WARN_UNUSED_VARIABLE = YES;
				MACOSX_DEPLOYMENT_TARGET = 15.0;
				MTL_ENABLE_DEBUG_INFO = INCLUDE_SOURCE;
				MTL_FAST_MATH = YES;
				ONLY_ACTIVE_ARCH = YES;
				PRODUCT_NAME = "$(TARGET_NAME)";
				SDKROOT = macosx;
				SWIFT_ACTIVE_COMPILATION_CONDITIONS = DEBUG;
				SWIFT_OPTIMIZATION_LEVEL = "-Onone";
				SWIFT_STRICT_CONCURRENCY = complete;
				SWIFT_VERSION = 6.0;
			};
			name = Debug;
		};
		667DBB0F395B0AA486DDCA16 /* Debug */ = {
			isa = XCBuildConfiguration;
			buildSettings = {
				CODE_SIGN_IDENTITY = "";
				COMBINE_HIDPI_IMAGES = YES;
				CURRENT_PROJECT_VERSION = 1;
				DEFINES_MODULE = YES;
				DYLIB_COMPATIBILITY_VERSION = 1;
				DYLIB_CURRENT_VERSION = 1;
				DYLIB_INSTALL_NAME_BASE = "@rpath";
				GENERATE_INFOPLIST_FILE = YES;
				INSTALL_PATH = "$(LOCAL_LIBRARY_DIR)/Frameworks";
				LD_RUNPATH_SEARCH_PATHS = (
					"$(inherited)",
					"@executable_path/../Frameworks",
				);
				PRODUCT_BUNDLE_IDENTIFIER = org.launchpane.LayoutCore;
				SDKROOT = macosx;
				SKIP_INSTALL = YES;
				VERSIONING_SYSTEM = "apple-generic";
			};
			name = Debug;
		};
		6E3503834816BEB5DE9FBA67 /* Release */ = {
			isa = XCBuildConfiguration;
			buildSettings = {
				BUNDLE_LOADER = "$(TEST_HOST)";
				COMBINE_HIDPI_IMAGES = YES;
				GENERATE_INFOPLIST_FILE = YES;
				LD_RUNPATH_SEARCH_PATHS = (
					"$(inherited)",
					"@executable_path/../Frameworks",
					"@loader_path/../Frameworks",
				);
				PRODUCT_BUNDLE_IDENTIFIER = org.launchpane.AppCoreTests;
				SDKROOT = macosx;
			};
			name = Release;
		};
		6FCB0741C2A656AFBA9F4E13 /* Debug */ = {
			isa = XCBuildConfiguration;
			buildSettings = {
				ASSETCATALOG_COMPILER_APPICON_NAME = AppIcon;
				CODE_SIGN_STYLE = Automatic;
				COMBINE_HIDPI_IMAGES = YES;
				CURRENT_PROJECT_VERSION = 3;
				GENERATE_INFOPLIST_FILE = YES;
				INFOPLIST_KEY_CFBundleDisplayName = LaunchPaneAgent;
				INFOPLIST_KEY_LSApplicationCategoryType = "public.app-category.utilities";
				INFOPLIST_KEY_LSUIElement = YES;
				INFOPLIST_KEY_NSHumanReadableCopyright = "Copyright © 2026 LaunchPane contributors";
				LD_RUNPATH_SEARCH_PATHS = (
					"$(inherited)",
					"@executable_path/../Frameworks",
				);
				MARKETING_VERSION = 1.2;
				PRODUCT_BUNDLE_IDENTIFIER = org.launchpane.LaunchPaneAgent;
				PRODUCT_NAME = LaunchPaneAgent;
				SDKROOT = macosx;
				SKIP_INSTALL = YES;
			};
			name = Debug;
		};
		79B0FC9E48119DE8B43F9BA6 /* Debug */ = {
			isa = XCBuildConfiguration;
			buildSettings = {
				BUNDLE_LOADER = "$(TEST_HOST)";
				COMBINE_HIDPI_IMAGES = YES;
				GENERATE_INFOPLIST_FILE = YES;
				LD_RUNPATH_SEARCH_PATHS = (
					"$(inherited)",
					"@executable_path/../Frameworks",
					"@loader_path/../Frameworks",
				);
				PRODUCT_BUNDLE_IDENTIFIER = org.launchpane.DisplayCoreTests;
				SDKROOT = macosx;
			};
			name = Debug;
		};
		876EB32EB7C685CF699F64A7 /* Release */ = {
			isa = XCBuildConfiguration;
			buildSettings = {
				BUNDLE_LOADER = "$(TEST_HOST)";
				COMBINE_HIDPI_IMAGES = YES;
				GENERATE_INFOPLIST_FILE = YES;
				LD_RUNPATH_SEARCH_PATHS = (
					"$(inherited)",
					"@executable_path/../Frameworks",
					"@loader_path/../Frameworks",
				);
				PRODUCT_BUNDLE_IDENTIFIER = org.launchpane.LayoutCoreTests;
				SDKROOT = macosx;
			};
			name = Release;
		};
		90841C975C64BB95E3B4905F /* Debug */ = {
			isa = XCBuildConfiguration;
			buildSettings = {
				BUNDLE_LOADER = "$(TEST_HOST)";
				COMBINE_HIDPI_IMAGES = YES;
				GENERATE_INFOPLIST_FILE = YES;
				LD_RUNPATH_SEARCH_PATHS = (
					"$(inherited)",
					"@executable_path/../Frameworks",
					"@loader_path/../Frameworks",
				);
				PRODUCT_BUNDLE_IDENTIFIER = org.launchpane.LayoutCoreTests;
				SDKROOT = macosx;
			};
			name = Debug;
		};
		A27B2E0D1E2E0EC521CA9EC9 /* Debug */ = {
			isa = XCBuildConfiguration;
			buildSettings = {
				CODE_SIGN_IDENTITY = "";
				COMBINE_HIDPI_IMAGES = YES;
				CURRENT_PROJECT_VERSION = 1;
				DEFINES_MODULE = YES;
				DYLIB_COMPATIBILITY_VERSION = 1;
				DYLIB_CURRENT_VERSION = 1;
				DYLIB_INSTALL_NAME_BASE = "@rpath";
				GENERATE_INFOPLIST_FILE = YES;
				INSTALL_PATH = "$(LOCAL_LIBRARY_DIR)/Frameworks";
				LD_RUNPATH_SEARCH_PATHS = (
					"$(inherited)",
					"@executable_path/../Frameworks",
				);
				PRODUCT_BUNDLE_IDENTIFIER = org.launchpane.AppCore;
				SDKROOT = macosx;
				SKIP_INSTALL = YES;
				VERSIONING_SYSTEM = "apple-generic";
			};
			name = Debug;
		};
		AE760D5D14DE5F24CA751195 /* Release */ = {
			isa = XCBuildConfiguration;
			buildSettings = {
				CODE_SIGN_IDENTITY = "";
				COMBINE_HIDPI_IMAGES = YES;
				CURRENT_PROJECT_VERSION = 1;
				DEFINES_MODULE = YES;
				DYLIB_COMPATIBILITY_VERSION = 1;
				DYLIB_CURRENT_VERSION = 1;
				DYLIB_INSTALL_NAME_BASE = "@rpath";
				GENERATE_INFOPLIST_FILE = YES;
				INSTALL_PATH = "$(LOCAL_LIBRARY_DIR)/Frameworks";
				LD_RUNPATH_SEARCH_PATHS = (
					"$(inherited)",
					"@executable_path/../Frameworks",
				);
				PRODUCT_BUNDLE_IDENTIFIER = org.launchpane.LayoutCore;
				SDKROOT = macosx;
				SKIP_INSTALL = YES;
				VERSIONING_SYSTEM = "apple-generic";
			};
			name = Release;
		};
		C6A0B93E9339E57B05A12D39 /* Release */ = {
			isa = XCBuildConfiguration;
			buildSettings = {
				ASSETCATALOG_COMPILER_APPICON_NAME = AppIcon;
				CODE_SIGN_STYLE = Automatic;
				COMBINE_HIDPI_IMAGES = YES;
				CURRENT_PROJECT_VERSION = 3;
				GENERATE_INFOPLIST_FILE = YES;
				INFOPLIST_KEY_CFBundleDisplayName = LaunchPane;
				INFOPLIST_KEY_LSApplicationCategoryType = "public.app-category.utilities";
				INFOPLIST_KEY_LSUIElement = YES;
				INFOPLIST_KEY_NSHumanReadableCopyright = "Copyright © 2026 LaunchPane contributors";
				LD_RUNPATH_SEARCH_PATHS = (
					"$(inherited)",
					"@executable_path/../Frameworks",
				);
				MARKETING_VERSION = 1.2;
				PRODUCT_BUNDLE_IDENTIFIER = org.launchpane.LaunchPane;
				PRODUCT_NAME = LaunchPane;
				SDKROOT = macosx;
			};
			name = Release;
		};
		C7F5B2654F3E2F6D4CC845EF /* Debug */ = {
			isa = XCBuildConfiguration;
			buildSettings = {
				BUNDLE_LOADER = "$(TEST_HOST)";
				COMBINE_HIDPI_IMAGES = YES;
				GENERATE_INFOPLIST_FILE = YES;
				LD_RUNPATH_SEARCH_PATHS = (
					"$(inherited)",
					"@executable_path/../Frameworks",
					"@loader_path/../Frameworks",
				);
				PRODUCT_BUNDLE_IDENTIFIER = org.launchpane.AppCoreTests;
				SDKROOT = macosx;
			};
			name = Debug;
		};
		CBE0ECCD993003489FF135CA /* Release */ = {
			isa = XCBuildConfiguration;
			buildSettings = {
				BUNDLE_LOADER = "$(TEST_HOST)";
				COMBINE_HIDPI_IMAGES = YES;
				GENERATE_INFOPLIST_FILE = YES;
				LD_RUNPATH_SEARCH_PATHS = (
					"$(inherited)",
					"@executable_path/../Frameworks",
					"@loader_path/../Frameworks",
				);
				PRODUCT_BUNDLE_IDENTIFIER = org.launchpane.DisplayCoreTests;
				SDKROOT = macosx;
			};
			name = Release;
		};
		D388E7C22C61AA175336173B /* Release */ = {
			isa = XCBuildConfiguration;
			buildSettings = {
				ALWAYS_SEARCH_USER_PATHS = NO;
				CLANG_ANALYZER_NONNULL = YES;
				CLANG_ANALYZER_NUMBER_OBJECT_CONVERSION = YES_AGGRESSIVE;
				CLANG_CXX_LANGUAGE_STANDARD = "gnu++14";
				CLANG_CXX_LIBRARY = "libc++";
				CLANG_ENABLE_MODULES = YES;
				CLANG_ENABLE_OBJC_ARC = YES;
				CLANG_ENABLE_OBJC_WEAK = YES;
				CLANG_WARN_BLOCK_CAPTURE_AUTORELEASING = YES;
				CLANG_WARN_BOOL_CONVERSION = YES;
				CLANG_WARN_COMMA = YES;
				CLANG_WARN_CONSTANT_CONVERSION = YES;
				CLANG_WARN_DEPRECATED_OBJC_IMPLEMENTATIONS = YES;
				CLANG_WARN_DIRECT_OBJC_ISA_USAGE = YES_ERROR;
				CLANG_WARN_DOCUMENTATION_COMMENTS = YES;
				CLANG_WARN_EMPTY_BODY = YES;
				CLANG_WARN_ENUM_CONVERSION = YES;
				CLANG_WARN_INFINITE_RECURSION = YES;
				CLANG_WARN_INT_CONVERSION = YES;
				CLANG_WARN_NON_LITERAL_NULL_CONVERSION = YES;
				CLANG_WARN_OBJC_IMPLICIT_RETAIN_SELF = YES;
				CLANG_WARN_OBJC_LITERAL_CONVERSION = YES;
				CLANG_WARN_OBJC_ROOT_CLASS = YES_ERROR;
				CLANG_WARN_QUOTED_INCLUDE_IN_FRAMEWORK_HEADER = YES;
				CLANG_WARN_RANGE_LOOP_ANALYSIS = YES;
				CLANG_WARN_STRICT_PROTOTYPES = YES;
				CLANG_WARN_SUSPICIOUS_MOVE = YES;
				CLANG_WARN_UNGUARDED_AVAILABILITY = YES_AGGRESSIVE;
				CLANG_WARN_UNREACHABLE_CODE = YES;
				CLANG_WARN__DUPLICATE_METHOD_MATCH = YES;
				COPY_PHASE_STRIP = NO;
				DEBUG_INFORMATION_FORMAT = "dwarf-with-dsym";
				ENABLE_NS_ASSERTIONS = NO;
				ENABLE_STRICT_OBJC_MSGSEND = YES;
				GCC_C_LANGUAGE_STANDARD = gnu11;
				GCC_NO_COMMON_BLOCKS = YES;
				GCC_WARN_64_TO_32_BIT_CONVERSION = YES;
				GCC_WARN_ABOUT_RETURN_TYPE = YES_ERROR;
				GCC_WARN_UNDECLARED_SELECTOR = YES;
				GCC_WARN_UNINITIALIZED_AUTOS = YES_AGGRESSIVE;
				GCC_WARN_UNUSED_FUNCTION = YES;
				GCC_WARN_UNUSED_VARIABLE = YES;
				MACOSX_DEPLOYMENT_TARGET = 15.0;
				MTL_ENABLE_DEBUG_INFO = NO;
				MTL_FAST_MATH = YES;
				PRODUCT_NAME = "$(TARGET_NAME)";
				SDKROOT = macosx;
				SWIFT_COMPILATION_MODE = wholemodule;
				SWIFT_OPTIMIZATION_LEVEL = "-O";
				SWIFT_STRICT_CONCURRENCY = complete;
				SWIFT_VERSION = 6.0;
			};
			name = Release;
		};
		D5576310331547B8CDB5D521 /* Debug */ = {
			isa = XCBuildConfiguration;
			buildSettings = {
				CODE_SIGN_IDENTITY = "";
				COMBINE_HIDPI_IMAGES = YES;
				CURRENT_PROJECT_VERSION = 1;
				DEFINES_MODULE = YES;
				DYLIB_COMPATIBILITY_VERSION = 1;
				DYLIB_CURRENT_VERSION = 1;
				DYLIB_INSTALL_NAME_BASE = "@rpath";
				GENERATE_INFOPLIST_FILE = YES;
				INSTALL_PATH = "$(LOCAL_LIBRARY_DIR)/Frameworks";
				LD_RUNPATH_SEARCH_PATHS = (
					"$(inherited)",
					"@executable_path/../Frameworks",
				);
				PRODUCT_BUNDLE_IDENTIFIER = org.launchpane.DisplayCore;
				SDKROOT = macosx;
				SKIP_INSTALL = YES;
				VERSIONING_SYSTEM = "apple-generic";
			};
			name = Debug;
		};
/* End XCBuildConfiguration section */

/* Begin XCConfigurationList section */
		1D1A207C8513D8D191F4CF7F /* Build configuration list for PBXNativeTarget "DisplayCoreTests" */ = {
			isa = XCConfigurationList;
			buildConfigurations = (
				79B0FC9E48119DE8B43F9BA6 /* Debug */,
				CBE0ECCD993003489FF135CA /* Release */,
			);
			defaultConfigurationIsVisible = 0;
			defaultConfigurationName = Debug;
		};
		3854C5987B8C08AF5334DAE8 /* Build configuration list for PBXNativeTarget "AppCoreTests" */ = {
			isa = XCConfigurationList;
			buildConfigurations = (
				C7F5B2654F3E2F6D4CC845EF /* Debug */,
				6E3503834816BEB5DE9FBA67 /* Release */,
			);
			defaultConfigurationIsVisible = 0;
			defaultConfigurationName = Debug;
		};
		54C024191194091C6C4B4176 /* Build configuration list for PBXNativeTarget "DisplayCore" */ = {
			isa = XCConfigurationList;
			buildConfigurations = (
				D5576310331547B8CDB5D521 /* Debug */,
				2C3DAA0F26379AED83CB8FEE /* Release */,
			);
			defaultConfigurationIsVisible = 0;
			defaultConfigurationName = Debug;
		};
		557DCF37129EF6A7E9F91E8D /* Build configuration list for PBXNativeTarget "LayoutCore" */ = {
			isa = XCConfigurationList;
			buildConfigurations = (
				667DBB0F395B0AA486DDCA16 /* Debug */,
				AE760D5D14DE5F24CA751195 /* Release */,
			);
			defaultConfigurationIsVisible = 0;
			defaultConfigurationName = Debug;
		};
		6401C867D69EF0252E593EEF /* Build configuration list for PBXNativeTarget "LaunchPane" */ = {
			isa = XCConfigurationList;
			buildConfigurations = (
				3CA4EE2E780A9FCD4A28F955 /* Debug */,
				C6A0B93E9339E57B05A12D39 /* Release */,
			);
			defaultConfigurationIsVisible = 0;
			defaultConfigurationName = Debug;
		};
		A75FCFD59B95F67FCA5B79AC /* Build configuration list for PBXNativeTarget "LayoutCoreTests" */ = {
			isa = XCConfigurationList;
			buildConfigurations = (
				90841C975C64BB95E3B4905F /* Debug */,
				876EB32EB7C685CF699F64A7 /* Release */,
			);
			defaultConfigurationIsVisible = 0;
			defaultConfigurationName = Debug;
		};
		A9C0348D20A4874C9B46308C /* Build configuration list for PBXNativeTarget "AppCore" */ = {
			isa = XCConfigurationList;
			buildConfigurations = (
				A27B2E0D1E2E0EC521CA9EC9 /* Debug */,
				24AE3EA02BA834951B879925 /* Release */,
			);
			defaultConfigurationIsVisible = 0;
			defaultConfigurationName = Debug;
		};
		E41409DEFD13B5EF84BD70B3 /* Build configuration list for PBXProject "LaunchPane" */ = {
			isa = XCConfigurationList;
			buildConfigurations = (
				4440AF7B9FDB7E298D01527E /* Debug */,
				D388E7C22C61AA175336173B /* Release */,
			);
			defaultConfigurationIsVisible = 0;
			defaultConfigurationName = Debug;
		};
		F13F22478401ABE049BD2E52 /* Build configuration list for PBXNativeTarget "LaunchPaneAgent" */ = {
			isa = XCConfigurationList;
			buildConfigurations = (
				6FCB0741C2A656AFBA9F4E13 /* Debug */,
				1A514BCFF5CB9C1207734DA6 /* Release */,
			);
			defaultConfigurationIsVisible = 0;
			defaultConfigurationName = Debug;
		};
/* End XCConfigurationList section */
	};
	rootObject = 2ABD302EA6B60C771A2E30A3 /* Project object */;
}
